
Microsoft Visual Studio Solution File, Format Version 12.00
# Visual Studio Version 16
VisualStudioVersion = 16.0.30509.190
MinimumVisualStudioVersion = 10.0.40219.1
Project("{2150E333-8FDC-42A3-9474-1A3956D46DE8}") = "src", "src", "{3EEC22A8-7E7E-40CA-8A1D-2E85C424BDF7}"
EndProject
Project("{2150E333-8FDC-42A3-9474-1A3956D46DE8}") = "samples", "samples", "{46FB59D7-5BDD-41A6-A37C-01F9A0D99928}"
EndProject
Project("{9A19103F-16F7-4668-BE54-9A1E7A4F7556}") = "DotVVM.Tracing.ApplicationInsights", "src\DotVVM.Tracing.ApplicationInsights\DotVVM.Tracing.ApplicationInsights.csproj", "{2DB243A5-B80B-4BB8-B662-E5CA24130FF0}"
EndProject
Project("{9A19103F-16F7-4668-BE54-9A1E7A4F7556}") = "DotVVM.Tracing.ApplicationInsights.AspNetCore", "src\DotVVM.Tracing.ApplicationInsights.AspNetCore\DotVVM.Tracing.ApplicationInsights.AspNetCore.csproj", "{C5A5F260-6025-409F-AF8B-7FCB7E84D0FD}"
EndProject
Project("{9A19103F-16F7-4668-BE54-9A1E7A4F7556}") = "DotVVM.Tracing.ApplicationInsights.Owin", "src\DotVVM.Tracing.ApplicationInsights.Owin\DotVVM.Tracing.ApplicationInsights.Owin.csproj", "{FEE92F27-A522-49DE-B962-102D553BE0C1}"
EndProject
Project("{9A19103F-16F7-4668-BE54-9A1E7A4F7556}") = "DotVVM.Tracing.MiniProfiler.AspNetCore", "src\DotVVM.Tracing.MiniProfiler.AspNetCore\DotVVM.Tracing.MiniProfiler.AspNetCore.csproj", "{F17C971A-6BB4-4FC7-95F8-617256E08575}"
EndProject
Project("{9A19103F-16F7-4668-BE54-9A1E7A4F7556}") = "DotVVM.Tracing.MiniProfiler.Owin", "src\DotVVM.Tracing.MiniProfiler.Owin\DotVVM.Tracing.MiniProfiler.Owin.csproj", "{A1CE25DD-997B-41A3-96D2-31BC8A46BE25}"
EndProject
Project("{FAE04EC0-301F-11D3-BF4B-00C04F79EFBC}") = "DotVVM.Samples.ApplicationInsights.Owin", "samples\DotVVM.Samples.ApplicationInsights.Owin\DotVVM.Samples.ApplicationInsights.Owin.csproj", "{85617AC0-D0A5-40B8-8C81-4B13877E7837}"
EndProject
Project("{9A19103F-16F7-4668-BE54-9A1E7A4F7556}") = "DotVVM.Samples.MiniProfiler.AspNetCore", "samples\DotVVM.Samples.MiniProfiler.AspNetCore\DotVVM.Samples.MiniProfiler.AspNetCore.csproj", "{4CB99801-1904-434E-8177-822712945682}"
EndProject
Project("{FAE04EC0-301F-11D3-BF4B-00C04F79EFBC}") = "DotVVM.Samples.MiniProfiler.Owin", "samples\DotVVM.Samples.MiniProfiler.Owin\DotVVM.Samples.MiniProfiler.Owin.csproj", "{24B04C26-27FB-423A-813D-662B5176F836}"
EndProject
Project("{9A19103F-16F7-4668-BE54-9A1E7A4F7556}") = "DotVVM.Samples.ApplicationInsights.AspNetCore", "samples\DotVVM.Samples.ApplicationInsights.AspNetCore\DotVVM.Samples.ApplicationInsights.AspNetCore.csproj", "{A131A581-E190-444E-AF7A-784A041B972D}"
EndProject
Project("{D954291E-2A0B-460D-934E-DC6B0785DB48}") = "DotVVM.Tracing.MiniProfiler.Shared", "src\DotVVM.Tracing.MiniProfiler.Shared\DotVVM.Tracing.MiniProfiler.Shared.shproj", "{407D8620-72C2-454C-945D-840130D80D0B}"
EndProject
Project("{FAE04EC0-301F-11D3-BF4B-00C04F79EFBC}") = "DotVVM.Tracing.MiniProfiler.Tests", "src\DotVVM.Tracing.MiniProfiler.Tests\DotVVM.Tracing.MiniProfiler.Tests\DotVVM.Tracing.MiniProfiler.Tests.csproj", "{269134A7-D0E7-4659-BC40-674D70440D29}"
EndProject
Global
	GlobalSection(SharedMSBuildProjectFiles) = preSolution
		src\DotVVM.Tracing.MiniProfiler.Shared\DotVVM.Tracing.MiniProfiler.Shared.projitems*{407d8620-72c2-454c-945d-840130d80d0b}*SharedItemsImports = 13
		src\DotVVM.Tracing.MiniProfiler.Shared\DotVVM.Tracing.MiniProfiler.Shared.projitems*{a1ce25dd-997b-41a3-96d2-31bc8a46be25}*SharedItemsImports = 5
		src\DotVVM.Tracing.MiniProfiler.Shared\DotVVM.Tracing.MiniProfiler.Shared.projitems*{f17c971a-6bb4-4fc7-95f8-617256e08575}*SharedItemsImports = 5
	EndGlobalSection
	GlobalSection(SolutionConfigurationPlatforms) = preSolution
		Debug|Any CPU = Debug|Any CPU
		Release|Any CPU = Release|Any CPU
	EndGlobalSection
	GlobalSection(ProjectConfigurationPlatforms) = postSolution
		{2DB243A5-B80B-4BB8-B662-E5CA24130FF0}.Debug|Any CPU.ActiveCfg = Debug|Any CPU
		{2DB243A5-B80B-4BB8-B662-E5CA24130FF0}.Debug|Any CPU.Build.0 = Debug|Any CPU
		{2DB243A5-B80B-4BB8-B662-E5CA24130FF0}.Release|Any CPU.ActiveCfg = Release|Any CPU
		{2DB243A5-B80B-4BB8-B662-E5CA24130FF0}.Release|Any CPU.Build.0 = Release|Any CPU
		{C5A5F260-6025-409F-AF8B-7FCB7E84D0FD}.Debug|Any CPU.ActiveCfg = Debug|Any CPU
		{C5A5F260-6025-409F-AF8B-7FCB7E84D0FD}.Debug|Any CPU.Build.0 = Debug|Any CPU
		{C5A5F260-6025-409F-AF8B-7FCB7E84D0FD}.Release|Any CPU.ActiveCfg = Release|Any CPU
		{C5A5F260-6025-409F-AF8B-7FCB7E84D0FD}.Release|Any CPU.Build.0 = Release|Any CPU
		{FEE92F27-A522-49DE-B962-102D553BE0C1}.Debug|Any CPU.ActiveCfg = Debug|Any CPU
		{FEE92F27-A522-49DE-B962-102D553BE0C1}.Debug|Any CPU.Build.0 = Debug|Any CPU
		{FEE92F27-A522-49DE-B962-102D553BE0C1}.Release|Any CPU.ActiveCfg = Release|Any CPU
		{FEE92F27-A522-49DE-B962-102D553BE0C1}.Release|Any CPU.Build.0 = Release|Any CPU
		{F17C971A-6BB4-4FC7-95F8-617256E08575}.Debug|Any CPU.ActiveCfg = Debug|Any CPU
		{F17C971A-6BB4-4FC7-95F8-617256E08575}.Debug|Any CPU.Build.0 = Debug|Any CPU
		{F17C971A-6BB4-4FC7-95F8-617256E08575}.Release|Any CPU.ActiveCfg = Release|Any CPU
		{F17C971A-6BB4-4FC7-95F8-617256E08575}.Release|Any CPU.Build.0 = Release|Any CPU
		{A1CE25DD-997B-41A3-96D2-31BC8A46BE25}.Debug|Any CPU.ActiveCfg = Debug|Any CPU
		{A1CE25DD-997B-41A3-96D2-31BC8A46BE25}.Debug|Any CPU.Build.0 = Debug|Any CPU
		{A1CE25DD-997B-41A3-96D2-31BC8A46BE25}.Release|Any CPU.ActiveCfg = Release|Any CPU
		{A1CE25DD-997B-41A3-96D2-31BC8A46BE25}.Release|Any CPU.Build.0 = Release|Any CPU
		{85617AC0-D0A5-40B8-8C81-4B13877E7837}.Debug|Any CPU.ActiveCfg = Debug|Any CPU
		{85617AC0-D0A5-40B8-8C81-4B13877E7837}.Debug|Any CPU.Build.0 = Debug|Any CPU
		{85617AC0-D0A5-40B8-8C81-4B13877E7837}.Release|Any CPU.ActiveCfg = Release|Any CPU
		{85617AC0-D0A5-40B8-8C81-4B13877E7837}.Release|Any CPU.Build.0 = Release|Any CPU
		{4CB99801-1904-434E-8177-822712945682}.Debug|Any CPU.ActiveCfg = Debug|Any CPU
		{4CB99801-1904-434E-8177-822712945682}.Debug|Any CPU.Build.0 = Debug|Any CPU
		{4CB99801-1904-434E-8177-822712945682}.Release|Any CPU.ActiveCfg = Release|Any CPU
		{4CB99801-1904-434E-8177-822712945682}.Release|Any CPU.Build.0 = Release|Any CPU
		{24B04C26-27FB-423A-813D-662B5176F836}.Debug|Any CPU.ActiveCfg = Debug|Any CPU
		{24B04C26-27FB-423A-813D-662B5176F836}.Debug|Any CPU.Build.0 = Debug|Any CPU
		{24B04C26-27FB-423A-813D-662B5176F836}.Release|Any CPU.ActiveCfg = Release|Any CPU
		{24B04C26-27FB-423A-813D-662B5176F836}.Release|Any CPU.Build.0 = Release|Any CPU
		{A131A581-E190-444E-AF7A-784A041B972D}.Debug|Any CPU.ActiveCfg = Debug|Any CPU
		{A131A581-E190-444E-AF7A-784A041B972D}.Debug|Any CPU.Build.0 = Debug|Any CPU
		{A131A581-E190-444E-AF7A-784A041B972D}.Release|Any CPU.ActiveCfg = Release|Any CPU
		{A131A581-E190-444E-AF7A-784A041B972D}.Release|Any CPU.Build.0 = Release|Any CPU
		{269134A7-D0E7-4659-BC40-674D70440D29}.Debug|Any CPU.ActiveCfg = Debug|Any CPU
		{269134A7-D0E7-4659-BC40-674D70440D29}.Debug|Any CPU.Build.0 = Debug|Any CPU
		{269134A7-D0E7-4659-BC40-674D70440D29}.Release|Any CPU.ActiveCfg = Release|Any CPU
		{269134A7-D0E7-4659-BC40-674D70440D29}.Release|Any CPU.Build.0 = Release|Any CPU
	EndGlobalSection
	GlobalSection(SolutionProperties) = preSolution
		HideSolutionNode = FALSE
	EndGlobalSection
	GlobalSection(NestedProjects) = preSolution
		{2DB243A5-B80B-4BB8-B662-E5CA24130FF0} = {3EEC22A8-7E7E-40CA-8A1D-2E85C424BDF7}
		{C5A5F260-6025-409F-AF8B-7FCB7E84D0FD} = {3EEC22A8-7E7E-40CA-8A1D-2E85C424BDF7}
		{FEE92F27-A522-49DE-B962-102D553BE0C1} = {3EEC22A8-7E7E-40CA-8A1D-2E85C424BDF7}
		{F17C971A-6BB4-4FC7-95F8-617256E08575} = {3EEC22A8-7E7E-40CA-8A1D-2E85C424BDF7}
		{A1CE25DD-997B-41A3-96D2-31BC8A46BE25} = {3EEC22A8-7E7E-40CA-8A1D-2E85C424BDF7}
		{85617AC0-D0A5-40B8-8C81-4B13877E7837} = {46FB59D7-5BDD-41A6-A37C-01F9A0D99928}
		{4CB99801-1904-434E-8177-822712945682} = {46FB59D7-5BDD-41A6-A37C-01F9A0D99928}
		{24B04C26-27FB-423A-813D-662B5176F836} = {46FB59D7-5BDD-41A6-A37C-01F9A0D99928}
		{A131A581-E190-444E-AF7A-784A041B972D} = {46FB59D7-5BDD-41A6-A37C-01F9A0D99928}
	EndGlobalSection
	GlobalSection(ExtensibilityGlobals) = postSolution
		SolutionGuid = {89B4382C-D100-4547-91A7-F1C64F13DA77}
	EndGlobalSection
EndGlobal
