
Microsoft Visual Studio Solution File, Format Version 12.00
# Visual Studio 15
VisualStudioVersion = 15.0.27130.2036
MinimumVisualStudioVersion = 10.0.40219.1
Project("{9A19103F-16F7-4668-BE54-9A1E7A4F7556}") = "DotVVM.Diagnostics.StatusPage", "DotVVM.Diagnostics.StatusPage\DotVVM.Diagnostics.StatusPage.csproj", "{1C7A9914-8CDC-4075-9422-37BD0E51C076}"
EndProject
Project("{FAE04EC0-301F-11D3-BF4B-00C04F79EFBC}") = "DotVVM.Diagnostics.StatusPage.Sample", "DotVVM.Diagnostics.StatusPage.Sample\DotVVM.Diagnostics.StatusPage.Sample.csproj", "{226789A2-038A-496B-A28F-69B5D0B3BB20}"
EndProject
Global
	GlobalSection(SolutionConfigurationPlatforms) = preSolution
		Debug|AnyCPU = Debug|AnyCPU
		Release|AnyCPU = Release|AnyCPU
	EndGlobalSection
	GlobalSection(ProjectConfigurationPlatforms) = postSolution
		{1C7A9914-8CDC-4075-9422-37BD0E51C076}.Debug|AnyCPU.ActiveCfg = Debug|Any CPU
		{1C7A9914-8CDC-4075-9422-37BD0E51C076}.Debug|AnyCPU.Build.0 = Debug|Any CPU
		{1C7A9914-8CDC-4075-9422-37BD0E51C076}.Release|AnyCPU.ActiveCfg = Release|Any CPU
		{1C7A9914-8CDC-4075-9422-37BD0E51C076}.Release|AnyCPU.Build.0 = Release|Any CPU
		{226789A2-038A-496B-A28F-69B5D0B3BB20}.Debug|AnyCPU.ActiveCfg = Debug|Any CPU
		{226789A2-038A-496B-A28F-69B5D0B3BB20}.Debug|AnyCPU.Build.0 = Debug|Any CPU
		{226789A2-038A-496B-A28F-69B5D0B3BB20}.Release|AnyCPU.ActiveCfg = Release|Any CPU
		{226789A2-038A-496B-A28F-69B5D0B3BB20}.Release|AnyCPU.Build.0 = Release|Any CPU
	EndGlobalSection
	GlobalSection(SolutionProperties) = preSolution
		HideSolutionNode = FALSE
	EndGlobalSection
	GlobalSection(ExtensibilityGlobals) = postSolution
		SolutionGuid = {F532692C-45E8-45AD-BE00-657AD3F2EFF4}
	EndGlobalSection
EndGlobal
