
Microsoft Visual Studio Solution File, Format Version 12.00
# Visual Studio Version 16
VisualStudioVersion = 16.6.30114.105
MinimumVisualStudioVersion = 10.0.40219.1
Project("{9A19103F-16F7-4668-BE54-9A1E7A4F7556}") = "DotVVM.Core", "..\..\src\DotVVM.Core\DotVVM.Core.csproj", "{AC29851A-CD08-4314-B06E-627B76216CC6}"
EndProject
Project("{9A19103F-16F7-4668-BE54-9A1E7A4F7556}") = "DotVVM.Framework", "..\..\src\DotVVM.Framework\DotVVM.Framework.csproj", "{5BE1C047-AAE1-4ECB-B2FA-7836CB374C54}"
EndProject
Project("{9A19103F-16F7-4668-BE54-9A1E7A4F7556}") = "DotVVM.Framework.Hosting.Owin", "..\..\src\DotVVM.Framework.Hosting.Owin\DotVVM.Framework.Hosting.Owin.csproj", "{24A484DF-F910-4E97-B17D-5A58D586256A}"
EndProject
Project("{9A19103F-16F7-4668-BE54-9A1E7A4F7556}") = "DotVVM.Samples.BasicSamples.Api.Common", "..\..\src\DotVVM.Samples.BasicSamples.Api.Common\DotVVM.Samples.BasicSamples.Api.Common.csproj", "{F66E6B33-1B31-47A9-8F9F-540F47DA3327}"
EndProject
Project("{FAE04EC0-301F-11D3-BF4B-00C04F79EFBC}") = "DotVVM.Samples.BasicSamples.Api.Owin", "..\..\src\DotVVM.Samples.BasicSamples.Api.Owin\DotVVM.Samples.BasicSamples.Api.Owin.csproj", "{5B5B07E7-BC20-4168-BE55-CF9414575D47}"
EndProject
Project("{9A19103F-16F7-4668-BE54-9A1E7A4F7556}") = "DotVVM.Samples.Common", "..\..\src\DotVVM.Samples.Common\DotVVM.Samples.Common.csproj", "{F71D638B-D258-40BE-8861-213A5E5CACCC}"
EndProject
Project("{FAE04EC0-301F-11D3-BF4B-00C04F79EFBC}") = "DotVVM.Samples.BasicSamples.Owin", "..\..\src\DotVVM.Samples.BasicSamples.Owin\DotVVM.Samples.BasicSamples.Owin.csproj", "{1C7A9914-8CDC-4075-9422-37BD0E51C076}"
EndProject
Project("{9A19103F-16F7-4668-BE54-9A1E7A4F7556}") = "EmbeddedResourceControls", "..\..\src\EmbeddedResourceControls\EmbeddedResourceControls.csproj", "{5E5BD33D-024A-4D20-A0CB-9551818ACF91}"
EndProject
Project("{FAE04EC0-301F-11D3-BF4B-00C04F79EFBC}") = "DotVVM.Framework.Tests", "..\..\src\DotVVM.Framework.Tests\DotVVM.Framework.Tests.csproj", "{3CFCFABD-72F9-4E8F-8F36-886815FCA76E}"
EndProject
Project("{FAE04EC0-301F-11D3-BF4B-00C04F79EFBC}") = "DotVVM.Testing.Abstractions", "..\..\src\DotVVM.Testing.Abstractions\DotVVM.Testing.Abstractions.csproj", "{7442ED9B-BFF3-4CCB-A304-3196678A2A7E}"
EndProject
Project("{FAE04EC0-301F-11D3-BF4B-00C04F79EFBC}") = "DotVVM.Samples.Tests", "..\..\src\DotVVM.Samples.Tests\DotVVM.Samples.Tests.csproj", "{667A7061-9EED-4C4F-A716-BF1B6D62357E}"
EndProject
Global
	GlobalSection(SolutionConfigurationPlatforms) = preSolution
		Debug|Any CPU = Debug|Any CPU
		Debug|x64 = Debug|x64
		Debug|x86 = Debug|x86
		Release|Any CPU = Release|Any CPU
		Release|x64 = Release|x64
		Release|x86 = Release|x86
	EndGlobalSection
	GlobalSection(ProjectConfigurationPlatforms) = postSolution
		{AC29851A-CD08-4314-B06E-627B76216CC6}.Debug|Any CPU.ActiveCfg = Debug|Any CPU
		{AC29851A-CD08-4314-B06E-627B76216CC6}.Debug|Any CPU.Build.0 = Debug|Any CPU
		{AC29851A-CD08-4314-B06E-627B76216CC6}.Debug|x64.ActiveCfg = Debug|Any CPU
		{AC29851A-CD08-4314-B06E-627B76216CC6}.Debug|x64.Build.0 = Debug|Any CPU
		{AC29851A-CD08-4314-B06E-627B76216CC6}.Debug|x86.ActiveCfg = Debug|Any CPU
		{AC29851A-CD08-4314-B06E-627B76216CC6}.Debug|x86.Build.0 = Debug|Any CPU
		{AC29851A-CD08-4314-B06E-627B76216CC6}.Release|Any CPU.ActiveCfg = Release|Any CPU
		{AC29851A-CD08-4314-B06E-627B76216CC6}.Release|Any CPU.Build.0 = Release|Any CPU
		{AC29851A-CD08-4314-B06E-627B76216CC6}.Release|x64.ActiveCfg = Release|Any CPU
		{AC29851A-CD08-4314-B06E-627B76216CC6}.Release|x64.Build.0 = Release|Any CPU
		{AC29851A-CD08-4314-B06E-627B76216CC6}.Release|x86.ActiveCfg = Release|Any CPU
		{AC29851A-CD08-4314-B06E-627B76216CC6}.Release|x86.Build.0 = Release|Any CPU
		{5BE1C047-AAE1-4ECB-B2FA-7836CB374C54}.Debug|Any CPU.ActiveCfg = Debug|Any CPU
		{5BE1C047-AAE1-4ECB-B2FA-7836CB374C54}.Debug|Any CPU.Build.0 = Debug|Any CPU
		{5BE1C047-AAE1-4ECB-B2FA-7836CB374C54}.Debug|x64.ActiveCfg = Debug|Any CPU
		{5BE1C047-AAE1-4ECB-B2FA-7836CB374C54}.Debug|x64.Build.0 = Debug|Any CPU
		{5BE1C047-AAE1-4ECB-B2FA-7836CB374C54}.Debug|x86.ActiveCfg = Debug|Any CPU
		{5BE1C047-AAE1-4ECB-B2FA-7836CB374C54}.Debug|x86.Build.0 = Debug|Any CPU
		{5BE1C047-AAE1-4ECB-B2FA-7836CB374C54}.Release|Any CPU.ActiveCfg = Release|Any CPU
		{5BE1C047-AAE1-4ECB-B2FA-7836CB374C54}.Release|Any CPU.Build.0 = Release|Any CPU
		{5BE1C047-AAE1-4ECB-B2FA-7836CB374C54}.Release|x64.ActiveCfg = Release|Any CPU
		{5BE1C047-AAE1-4ECB-B2FA-7836CB374C54}.Release|x64.Build.0 = Release|Any CPU
		{5BE1C047-AAE1-4ECB-B2FA-7836CB374C54}.Release|x86.ActiveCfg = Release|Any CPU
		{5BE1C047-AAE1-4ECB-B2FA-7836CB374C54}.Release|x86.Build.0 = Release|Any CPU
		{24A484DF-F910-4E97-B17D-5A58D586256A}.Debug|Any CPU.ActiveCfg = Debug|Any CPU
		{24A484DF-F910-4E97-B17D-5A58D586256A}.Debug|Any CPU.Build.0 = Debug|Any CPU
		{24A484DF-F910-4E97-B17D-5A58D586256A}.Debug|x64.ActiveCfg = Debug|Any CPU
		{24A484DF-F910-4E97-B17D-5A58D586256A}.Debug|x64.Build.0 = Debug|Any CPU
		{24A484DF-F910-4E97-B17D-5A58D586256A}.Debug|x86.ActiveCfg = Debug|Any CPU
		{24A484DF-F910-4E97-B17D-5A58D586256A}.Debug|x86.Build.0 = Debug|Any CPU
		{24A484DF-F910-4E97-B17D-5A58D586256A}.Release|Any CPU.ActiveCfg = Release|Any CPU
		{24A484DF-F910-4E97-B17D-5A58D586256A}.Release|Any CPU.Build.0 = Release|Any CPU
		{24A484DF-F910-4E97-B17D-5A58D586256A}.Release|x64.ActiveCfg = Release|Any CPU
		{24A484DF-F910-4E97-B17D-5A58D586256A}.Release|x64.Build.0 = Release|Any CPU
		{24A484DF-F910-4E97-B17D-5A58D586256A}.Release|x86.ActiveCfg = Release|Any CPU
		{24A484DF-F910-4E97-B17D-5A58D586256A}.Release|x86.Build.0 = Release|Any CPU
		{F66E6B33-1B31-47A9-8F9F-540F47DA3327}.Debug|Any CPU.ActiveCfg = Debug|Any CPU
		{F66E6B33-1B31-47A9-8F9F-540F47DA3327}.Debug|Any CPU.Build.0 = Debug|Any CPU
		{F66E6B33-1B31-47A9-8F9F-540F47DA3327}.Debug|x64.ActiveCfg = Debug|Any CPU
		{F66E6B33-1B31-47A9-8F9F-540F47DA3327}.Debug|x64.Build.0 = Debug|Any CPU
		{F66E6B33-1B31-47A9-8F9F-540F47DA3327}.Debug|x86.ActiveCfg = Debug|Any CPU
		{F66E6B33-1B31-47A9-8F9F-540F47DA3327}.Debug|x86.Build.0 = Debug|Any CPU
		{F66E6B33-1B31-47A9-8F9F-540F47DA3327}.Release|Any CPU.ActiveCfg = Release|Any CPU
		{F66E6B33-1B31-47A9-8F9F-540F47DA3327}.Release|Any CPU.Build.0 = Release|Any CPU
		{F66E6B33-1B31-47A9-8F9F-540F47DA3327}.Release|x64.ActiveCfg = Release|Any CPU
		{F66E6B33-1B31-47A9-8F9F-540F47DA3327}.Release|x64.Build.0 = Release|Any CPU
		{F66E6B33-1B31-47A9-8F9F-540F47DA3327}.Release|x86.ActiveCfg = Release|Any CPU
		{F66E6B33-1B31-47A9-8F9F-540F47DA3327}.Release|x86.Build.0 = Release|Any CPU
		{5B5B07E7-BC20-4168-BE55-CF9414575D47}.Debug|Any CPU.ActiveCfg = Debug|Any CPU
		{5B5B07E7-BC20-4168-BE55-CF9414575D47}.Debug|Any CPU.Build.0 = Debug|Any CPU
		{5B5B07E7-BC20-4168-BE55-CF9414575D47}.Debug|x64.ActiveCfg = Debug|Any CPU
		{5B5B07E7-BC20-4168-BE55-CF9414575D47}.Debug|x64.Build.0 = Debug|Any CPU
		{5B5B07E7-BC20-4168-BE55-CF9414575D47}.Debug|x86.ActiveCfg = Debug|Any CPU
		{5B5B07E7-BC20-4168-BE55-CF9414575D47}.Debug|x86.Build.0 = Debug|Any CPU
		{5B5B07E7-BC20-4168-BE55-CF9414575D47}.Release|Any CPU.ActiveCfg = Release|Any CPU
		{5B5B07E7-BC20-4168-BE55-CF9414575D47}.Release|Any CPU.Build.0 = Release|Any CPU
		{5B5B07E7-BC20-4168-BE55-CF9414575D47}.Release|x64.ActiveCfg = Release|Any CPU
		{5B5B07E7-BC20-4168-BE55-CF9414575D47}.Release|x64.Build.0 = Release|Any CPU
		{5B5B07E7-BC20-4168-BE55-CF9414575D47}.Release|x86.ActiveCfg = Release|Any CPU
		{5B5B07E7-BC20-4168-BE55-CF9414575D47}.Release|x86.Build.0 = Release|Any CPU
		{F71D638B-D258-40BE-8861-213A5E5CACCC}.Debug|Any CPU.ActiveCfg = Debug|Any CPU
		{F71D638B-D258-40BE-8861-213A5E5CACCC}.Debug|Any CPU.Build.0 = Debug|Any CPU
		{F71D638B-D258-40BE-8861-213A5E5CACCC}.Debug|x64.ActiveCfg = Debug|Any CPU
		{F71D638B-D258-40BE-8861-213A5E5CACCC}.Debug|x64.Build.0 = Debug|Any CPU
		{F71D638B-D258-40BE-8861-213A5E5CACCC}.Debug|x86.ActiveCfg = Debug|Any CPU
		{F71D638B-D258-40BE-8861-213A5E5CACCC}.Debug|x86.Build.0 = Debug|Any CPU
		{F71D638B-D258-40BE-8861-213A5E5CACCC}.Release|Any CPU.ActiveCfg = Release|Any CPU
		{F71D638B-D258-40BE-8861-213A5E5CACCC}.Release|Any CPU.Build.0 = Release|Any CPU
		{F71D638B-D258-40BE-8861-213A5E5CACCC}.Release|x64.ActiveCfg = Release|Any CPU
		{F71D638B-D258-40BE-8861-213A5E5CACCC}.Release|x64.Build.0 = Release|Any CPU
		{F71D638B-D258-40BE-8861-213A5E5CACCC}.Release|x86.ActiveCfg = Release|Any CPU
		{F71D638B-D258-40BE-8861-213A5E5CACCC}.Release|x86.Build.0 = Release|Any CPU
		{1C7A9914-8CDC-4075-9422-37BD0E51C076}.Debug|Any CPU.ActiveCfg = Debug|Any CPU
		{1C7A9914-8CDC-4075-9422-37BD0E51C076}.Debug|Any CPU.Build.0 = Debug|Any CPU
		{1C7A9914-8CDC-4075-9422-37BD0E51C076}.Debug|x64.ActiveCfg = Debug|Any CPU
		{1C7A9914-8CDC-4075-9422-37BD0E51C076}.Debug|x64.Build.0 = Debug|Any CPU
		{1C7A9914-8CDC-4075-9422-37BD0E51C076}.Debug|x86.ActiveCfg = Debug|Any CPU
		{1C7A9914-8CDC-4075-9422-37BD0E51C076}.Debug|x86.Build.0 = Debug|Any CPU
		{1C7A9914-8CDC-4075-9422-37BD0E51C076}.Release|Any CPU.ActiveCfg = Release|Any CPU
		{1C7A9914-8CDC-4075-9422-37BD0E51C076}.Release|Any CPU.Build.0 = Release|Any CPU
		{1C7A9914-8CDC-4075-9422-37BD0E51C076}.Release|x64.ActiveCfg = Release|Any CPU
		{1C7A9914-8CDC-4075-9422-37BD0E51C076}.Release|x64.Build.0 = Release|Any CPU
		{1C7A9914-8CDC-4075-9422-37BD0E51C076}.Release|x86.ActiveCfg = Release|Any CPU
		{1C7A9914-8CDC-4075-9422-37BD0E51C076}.Release|x86.Build.0 = Release|Any CPU
		{5E5BD33D-024A-4D20-A0CB-9551818ACF91}.Debug|Any CPU.ActiveCfg = Debug|Any CPU
		{5E5BD33D-024A-4D20-A0CB-9551818ACF91}.Debug|Any CPU.Build.0 = Debug|Any CPU
		{5E5BD33D-024A-4D20-A0CB-9551818ACF91}.Debug|x64.ActiveCfg = Debug|Any CPU
		{5E5BD33D-024A-4D20-A0CB-9551818ACF91}.Debug|x64.Build.0 = Debug|Any CPU
		{5E5BD33D-024A-4D20-A0CB-9551818ACF91}.Debug|x86.ActiveCfg = Debug|Any CPU
		{5E5BD33D-024A-4D20-A0CB-9551818ACF91}.Debug|x86.Build.0 = Debug|Any CPU
		{5E5BD33D-024A-4D20-A0CB-9551818ACF91}.Release|Any CPU.ActiveCfg = Release|Any CPU
		{5E5BD33D-024A-4D20-A0CB-9551818ACF91}.Release|Any CPU.Build.0 = Release|Any CPU
		{5E5BD33D-024A-4D20-A0CB-9551818ACF91}.Release|x64.ActiveCfg = Release|Any CPU
		{5E5BD33D-024A-4D20-A0CB-9551818ACF91}.Release|x64.Build.0 = Release|Any CPU
		{5E5BD33D-024A-4D20-A0CB-9551818ACF91}.Release|x86.ActiveCfg = Release|Any CPU
		{5E5BD33D-024A-4D20-A0CB-9551818ACF91}.Release|x86.Build.0 = Release|Any CPU
		{3CFCFABD-72F9-4E8F-8F36-886815FCA76E}.Debug|Any CPU.ActiveCfg = Debug|Any CPU
		{3CFCFABD-72F9-4E8F-8F36-886815FCA76E}.Debug|Any CPU.Build.0 = Debug|Any CPU
		{3CFCFABD-72F9-4E8F-8F36-886815FCA76E}.Debug|x64.ActiveCfg = Debug|Any CPU
		{3CFCFABD-72F9-4E8F-8F36-886815FCA76E}.Debug|x64.Build.0 = Debug|Any CPU
		{3CFCFABD-72F9-4E8F-8F36-886815FCA76E}.Debug|x86.ActiveCfg = Debug|Any CPU
		{3CFCFABD-72F9-4E8F-8F36-886815FCA76E}.Debug|x86.Build.0 = Debug|Any CPU
		{3CFCFABD-72F9-4E8F-8F36-886815FCA76E}.Release|Any CPU.ActiveCfg = Release|Any CPU
		{3CFCFABD-72F9-4E8F-8F36-886815FCA76E}.Release|Any CPU.Build.0 = Release|Any CPU
		{3CFCFABD-72F9-4E8F-8F36-886815FCA76E}.Release|x64.ActiveCfg = Release|Any CPU
		{3CFCFABD-72F9-4E8F-8F36-886815FCA76E}.Release|x64.Build.0 = Release|Any CPU
		{3CFCFABD-72F9-4E8F-8F36-886815FCA76E}.Release|x86.ActiveCfg = Release|Any CPU
		{3CFCFABD-72F9-4E8F-8F36-886815FCA76E}.Release|x86.Build.0 = Release|Any CPU
		{7442ED9B-BFF3-4CCB-A304-3196678A2A7E}.Debug|Any CPU.ActiveCfg = Debug|Any CPU
		{7442ED9B-BFF3-4CCB-A304-3196678A2A7E}.Debug|Any CPU.Build.0 = Debug|Any CPU
		{7442ED9B-BFF3-4CCB-A304-3196678A2A7E}.Debug|x64.ActiveCfg = Debug|Any CPU
		{7442ED9B-BFF3-4CCB-A304-3196678A2A7E}.Debug|x64.Build.0 = Debug|Any CPU
		{7442ED9B-BFF3-4CCB-A304-3196678A2A7E}.Debug|x86.ActiveCfg = Debug|Any CPU
		{7442ED9B-BFF3-4CCB-A304-3196678A2A7E}.Debug|x86.Build.0 = Debug|Any CPU
		{7442ED9B-BFF3-4CCB-A304-3196678A2A7E}.Release|Any CPU.ActiveCfg = Release|Any CPU
		{7442ED9B-BFF3-4CCB-A304-3196678A2A7E}.Release|Any CPU.Build.0 = Release|Any CPU
		{7442ED9B-BFF3-4CCB-A304-3196678A2A7E}.Release|x64.ActiveCfg = Release|Any CPU
		{7442ED9B-BFF3-4CCB-A304-3196678A2A7E}.Release|x64.Build.0 = Release|Any CPU
		{7442ED9B-BFF3-4CCB-A304-3196678A2A7E}.Release|x86.ActiveCfg = Release|Any CPU
		{7442ED9B-BFF3-4CCB-A304-3196678A2A7E}.Release|x86.Build.0 = Release|Any CPU
		{667A7061-9EED-4C4F-A716-BF1B6D62357E}.Debug|Any CPU.ActiveCfg = Debug|Any CPU
		{667A7061-9EED-4C4F-A716-BF1B6D62357E}.Debug|Any CPU.Build.0 = Debug|Any CPU
		{667A7061-9EED-4C4F-A716-BF1B6D62357E}.Debug|x64.ActiveCfg = Debug|Any CPU
		{667A7061-9EED-4C4F-A716-BF1B6D62357E}.Debug|x64.Build.0 = Debug|Any CPU
		{667A7061-9EED-4C4F-A716-BF1B6D62357E}.Debug|x86.ActiveCfg = Debug|Any CPU
		{667A7061-9EED-4C4F-A716-BF1B6D62357E}.Debug|x86.Build.0 = Debug|Any CPU
		{667A7061-9EED-4C4F-A716-BF1B6D62357E}.Release|Any CPU.ActiveCfg = Release|Any CPU
		{667A7061-9EED-4C4F-A716-BF1B6D62357E}.Release|Any CPU.Build.0 = Release|Any CPU
		{667A7061-9EED-4C4F-A716-BF1B6D62357E}.Release|x64.ActiveCfg = Release|Any CPU
		{667A7061-9EED-4C4F-A716-BF1B6D62357E}.Release|x64.Build.0 = Release|Any CPU
		{667A7061-9EED-4C4F-A716-BF1B6D62357E}.Release|x86.ActiveCfg = Release|Any CPU
		{667A7061-9EED-4C4F-A716-BF1B6D62357E}.Release|x86.Build.0 = Release|Any CPU
	EndGlobalSection
	GlobalSection(SolutionProperties) = preSolution
		HideSolutionNode = FALSE
	EndGlobalSection
	GlobalSection(ExtensibilityGlobals) = postSolution
		SolutionGuid = {87AE426E-11ED-4CD9-975E-828F5346058F}
	EndGlobalSection
EndGlobal
