# This file is generated by running "yarn install" inside your project.
# Manual changes might be lost - proceed with caution!

__metadata:
  version: 6
  cacheKey: 8

"@ampproject/remapping@npm:^2.3.0":
  version: 2.3.0
  resolution: "@ampproject/remapping@npm:2.3.0"
  dependencies:
    "@jridgewell/gen-mapping": ^0.3.5
    "@jridgewell/trace-mapping": ^0.3.24
  checksum: d3ad7b89d973df059c4e8e6d7c972cbeb1bb2f18f002a3bd04ae0707da214cb06cc06929b65aa2313b9347463df2914772298bae8b1d7973f246bb3f2ab3e8f0
  languageName: node
  linkType: hard

"@isaacs/fs-minipass@npm:^4.0.0":
  version: 4.0.1
  resolution: "@isaacs/fs-minipass@npm:4.0.1"
  dependencies:
    minipass: ^7.0.4
  checksum: 5d36d289960e886484362d9eb6a51d1ea28baed5f5d0140bbe62b99bac52eaf06cc01c2bc0d3575977962f84f6b2c4387b043ee632216643d4787b0999465bf2
  languageName: node
  linkType: hard

"@jridgewell/gen-mapping@npm:^0.3.5":
  version: 0.3.12
  resolution: "@jridgewell/gen-mapping@npm:0.3.12"
  dependencies:
    "@jridgewell/sourcemap-codec": ^1.5.0
    "@jridgewell/trace-mapping": ^0.3.24
  checksum: 56ee1631945084897f274e65348afbaca7970ce92e3c23b3a23b2fe5d0d2f0c67614f0df0f2bb070e585e944bbaaf0c11cee3a36318ab8a36af46f2fd566bc40
  languageName: node
  linkType: hard

"@jridgewell/resolve-uri@npm:^3.1.0":
  version: 3.1.2
  resolution: "@jridgewell/resolve-uri@npm:3.1.2"
  checksum: 83b85f72c59d1c080b4cbec0fef84528963a1b5db34e4370fa4bd1e3ff64a0d80e0cee7369d11d73c704e0286fb2865b530acac7a871088fbe92b5edf1000870
  languageName: node
  linkType: hard

"@jridgewell/sourcemap-codec@npm:^1.4.14, @jridgewell/sourcemap-codec@npm:^1.4.15, @jridgewell/sourcemap-codec@npm:^1.5.0":
  version: 1.5.4
  resolution: "@jridgewell/sourcemap-codec@npm:1.5.4"
  checksum: 959093724bfbc7c1c9aadc08066154f5c1f2acc647b45bd59beec46922cbfc6a9eda4a2114656de5bc00bb3600e420ea9a4cb05e68dcf388619f573b77bd9f0c
  languageName: node
  linkType: hard

"@jridgewell/trace-mapping@npm:^0.3.24":
  version: 0.3.29
  resolution: "@jridgewell/trace-mapping@npm:0.3.29"
  dependencies:
    "@jridgewell/resolve-uri": ^3.1.0
    "@jridgewell/sourcemap-codec": ^1.4.14
  checksum: 5e92eeafa5131a4f6b7122063833d657f885cb581c812da54f705d7a599ff36a75a4a093a83b0f6c7e95642f5772dd94753f696915e8afea082237abf7423ca3
  languageName: node
  linkType: hard

"@reduxjs/toolkit@npm:^1.9.0 || 2.x.x":
  version: 2.12.0
  resolution: "@reduxjs/toolkit@npm:2.12.0"
  dependencies:
    "@standard-schema/spec": ^1.0.0
    "@standard-schema/utils": ^0.3.0
    immer: ^11.0.0
    redux: ^5.0.1
    redux-thunk: ^3.1.0
    reselect: ^5.1.0
  peerDependencies:
    react: ^16.9.0 || ^17.0.0 || ^18 || ^19
    react-redux: ^7.2.1 || ^8.1.3 || ^9.0.0
  peerDependenciesMeta:
    react:
      optional: true
    react-redux:
      optional: true
  checksum: 0fc6188b37399c1a40f8d5d7a30d8ddaef8c1bfc63b029fcee69f75d6b10a8000a4e7eedeefccfcd9f77170991b9d52855235b0ec7f8e95d55da2639d0e274a6
  languageName: node
  linkType: hard

"@rollup/plugin-commonjs@npm:28.0.6":
  version: 28.0.6
  resolution: "@rollup/plugin-commonjs@npm:28.0.6"
  dependencies:
    "@rollup/pluginutils": ^5.0.1
    commondir: ^1.0.1
    estree-walker: ^2.0.2
    fdir: ^6.2.0
    is-reference: 1.2.1
    magic-string: ^0.30.3
    picomatch: ^4.0.2
  peerDependencies:
    rollup: ^2.68.0||^3.0.0||^4.0.0
  peerDependenciesMeta:
    rollup:
      optional: true
  checksum: 613a1f487ffe3835a68e376b9ad0c0dcea39de31e19ea8817188701f715c1b26943d9648169c49c1942b5b1fef6603a59fa6ca5a37ad6213ca8011b1a11fcbc9
  languageName: node
  linkType: hard

"@rollup/plugin-node-resolve@npm:16.0.1":
  version: 16.0.1
  resolution: "@rollup/plugin-node-resolve@npm:16.0.1"
  dependencies:
    "@rollup/pluginutils": ^5.0.1
    "@types/resolve": 1.20.2
    deepmerge: ^4.2.2
    is-module: ^1.0.0
    resolve: ^1.22.1
  peerDependencies:
    rollup: ^2.78.0||^3.0.0||^4.0.0
  peerDependenciesMeta:
    rollup:
      optional: true
  checksum: 5606531bdeb81fedc240178c37775bfb6f8530d081ba95498d94be96b50f93b0a9aa09825e51615b6aef203dbf394157c1e4de7928a2667a6651a7be478e2ab8
  languageName: node
  linkType: hard

"@rollup/plugin-replace@npm:6.0.2":
  version: 6.0.2
  resolution: "@rollup/plugin-replace@npm:6.0.2"
  dependencies:
    "@rollup/pluginutils": ^5.0.1
    magic-string: ^0.30.3
  peerDependencies:
    rollup: ^1.20.0||^2.0.0||^3.0.0||^4.0.0
  peerDependenciesMeta:
    rollup:
      optional: true
  checksum: ef1af8d8cfca3ecf95c85bbcccf6fea3619343f6fc7c48b23ece6485a21622b74ab093a971ffc177af04468aef45c278d3b8a82f7a426d2c25da1061923cf943
  languageName: node
  linkType: hard

"@rollup/plugin-typescript@npm:12.1.4":
  version: 12.1.4
  resolution: "@rollup/plugin-typescript@npm:12.1.4"
  dependencies:
    "@rollup/pluginutils": ^5.1.0
    resolve: ^1.22.1
  peerDependencies:
    rollup: ^2.14.0||^3.0.0||^4.0.0
    tslib: "*"
    typescript: ">=3.7.0"
  peerDependenciesMeta:
    rollup:
      optional: true
    tslib:
      optional: true
  checksum: 9aeecf7dc83525d121ef51662b5972322dc8bca3430f6c2f423ea081d1ac65b9acf27149cacd5fbeb67fb9d1a9e56a01db1adfc8b9fef5b942d5ace119548a5d
  languageName: node
  linkType: hard

"@rollup/pluginutils@npm:^4.1.0":
  version: 4.2.1
  resolution: "@rollup/pluginutils@npm:4.2.1"
  dependencies:
    estree-walker: ^2.0.1
    picomatch: ^2.2.2
  checksum: 6bc41f22b1a0f1efec3043899e4d3b6b1497b3dea4d94292d8f83b4cf07a1073ecbaedd562a22d11913ff7659f459677b01b09e9598a98936e746780ecc93a12
  languageName: node
  linkType: hard

"@rollup/pluginutils@npm:^5.0.1, @rollup/pluginutils@npm:^5.1.0":
  version: 5.2.0
  resolution: "@rollup/pluginutils@npm:5.2.0"
  dependencies:
    "@types/estree": ^1.0.0
    estree-walker: ^2.0.2
    picomatch: ^4.0.2
  peerDependencies:
    rollup: ^1.20.0||^2.0.0||^3.0.0||^4.0.0
  peerDependenciesMeta:
    rollup:
      optional: true
  checksum: d34a7215cddbc11fff7663f8ca05e8e04b48af4c4b19f5545902bef07e508c029cd254d6c5ae66d2e3309d459d44f326f1adaa6b6a4dae3c27bd26a3baef70a4
  languageName: node
  linkType: hard

"@rollup/rollup-android-arm-eabi@npm:4.46.2":
  version: 4.46.2
  resolution: "@rollup/rollup-android-arm-eabi@npm:4.46.2"
  conditions: os=android & cpu=arm
  languageName: node
  linkType: hard

"@rollup/rollup-android-arm64@npm:4.46.2":
  version: 4.46.2
  resolution: "@rollup/rollup-android-arm64@npm:4.46.2"
  conditions: os=android & cpu=arm64
  languageName: node
  linkType: hard

"@rollup/rollup-darwin-arm64@npm:4.46.2":
  version: 4.46.2
  resolution: "@rollup/rollup-darwin-arm64@npm:4.46.2"
  conditions: os=darwin & cpu=arm64
  languageName: node
  linkType: hard

"@rollup/rollup-darwin-x64@npm:4.46.2":
  version: 4.46.2
  resolution: "@rollup/rollup-darwin-x64@npm:4.46.2"
  conditions: os=darwin & cpu=x64
  languageName: node
  linkType: hard

"@rollup/rollup-freebsd-arm64@npm:4.46.2":
  version: 4.46.2
  resolution: "@rollup/rollup-freebsd-arm64@npm:4.46.2"
  conditions: os=freebsd & cpu=arm64
  languageName: node
  linkType: hard

"@rollup/rollup-freebsd-x64@npm:4.46.2":
  version: 4.46.2
  resolution: "@rollup/rollup-freebsd-x64@npm:4.46.2"
  conditions: os=freebsd & cpu=x64
  languageName: node
  linkType: hard

"@rollup/rollup-linux-arm-gnueabihf@npm:4.46.2":
  version: 4.46.2
  resolution: "@rollup/rollup-linux-arm-gnueabihf@npm:4.46.2"
  conditions: os=linux & cpu=arm & libc=glibc
  languageName: node
  linkType: hard

"@rollup/rollup-linux-arm-musleabihf@npm:4.46.2":
  version: 4.46.2
  resolution: "@rollup/rollup-linux-arm-musleabihf@npm:4.46.2"
  conditions: os=linux & cpu=arm & libc=musl
  languageName: node
  linkType: hard

"@rollup/rollup-linux-arm64-gnu@npm:4.46.2":
  version: 4.46.2
  resolution: "@rollup/rollup-linux-arm64-gnu@npm:4.46.2"
  conditions: os=linux & cpu=arm64 & libc=glibc
  languageName: node
  linkType: hard

"@rollup/rollup-linux-arm64-musl@npm:4.46.2":
  version: 4.46.2
  resolution: "@rollup/rollup-linux-arm64-musl@npm:4.46.2"
  conditions: os=linux & cpu=arm64 & libc=musl
  languageName: node
  linkType: hard

"@rollup/rollup-linux-loongarch64-gnu@npm:4.46.2":
  version: 4.46.2
  resolution: "@rollup/rollup-linux-loongarch64-gnu@npm:4.46.2"
  conditions: os=linux & cpu=loong64 & libc=glibc
  languageName: node
  linkType: hard

"@rollup/rollup-linux-ppc64-gnu@npm:4.46.2":
  version: 4.46.2
  resolution: "@rollup/rollup-linux-ppc64-gnu@npm:4.46.2"
  conditions: os=linux & cpu=ppc64 & libc=glibc
  languageName: node
  linkType: hard

"@rollup/rollup-linux-riscv64-gnu@npm:4.46.2":
  version: 4.46.2
  resolution: "@rollup/rollup-linux-riscv64-gnu@npm:4.46.2"
  conditions: os=linux & cpu=riscv64 & libc=glibc
  languageName: node
  linkType: hard

"@rollup/rollup-linux-riscv64-musl@npm:4.46.2":
  version: 4.46.2
  resolution: "@rollup/rollup-linux-riscv64-musl@npm:4.46.2"
  conditions: os=linux & cpu=riscv64 & libc=musl
  languageName: node
  linkType: hard

"@rollup/rollup-linux-s390x-gnu@npm:4.46.2":
  version: 4.46.2
  resolution: "@rollup/rollup-linux-s390x-gnu@npm:4.46.2"
  conditions: os=linux & cpu=s390x & libc=glibc
  languageName: node
  linkType: hard

"@rollup/rollup-linux-x64-gnu@npm:4.46.2":
  version: 4.46.2
  resolution: "@rollup/rollup-linux-x64-gnu@npm:4.46.2"
  conditions: os=linux & cpu=x64 & libc=glibc
  languageName: node
  linkType: hard

"@rollup/rollup-linux-x64-musl@npm:4.46.2":
  version: 4.46.2
  resolution: "@rollup/rollup-linux-x64-musl@npm:4.46.2"
  conditions: os=linux & cpu=x64 & libc=musl
  languageName: node
  linkType: hard

"@rollup/rollup-win32-arm64-msvc@npm:4.46.2":
  version: 4.46.2
  resolution: "@rollup/rollup-win32-arm64-msvc@npm:4.46.2"
  conditions: os=win32 & cpu=arm64
  languageName: node
  linkType: hard

"@rollup/rollup-win32-ia32-msvc@npm:4.46.2":
  version: 4.46.2
  resolution: "@rollup/rollup-win32-ia32-msvc@npm:4.46.2"
  conditions: os=win32 & cpu=ia32
  languageName: node
  linkType: hard

"@rollup/rollup-win32-x64-msvc@npm:4.46.2":
  version: 4.46.2
  resolution: "@rollup/rollup-win32-x64-msvc@npm:4.46.2"
  conditions: os=win32 & cpu=x64
  languageName: node
  linkType: hard

"@standard-schema/spec@npm:^1.0.0":
  version: 1.1.0
  resolution: "@standard-schema/spec@npm:1.1.0"
  checksum: 6245ebef5e698bb04752a22e996a7cc40406a404d9f68a9d4e1a7a10f2422da287247508e7b495a2f32bb38f3d57b4daf2c9ab4bf22d9bca13e20a3dc5ec575e
  languageName: node
  linkType: hard

"@standard-schema/utils@npm:^0.3.0":
  version: 0.3.0
  resolution: "@standard-schema/utils@npm:0.3.0"
  checksum: 7084f875d322792f2e0a5904009434c8374b9345b09ba89828b68fd56fa3c2b366d35bf340d9e8c72736ef01793c2f70d350c372ed79845dc3566c58d34b4b51
  languageName: node
  linkType: hard

"@sveltejs/acorn-typescript@npm:^1.0.5":
  version: 1.0.5
  resolution: "@sveltejs/acorn-typescript@npm:1.0.5"
  peerDependencies:
    acorn: ^8.9.0
  checksum: 80bb2dcff30f848d3cb74e99e957df5868b3ad3c29b4a72472472a959a79948b3deb3e7825021b32287603a66ada10b7846b59a7f396b622ede3d12e639d33a5
  languageName: node
  linkType: hard

"@tsconfig/svelte@npm:^5.0.0":
  version: 5.0.4
  resolution: "@tsconfig/svelte@npm:5.0.4"
  checksum: 27b83fef6781cdc3bdee7737287d39a909b1e408e99512cfcb8a9b2ea78d5c6d98e43372c917b098692499a4aad3a151cbe6f994819d37a3f2973c46a30b38e4
  languageName: node
  linkType: hard

"@types/d3-array@npm:^3.0.3":
  version: 3.2.2
  resolution: "@types/d3-array@npm:3.2.2"
  checksum: 72e8e2abe0911cb431d6f3fe0a1f71b915356b679d4d9c826f52941bb30210c0fe8299dde066b08d9986754c620f031b13b13ab6dfc60d404eceab66a075dd5d
  languageName: node
  linkType: hard

"@types/d3-color@npm:*":
  version: 3.1.3
  resolution: "@types/d3-color@npm:3.1.3"
  checksum: 8a0e79a709929502ec4effcee2c786465b9aec51b653ba0b5d05dbfec3e84f418270dd603002d94021885061ff592f614979193bd7a02ad76317f5608560e357
  languageName: node
  linkType: hard

"@types/d3-ease@npm:^3.0.0":
  version: 3.0.2
  resolution: "@types/d3-ease@npm:3.0.2"
  checksum: 0885219966294bfc99548f37297e1c75e75da812a5f3ec941977ebb57dcab0a25acec5b2bbd82d09a49d387daafca08521ca269b7e4c27ddca7768189e987b54
  languageName: node
  linkType: hard

"@types/d3-interpolate@npm:^3.0.1":
  version: 3.0.4
  resolution: "@types/d3-interpolate@npm:3.0.4"
  dependencies:
    "@types/d3-color": "*"
  checksum: efd2770e174e84fc7316fdafe03cf3688451f767dde1fa6211610137f495be7f3923db7e1723a6961a0e0e9ae0ed969f4f47c038189fa0beb1d556b447922622
  languageName: node
  linkType: hard

"@types/d3-path@npm:*":
  version: 3.1.1
  resolution: "@types/d3-path@npm:3.1.1"
  checksum: fee8f6b0d3b28a3611c7d7fda3bf2f79392ded266f54b03a220f205c42117644bdcd33dcbf4853da3cca02229f1c669d2a60d5d297a24ce459ba8271ccb26c03
  languageName: node
  linkType: hard

"@types/d3-scale@npm:^4.0.2":
  version: 4.0.9
  resolution: "@types/d3-scale@npm:4.0.9"
  dependencies:
    "@types/d3-time": "*"
  checksum: c44265a38e538983686b1b8d159abfb4e81c09b33316f3a68f0f372d38400fa950ad531644d25230cc7b48ea5adb50270fc54823f088979ade62dcd0225f7aa3
  languageName: node
  linkType: hard

"@types/d3-shape@npm:^3.1.0":
  version: 3.1.8
  resolution: "@types/d3-shape@npm:3.1.8"
  dependencies:
    "@types/d3-path": "*"
  checksum: 659d51882dccc85d24817bdbcd50589212d12e24eb2aad19bae073665ed25443026e120966faa8523f0412f8a30f7c16002499cea3eb87d25b3011e0ee42e6a2
  languageName: node
  linkType: hard

"@types/d3-time@npm:*, @types/d3-time@npm:^3.0.0":
  version: 3.0.4
  resolution: "@types/d3-time@npm:3.0.4"
  checksum: 0c296884571ce70c4bbd4ea9cd1c93c0c8aee602c6c806b056187dd4ee49daf70c2f41da94b25ba0d796edf8ca83cbb87fe6d1cdda7ca669ab800170ece1c12b
  languageName: node
  linkType: hard

"@types/d3-timer@npm:^3.0.0":
  version: 3.0.2
  resolution: "@types/d3-timer@npm:3.0.2"
  checksum: 1643eebfa5f4ae3eb00b556bbc509444d88078208ec2589ddd8e4a24f230dd4cf2301e9365947e70b1bee33f63aaefab84cd907822aae812b9bc4871b98ab0e1
  languageName: node
  linkType: hard

"@types/estree@npm:*, @types/estree@npm:1.0.8, @types/estree@npm:^1.0.0, @types/estree@npm:^1.0.5, @types/estree@npm:^1.0.6":
  version: 1.0.8
  resolution: "@types/estree@npm:1.0.8"
  checksum: bd93e2e415b6f182ec4da1074e1f36c480f1d26add3e696d54fb30c09bc470897e41361c8fd957bf0985024f8fbf1e6e2aff977d79352ef7eb93a5c6dcff6c11
  languageName: node
  linkType: hard

"@types/knockout@npm:^3.4.69":
  version: 3.4.79
  resolution: "@types/knockout@npm:3.4.79"
  checksum: 026c6793c55f161981031406f6b21984f2e20ea63ead255f60f6b1249fb6a3bd5c1262406eb534701ed3b44c0957869373d2a90f23097aec8db53f8d6dafd675
  languageName: node
  linkType: hard

"@types/knockout@npm:^3.4.71":
  version: 3.4.71
  resolution: "@types/knockout@npm:3.4.71"
  checksum: ea44d38e37519385836eea01dc35337fe43ddd80ccb9aa8ece0733059186b0846b412fc678a7c0d92641f89f8e446cea7515f6381f306028df01772e0075297d
  languageName: node
  linkType: hard

"@types/react-dom@npm:^19.2.4":
  version: 19.2.4
  resolution: "@types/react-dom@npm:19.2.4"
  peerDependencies:
    "@types/react": ^19.2.0
  checksum: 1a8fdeb22428cfba51c837d635a77ae351f126a7e24dd759a8556c1be7872e8844213bd95495b6e24f5a68a59a0cde1ddf947f27d88a99dd613947354fae6222
  languageName: node
  linkType: hard

"@types/react@npm:^19.2.18":
  version: 19.2.18
  resolution: "@types/react@npm:19.2.18"
  dependencies:
    csstype: ^3.2.2
  checksum: 01e42509fd2dbe05652bbe50f69883c79f6c5b24e5f306307e1f95eaf7eddf1cdd2646a1e056c6088d2c4403d5e2ab72226e31001c6564630529901514872fb1
  languageName: node
  linkType: hard

"@types/resolve@npm:1.20.2":
  version: 1.20.2
  resolution: "@types/resolve@npm:1.20.2"
  checksum: 61c2cad2499ffc8eab36e3b773945d337d848d3ac6b7b0a87c805ba814bc838ef2f262fc0f109bfd8d2e0898ff8bd80ad1025f9ff64f1f71d3d4294c9f14e5f6
  languageName: node
  linkType: hard

"@types/use-sync-external-store@npm:^0.0.6":
  version: 0.0.6
  resolution: "@types/use-sync-external-store@npm:0.0.6"
  checksum: a95ce330668501ad9b1c5b7f2b14872ad201e552a0e567787b8f1588b22c7040c7c3d80f142cbb9f92d13c4ea41c46af57a20f2af4edf27f224d352abcfe4049
  languageName: node
  linkType: hard

"abbrev@npm:^5.0.0":
  version: 5.0.0
  resolution: "abbrev@npm:5.0.0"
  checksum: 40526a57545197f1ee0a5cb369508acbd33dbb8a19967850d6d60d9bb392d4034fc56d2572ad863b6a8da810f32eb5553cd05d5af265ea829e168697d9963cde
  languageName: node
  linkType: hard

"acorn@npm:^8.12.1":
  version: 8.15.0
  resolution: "acorn@npm:8.15.0"
  bin:
    acorn: bin/acorn
  checksum: 309c6b49aedf1a2e34aaf266de06de04aab6eb097c02375c66fdeb0f64556a6a823540409914fb364d9a11bc30d79d485a2eba29af47992d3490e9886c4391c3
  languageName: node
  linkType: hard

"aria-query@npm:^5.3.1":
  version: 5.3.2
  resolution: "aria-query@npm:5.3.2"
  checksum: d971175c85c10df0f6d14adfe6f1292409196114ab3c62f238e208b53103686f46cc70695a4f775b73bc65f6a09b6a092fd963c4f3a5a7d690c8fc5094925717
  languageName: node
  linkType: hard

"axobject-query@npm:^4.1.0":
  version: 4.1.0
  resolution: "axobject-query@npm:4.1.0"
  checksum: 7d1e87bf0aa7ae7a76cd39ab627b7c48fda3dc40181303d9adce4ba1d5b5ce73b5e5403ee6626ec8e91090448c887294d6144e24b6741a976f5be9347e3ae1df
  languageName: node
  linkType: hard

"bulma@npm:^0.9.3":
  version: 0.9.4
  resolution: "bulma@npm:0.9.4"
  checksum: bc0ab8c203deb0ae200fab5b38547ad4bc8ed1e3abcf6f4ac8a2229af46540419bbcb78c9d2e80f3ddda8825d64fa186ed8775674656cdcabe5544be4d0f3d85
  languageName: node
  linkType: hard

"chownr@npm:^3.0.0":
  version: 3.0.0
  resolution: "chownr@npm:3.0.0"
  checksum: fd73a4bab48b79e66903fe1cafbdc208956f41ea4f856df883d0c7277b7ab29fd33ee65f93b2ec9192fc0169238f2f8307b7735d27c155821d886b84aa97aa8d
  languageName: node
  linkType: hard

"clsx@npm:^2.1.1":
  version: 2.1.1
  resolution: "clsx@npm:2.1.1"
  checksum: acd3e1ab9d8a433ecb3cc2f6a05ab95fe50b4a3cfc5ba47abb6cbf3754585fcb87b84e90c822a1f256c4198e3b41c7f6c391577ffc8678ad587fc0976b24fd57
  languageName: node
  linkType: hard

"commondir@npm:^1.0.1":
  version: 1.0.1
  resolution: "commondir@npm:1.0.1"
  checksum: 59715f2fc456a73f68826285718503340b9f0dd89bfffc42749906c5cf3d4277ef11ef1cca0350d0e79204f00f1f6d83851ececc9095dc88512a697ac0b9bdcb
  languageName: node
  linkType: hard

"csstype@npm:^3.2.2":
  version: 3.2.3
  resolution: "csstype@npm:3.2.3"
  checksum: cb882521b3398958a1ce6ca98c011aec0bde1c77ecaf8a1dd4db3b112a189939beae3b1308243b2fe50fc27eb3edeb0f73a5a4d91d928765dc6d5ecc7bda92ee
  languageName: node
  linkType: hard

"d3-array@npm:2 - 3, d3-array@npm:^3.1.6, d3-array@npm:^3.2.4":
  version: 3.2.4
  resolution: "d3-array@npm:3.2.4"
  dependencies:
    internmap: 1 - 2
  checksum: a5976a6d6205f69208478bb44920dd7ce3e788c9dceb86b304dbe401a4bfb42ecc8b04c20facde486e9adcb488b5d1800d49393a3f81a23902b68158e12cddd0
  languageName: node
  linkType: hard

"d3-array@npm:2, d3-array@npm:2.10.0 - 3":
  version: 2.12.1
  resolution: "d3-array@npm:2.12.1"
  dependencies:
    internmap: ^1.0.0
  checksum: 97853b7b523aded17078f37c67742f45d81e88dda2107ae9994c31b9e36c5fa5556c4c4cf39650436f247813602dfe31bf7ad067ff80f127a16903827f10c6eb
  languageName: node
  linkType: hard

"d3-color@npm:1 - 3":
  version: 2.0.0
  resolution: "d3-color@npm:2.0.0"
  checksum: b887354aa383937abd04fbffed3e26e5d6a788472cd3737fb10735930e427763e69fe93398663bccf88c0b53ee3e638ac6fcf0c02226b00ed9e4327c2dfbf3dc
  languageName: node
  linkType: hard

"d3-color@npm:^3.1.0":
  version: 3.1.0
  resolution: "d3-color@npm:3.1.0"
  checksum: 4931fbfda5d7c4b5cfa283a13c91a954f86e3b69d75ce588d06cde6c3628cebfc3af2069ccf225e982e8987c612aa7948b3932163ce15eb3c11cd7c003f3ee3b
  languageName: node
  linkType: hard

"d3-ease@npm:^3.0.1":
  version: 3.0.1
  resolution: "d3-ease@npm:3.0.1"
  checksum: 06e2ee5326d1e3545eab4e2c0f84046a123dcd3b612e68858219aa034da1160333d9ce3da20a1d3486d98cb5c2a06f7d233eee1bc19ce42d1533458bd85dedcd
  languageName: node
  linkType: hard

"d3-format@npm:1 - 3":
  version: 2.0.0
  resolution: "d3-format@npm:2.0.0"
  checksum: c4d3c8f9941d097d514d3986f54f21434e08e5876dc08d1d65226447e8e167600d5b9210235bb03fd45327225f04f32d6e365f08f76d2f4b8bff81594851aaf7
  languageName: node
  linkType: hard

"d3-interpolate@npm:1.2.0 - 3, d3-interpolate@npm:^3.0.1":
  version: 3.0.1
  resolution: "d3-interpolate@npm:3.0.1"
  dependencies:
    d3-color: 1 - 3
  checksum: a42ba314e295e95e5365eff0f604834e67e4a3b3c7102458781c477bd67e9b24b6bb9d8e41ff5521050a3f2c7c0c4bbbb6e187fd586daa3980943095b267e78b
  languageName: node
  linkType: hard

"d3-path@npm:^3.1.0":
  version: 3.1.0
  resolution: "d3-path@npm:3.1.0"
  checksum: 2306f1bd9191e1eac895ec13e3064f732a85f243d6e627d242a313f9777756838a2215ea11562f0c7630c7c3b16a19ec1fe0948b1c82f3317fac55882f6ee5d8
  languageName: node
  linkType: hard

"d3-scale@npm:^4.0.2":
  version: 4.0.2
  resolution: "d3-scale@npm:4.0.2"
  dependencies:
    d3-array: 2.10.0 - 3
    d3-format: 1 - 3
    d3-interpolate: 1.2.0 - 3
    d3-time: 2.1.1 - 3
    d3-time-format: 2 - 4
  checksum: a9c770d283162c3bd11477c3d9d485d07f8db2071665f1a4ad23eec3e515e2cefbd369059ec677c9ac849877d1a765494e90e92051d4f21111aa56791c98729e
  languageName: node
  linkType: hard

"d3-shape@npm:^3.1.0, d3-shape@npm:^3.2.0":
  version: 3.2.0
  resolution: "d3-shape@npm:3.2.0"
  dependencies:
    d3-path: ^3.1.0
  checksum: de2af5fc9a93036a7b68581ca0bfc4aca2d5a328aa7ba7064c11aedd44d24f310c20c40157cb654359d4c15c3ef369f95ee53d71221017276e34172c7b719cfa
  languageName: node
  linkType: hard

"d3-time-format@npm:2 - 4":
  version: 3.0.0
  resolution: "d3-time-format@npm:3.0.0"
  dependencies:
    d3-time: 1 - 2
  checksum: c20c1667dbea653f81d923e741f84c23e4b966002ba0d6ed94cbc70692105566e55e89d18d175404534a879383fd1123300bd12885a3c924fe924032bb0060db
  languageName: node
  linkType: hard

"d3-time@npm:1 - 2, d3-time@npm:2.1.1 - 3":
  version: 2.1.1
  resolution: "d3-time@npm:2.1.1"
  dependencies:
    d3-array: 2
  checksum: d1c7b9658c20646e46c3dd19e11c38e02dec098e8baa7d2cd868af8eb01953668f5da499fa33dc63541cf74a26e788786f8828c4381dbbf475a76b95972979a6
  languageName: node
  linkType: hard

"d3-time@npm:^3.0.0":
  version: 3.1.0
  resolution: "d3-time@npm:3.1.0"
  dependencies:
    d3-array: 2 - 3
  checksum: 613b435352a78d9f31b7f68540788186d8c331b63feca60ad21c88e9db1989fe888f97f242322ebd6365e45ec3fb206a4324cd4ca0dfffa1d9b5feb856ba00a7
  languageName: node
  linkType: hard

"d3-timer@npm:^3.0.1":
  version: 3.0.1
  resolution: "d3-timer@npm:3.0.1"
  checksum: 1cfddf86d7bca22f73f2c427f52dfa35c49f50d64e187eb788dcad6e927625c636aa18ae4edd44d084eb9d1f81d8ca4ec305dae7f733c15846a824575b789d73
  languageName: node
  linkType: hard

"decimal.js-light@npm:^2.5.1":
  version: 2.5.1
  resolution: "decimal.js-light@npm:2.5.1"
  checksum: f5a2c7eac1c4541c8ab8a5c8abea64fc1761cefc7794bd5f8afd57a8a78d1b51785e0c4e4f85f4895a043eaa90ddca1edc3981d1263eb6ddce60f32bf5fe66c9
  languageName: node
  linkType: hard

"deepmerge@npm:^4.2.2":
  version: 4.2.2
  resolution: "deepmerge@npm:4.2.2"
  checksum: a8c43a1ed8d6d1ed2b5bf569fa4c8eb9f0924034baf75d5d406e47e157a451075c4db353efea7b6bcc56ec48116a8ce72fccf867b6e078e7c561904b5897530b
  languageName: node
  linkType: hard

"dotvvm-jscomponent-react@portal:../../Framework/JsComponent.React::locator=dotvvm.samples.common%40workspace%3A.":
  version: 0.0.0-use.local
  resolution: "dotvvm-jscomponent-react@portal:../../Framework/JsComponent.React::locator=dotvvm.samples.common%40workspace%3A."
  dependencies:
    dotvvm-types: ^5.0.0-preview03-final
  peerDependencies:
    react: ^18.0.0 || ^19.0.0
    react-dom: ^18.0.0 || ^19.0.0
  languageName: node
  linkType: soft

"dotvvm-jscomponent-svelte@portal:../../Framework/JsComponent.Svelte::locator=dotvvm.samples.common%40workspace%3A.":
  version: 0.0.0-use.local
  resolution: "dotvvm-jscomponent-svelte@portal:../../Framework/JsComponent.Svelte::locator=dotvvm.samples.common%40workspace%3A."
  dependencies:
    dotvvm-types: ^5.0.0-preview03-final
  peerDependencies:
    svelte: ^5.0.0
  languageName: node
  linkType: soft

"dotvvm-types@npm:^5.0.0-preview03-final":
  version: 5.0.0-preview10-final
  resolution: "dotvvm-types@npm:5.0.0-preview10-final"
  dependencies:
    "@types/knockout": ^3.4.69
  checksum: 81fd7ef94923c1fac148492c38e559c55e1a902dd22c2287130f01b29de8fa2864931e122111481af63949bda7a2cf7fed138606e58cb9b28f4412126d35596c
  languageName: node
  linkType: hard

"dotvvm.samples.common@workspace:.":
  version: 0.0.0-use.local
  resolution: "dotvvm.samples.common@workspace:."
  dependencies:
    "@rollup/plugin-commonjs": 28.0.6
    "@rollup/plugin-node-resolve": 16.0.1
    "@rollup/plugin-replace": 6.0.2
    "@rollup/plugin-typescript": 12.1.4
    "@tsconfig/svelte": ^5.0.0
    "@types/knockout": ^3.4.71
    "@types/react": ^19.2.18
    "@types/react-dom": ^19.2.4
    bulma: ^0.9.3
    d3-scale: ^4.0.2
    d3-shape: ^3.2.0
    dotvvm-jscomponent-react: "portal:../../Framework/JsComponent.React"
    dotvvm-jscomponent-svelte: "portal:../../Framework/JsComponent.Svelte"
    layercake: ^8.0.0
    react: ^19.2.8
    react-dom: ^19.2.8
    react-is: ^19.2.8
    recharts: ^3.10.1
    rollup: ^4.46.2
    rollup-plugin-svelte: ^7.2.2
    svelte: ^5.37.2
    svelte-preprocess: ^6.0.3
    tslib: ^2.3.1
    typescript: ^5.0.0
  languageName: unknown
  linkType: soft

"env-paths@npm:^2.2.0":
  version: 2.2.1
  resolution: "env-paths@npm:2.2.1"
  checksum: 65b5df55a8bab92229ab2b40dad3b387fad24613263d103a97f91c9fe43ceb21965cd3392b1ccb5d77088021e525c4e0481adb309625d0cb94ade1d1fb8dc17e
  languageName: node
  linkType: hard

"es-toolkit@npm:^1.39.3":
  version: 1.50.0
  resolution: "es-toolkit@npm:1.50.0"
  dependenciesMeta:
    "@trivago/prettier-plugin-sort-imports@4.3.0":
      unplugged: true
    prettier-plugin-sort-re-exports@0.0.1:
      unplugged: true
    vitepress-plugin-sandpack@1.1.4:
      unplugged: true
  checksum: f75c8ee986190b84a07eb3c96c28285e357a95baca123762675f717a542aa56ecbfedaf0d722bd2e2d88475da8e194c36fa9ee21ebb91e4c7b482bfdf1e13275
  languageName: node
  linkType: hard

"esm-env@npm:^1.2.1":
  version: 1.2.2
  resolution: "esm-env@npm:1.2.2"
  checksum: 3fb28f6f84b33219df8bf15ea0efcb1110512199014072a19e90c2ea37316dccb6309c90230d760c4c28a324ebc5ebecf0af809cefebe7558730bd6d401c93b5
  languageName: node
  linkType: hard

"esrap@npm:^2.1.0":
  version: 2.1.0
  resolution: "esrap@npm:2.1.0"
  dependencies:
    "@jridgewell/sourcemap-codec": ^1.4.15
  checksum: 19361da3d8b6794a26571a7ec1777c7a5e4f6d681cc5f36ec5d737e12aeb82917e2279b108d03e05d2926d6f6dadd54e441a4250c7430df6d858488aecf04606
  languageName: node
  linkType: hard

"estree-walker@npm:^2.0.1, estree-walker@npm:^2.0.2":
  version: 2.0.2
  resolution: "estree-walker@npm:2.0.2"
  checksum: 6151e6f9828abe2259e57f5fd3761335bb0d2ebd76dc1a01048ccee22fabcfef3c0859300f6d83ff0d1927849368775ec5a6d265dde2f6de5a1be1721cd94efc
  languageName: node
  linkType: hard

"eventemitter3@npm:^5.0.1":
  version: 5.0.4
  resolution: "eventemitter3@npm:5.0.4"
  checksum: bcbd2c3a9d2553c2289623ede8aab474d5c92bcbf18e5fe76f0e550c2b7801afb5a4351c7f11e8ee2379cca1ee48316aeb98fc3b946b7dd1f47a4c1ee8c4dcf2
  languageName: node
  linkType: hard

"exponential-backoff@npm:^3.1.1":
  version: 3.1.3
  resolution: "exponential-backoff@npm:3.1.3"
  checksum: 471fdb70fd3d2c08a74a026973bdd4105b7832911f610ca67bbb74e39279411c1eed2f2a110c9d41c2edd89459ba58fdaba1c174beed73e7a42d773882dcff82
  languageName: node
  linkType: hard

"fdir@npm:^6.2.0":
  version: 6.4.6
  resolution: "fdir@npm:6.4.6"
  peerDependencies:
    picomatch: ^3 || ^4
  peerDependenciesMeta:
    picomatch:
      optional: true
  checksum: fe9f3014901d023cf631831dcb9eae5447f4d7f69218001dd01ecf007eccc40f6c129a04411b5cc273a5f93c14e02e971e17270afc9022041c80be924091eb6f
  languageName: node
  linkType: hard

"fdir@npm:^6.5.0":
  version: 6.5.0
  resolution: "fdir@npm:6.5.0"
  peerDependencies:
    picomatch: ^3 || ^4
  peerDependenciesMeta:
    picomatch:
      optional: true
  checksum: bd537daa9d3cd53887eed35efa0eab2dbb1ca408790e10e024120e7a36c6e9ae2b33710cb8381e35def01bc9c1d7eaba746f886338413e68ff6ebaee07b9a6e8
  languageName: node
  linkType: hard

"fsevents@npm:~2.3.2":
  version: 2.3.3
  resolution: "fsevents@npm:2.3.3"
  dependencies:
    node-gyp: latest
  checksum: 11e6ea6fea15e42461fc55b4b0e4a0a3c654faa567f1877dbd353f39156f69def97a69936d1746619d656c4b93de2238bf731f6085a03a50cabf287c9d024317
  conditions: os=darwin
  languageName: node
  linkType: hard

"fsevents@patch:fsevents@~2.3.2#~builtin<compat/fsevents>":
  version: 2.3.3
  resolution: "fsevents@patch:fsevents@npm%3A2.3.3#~builtin<compat/fsevents>::version=2.3.3&hash=18f3a7"
  dependencies:
    node-gyp: latest
  conditions: os=darwin
  languageName: node
  linkType: hard

"function-bind@npm:^1.1.2":
  version: 1.1.2
  resolution: "function-bind@npm:1.1.2"
  checksum: 2b0ff4ce708d99715ad14a6d1f894e2a83242e4a52ccfcefaee5e40050562e5f6dafc1adbb4ce2d4ab47279a45dc736ab91ea5042d843c3c092820dfe032efb1
  languageName: node
  linkType: hard

"graceful-fs@npm:^4.2.6":
  version: 4.2.11
  resolution: "graceful-fs@npm:4.2.11"
  checksum: ac85f94da92d8eb6b7f5a8b20ce65e43d66761c55ce85ac96df6865308390da45a8d3f0296dd3a663de65d30ba497bd46c696cc1e248c72b13d6d567138a4fc7
  languageName: node
  linkType: hard

"hasown@npm:^2.0.2":
  version: 2.0.2
  resolution: "hasown@npm:2.0.2"
  dependencies:
    function-bind: ^1.1.2
  checksum: e8516f776a15149ca6c6ed2ae3110c417a00b62260e222590e54aa367cbcd6ed99122020b37b7fbdf05748df57b265e70095d7bf35a47660587619b15ffb93db
  languageName: node
  linkType: hard

"immer@npm:^11.0.0, immer@npm:^11.1.8":
  version: 11.1.16
  resolution: "immer@npm:11.1.16"
  checksum: 4fc09d69619b5f0a41497f45d696663a1ad2bcaee352e7e8864b737b9cd89a3359781000e5c4082f4dca1eff812daefb0ee7eaabd25ddfc8730d58c7d42b8bf0
  languageName: node
  linkType: hard

"internmap@npm:1 - 2, internmap@npm:^1.0.0":
  version: 1.0.1
  resolution: "internmap@npm:1.0.1"
  checksum: 9d00f8c0cf873a24a53a5a937120dab634c41f383105e066bb318a61864e6292d24eb9516e8e7dccfb4420ec42ca474a0f28ac9a6cc82536898fa09bbbe53813
  languageName: node
  linkType: hard

"is-core-module@npm:^2.16.0":
  version: 2.16.1
  resolution: "is-core-module@npm:2.16.1"
  dependencies:
    hasown: ^2.0.2
  checksum: 6ec5b3c42d9cbf1ac23f164b16b8a140c3cec338bf8f884c076ca89950c7cc04c33e78f02b8cae7ff4751f3247e3174b2330f1fe4de194c7210deb8b1ea316a7
  languageName: node
  linkType: hard

"is-module@npm:^1.0.0":
  version: 1.0.0
  resolution: "is-module@npm:1.0.0"
  checksum: 8cd5390730c7976fb4e8546dd0b38865ee6f7bacfa08dfbb2cc07219606755f0b01709d9361e01f13009bbbd8099fa2927a8ed665118a6105d66e40f1b838c3f
  languageName: node
  linkType: hard

"is-reference@npm:1.2.1":
  version: 1.2.1
  resolution: "is-reference@npm:1.2.1"
  dependencies:
    "@types/estree": "*"
  checksum: e7b48149f8abda2c10849ea51965904d6a714193d68942ad74e30522231045acf06cbfae5a4be2702fede5d232e61bf50b3183acdc056e6e3afe07fcf4f4b2bc
  languageName: node
  linkType: hard

"is-reference@npm:^3.0.3":
  version: 3.0.3
  resolution: "is-reference@npm:3.0.3"
  dependencies:
    "@types/estree": ^1.0.6
  checksum: 11371fb2669a8144bffb2ae9bd11b0342b7dc384c3c0f8d5996566b071614282a3a0d306fd2fd1c6b4c9078d0e2703d191b47f4f78f9ce08f464c44a3a412412
  languageName: node
  linkType: hard

"isexe@npm:^4.0.0":
  version: 4.0.0
  resolution: "isexe@npm:4.0.0"
  checksum: 2ead327ef596042ef9c9ec5f236b316acfaedb87f4bb61b3c3d574fb2e9c8a04b67305e04733bde52c24d9622fdebd3270aadb632adfbf9cadef88fe30f479e5
  languageName: node
  linkType: hard

"layercake@npm:^8.0.0":
  version: 8.4.4
  resolution: "layercake@npm:8.4.4"
  dependencies:
    d3-array: ^3.2.4
    d3-color: ^3.1.0
    d3-scale: ^4.0.2
    d3-shape: ^3.2.0
  peerDependencies:
    svelte: 3 - 5 || >=5.0.0-next.120
    typescript: ^5.0.2
  checksum: 8ec3494c167340d267d140887fbe6e6bb9ac55304c513a4ea627b34d237736b74aee581327ab07f640e958c6445d3aefd29f7ef4c667d59427a7aaa795cd865d
  languageName: node
  linkType: hard

"locate-character@npm:^3.0.0":
  version: 3.0.0
  resolution: "locate-character@npm:3.0.0"
  checksum: 2d9e9f45e2dce7464c016ed6d81ebc938bc9c656392f7d6858308ab6fdaa57bcd4b6b479291d49e7db4047e3f321ddadbe78355f349b7974b203f19674e277cc
  languageName: node
  linkType: hard

"magic-string@npm:^0.30.11, magic-string@npm:^0.30.3":
  version: 0.30.17
  resolution: "magic-string@npm:0.30.17"
  dependencies:
    "@jridgewell/sourcemap-codec": ^1.5.0
  checksum: f4b4ed17c5ada64f77fc98491847302ebad64894a905c417c943840c0384662118c9b37f9f68bb86add159fa4749ff6f118c4627d69a470121b46731f8debc6d
  languageName: node
  linkType: hard

"minipass@npm:^7.0.4, minipass@npm:^7.1.2":
  version: 7.1.3
  resolution: "minipass@npm:7.1.3"
  checksum: 2ede17c0bf8fec499be3360fd07f0ec7666189e3907320a9b653f1530cf84af98928c5b12d80bfb75f321833bf2e97785b940540213ebdafe97a5f10327e664d
  languageName: node
  linkType: hard

"minizlib@npm:^3.1.0":
  version: 3.1.0
  resolution: "minizlib@npm:3.1.0"
  dependencies:
    minipass: ^7.1.2
  checksum: a15e6f0128f514b7d41a1c68ce531155447f4669e32d279bba1c1c071ef6c2abd7e4d4579bb59ccc2ed1531346749665968fdd7be8d83eb6b6ae2fe1f3d370a7
  languageName: node
  linkType: hard

"node-gyp@npm:latest":
  version: 13.0.1
  resolution: "node-gyp@npm:13.0.1"
  dependencies:
    env-paths: ^2.2.0
    exponential-backoff: ^3.1.1
    graceful-fs: ^4.2.6
    nopt: ^10.0.0
    proc-log: ^7.0.0
    semver: ^7.3.5
    tar: ^7.5.4
    tinyglobby: ^0.2.12
    undici: ^8.4.1
    which: ^7.0.0
  bin:
    node-gyp: bin/node-gyp.js
  checksum: 9d4e0eeaa415ca33a85278ecf2bdb61a7c32649e9423ec7743912b97e58169606ef44504f7d3a746cd9179f50c8d37d5bb70ae76fbc4803122f7747e819453f6
  languageName: node
  linkType: hard

"nopt@npm:^10.0.0":
  version: 10.0.1
  resolution: "nopt@npm:10.0.1"
  dependencies:
    abbrev: ^5.0.0
  bin:
    nopt: bin/nopt.js
  checksum: c2903b9171a3293b731189ace4eaeacc2ed8191bb8f8f74ebfb61babc0de2ff158d97a215fd561070ed0dac567f3b8741955f81a534009e57eb37fdc419d5d4e
  languageName: node
  linkType: hard

"path-parse@npm:^1.0.7":
  version: 1.0.7
  resolution: "path-parse@npm:1.0.7"
  checksum: 49abf3d81115642938a8700ec580da6e830dde670be21893c62f4e10bd7dd4c3742ddc603fe24f898cba7eb0c6bc1777f8d9ac14185d34540c6d4d80cd9cae8a
  languageName: node
  linkType: hard

"picomatch@npm:^2.2.2":
  version: 2.3.0
  resolution: "picomatch@npm:2.3.0"
  checksum: 16818720ea7c5872b6af110760dee856c8e4cd79aed1c7a006d076b1cc09eff3ae41ca5019966694c33fbd2e1cc6ea617ab10e4adac6df06556168f13be3fca2
  languageName: node
  linkType: hard

"picomatch@npm:^4.0.2":
  version: 4.0.3
  resolution: "picomatch@npm:4.0.3"
  checksum: 6817fb74eb745a71445debe1029768de55fd59a42b75606f478ee1d0dc1aa6e78b711d041a7c9d5550e042642029b7f373dc1a43b224c4b7f12d23436735dba0
  languageName: node
  linkType: hard

"picomatch@npm:^4.0.4":
  version: 4.0.5
  resolution: "picomatch@npm:4.0.5"
  checksum: 44f305aa44f33c15d304f2e887409961d1c14eebd465b5553d8aefddcfe7b5e40d208148adef8c21a21183dda2fdba1e83c8a56918e3b5e5d3db6bcaba5b7e12
  languageName: node
  linkType: hard

"proc-log@npm:^7.0.0":
  version: 7.0.0
  resolution: "proc-log@npm:7.0.0"
  checksum: ded2e976dbfa428777496158db93efdd27523ce17cf7eae0e87c6dbba0f30bb46bbe6409ccdcf5ecea7bdea864ed409afc3b5c60b79f008d42dff79fdd481c27
  languageName: node
  linkType: hard

"react-dom@npm:^19.2.8":
  version: 19.2.8
  resolution: "react-dom@npm:19.2.8"
  dependencies:
    scheduler: ^0.27.0
  peerDependencies:
    react: ^19.2.8
  checksum: cef5d9493f911f20da5648bbd44a27e7e2e96868be4ed0a6a650499b19d74156d35e8c2eee9c075a2cbce59ef3da483cb55113f2941c1bc17fd005ffa92d7084
  languageName: node
  linkType: hard

"react-is@npm:^19.2.8":
  version: 19.2.8
  resolution: "react-is@npm:19.2.8"
  checksum: ec955b3b167cbe041a1f474063d15aa0c5a4d67a75b95e3e4090e9b964986a1fcf66370f3aa4deb34342c898e5d95da37d725d089c40e537598e0c3cc8bba00e
  languageName: node
  linkType: hard

"react-redux@npm:8.x.x || 9.x.x":
  version: 9.3.0
  resolution: "react-redux@npm:9.3.0"
  dependencies:
    "@types/use-sync-external-store": ^0.0.6
    use-sync-external-store: ^1.4.0
  peerDependencies:
    "@types/react": ^18.2.25 || ^19
    react: ^18.0 || ^19
    redux: ^5.0.0
  peerDependenciesMeta:
    "@types/react":
      optional: true
    redux:
      optional: true
  checksum: a75ce713c91af32cf8e0ba16e176f0445459b9d62d9347e8855a37eb5f82b4aa6a45218d81e9a3f1182343ab397b51cbadd52a0aeb306c8fee8fbddcb8053613
  languageName: node
  linkType: hard

"react@npm:^19.2.8":
  version: 19.2.8
  resolution: "react@npm:19.2.8"
  checksum: cdedb4786eb3eb79c8fbaa6df299de61ecd9e1cd4c7cd52213b5af7a98c67d532fd6b14b9d546ae5851f3962437aec22ad17ee6e8e0450de11c595300c5e5bd7
  languageName: node
  linkType: hard

"recharts@npm:^3.10.1":
  version: 3.10.1
  resolution: "recharts@npm:3.10.1"
  dependencies:
    "@reduxjs/toolkit": ^1.9.0 || 2.x.x
    clsx: ^2.1.1
    decimal.js-light: ^2.5.1
    es-toolkit: ^1.39.3
    eventemitter3: ^5.0.1
    immer: ^11.1.8
    react-redux: 8.x.x || 9.x.x
    reselect: 5.2.0
    tiny-invariant: ^1.3.3
    use-sync-external-store: ^1.2.2
    victory-vendor: ^37.0.2
  peerDependencies:
    react: ^16.8.0 || ^17.0.0 || ^18.0.0 || ^19.0.0
    react-dom: ^16.0.0 || ^17.0.0 || ^18.0.0 || ^19.0.0
    react-is: ^16.8.0 || ^17.0.0 || ^18.0.0 || ^19.0.0
  checksum: cfacc4b83174d0fe4314d8a0b2dec6f8808ef5c857f9c80634ac9f74f4fffad7324f43e9cea1ac428aaadd17c767d978755f49360feae71e1f621e5bd5369474
  languageName: node
  linkType: hard

"redux-thunk@npm:^3.1.0":
  version: 3.1.0
  resolution: "redux-thunk@npm:3.1.0"
  peerDependencies:
    redux: ^5.0.0
  checksum: bea96f8233975aad4c9f24ca1ffd08ac7ec91eaefc26e7ba9935544dc55d7f09ba2aa726676dab53dc79d0c91e8071f9729cddfea927f4c41839757d2ade0f50
  languageName: node
  linkType: hard

"redux@npm:^5.0.1":
  version: 5.0.1
  resolution: "redux@npm:5.0.1"
  checksum: e74affa9009dd5d994878b9a1ce30d6569d986117175056edb003de2651c05b10fe7819d6fa94aea1a94de9a82f252f986547f007a2fbeb35c317a2e5f5ecf2c
  languageName: node
  linkType: hard

"reselect@npm:5.2.0, reselect@npm:^5.1.0":
  version: 5.2.0
  resolution: "reselect@npm:5.2.0"
  checksum: b274c69ba657cfe3531ae32ba332a6bae62050bb5addd7d42a66625fa85db0d82a93d69f0b6df1db345717fbcb8e9d311e843b09051afebd2b06da539f3510bb
  languageName: node
  linkType: hard

"resolve.exports@npm:^2.0.0":
  version: 2.0.3
  resolution: "resolve.exports@npm:2.0.3"
  checksum: abfb9f98278dcd0c19b8a49bb486abfafa23df4636d49128ea270dc982053c3ef230a530aecda1fae1322873fdfa6c97674fc539651ddfdb375ac58e0b8ef6df
  languageName: node
  linkType: hard

"resolve@npm:^1.22.1":
  version: 1.22.10
  resolution: "resolve@npm:1.22.10"
  dependencies:
    is-core-module: ^2.16.0
    path-parse: ^1.0.7
    supports-preserve-symlinks-flag: ^1.0.0
  bin:
    resolve: bin/resolve
  checksum: ab7a32ff4046fcd7c6fdd525b24a7527847d03c3650c733b909b01b757f92eb23510afa9cc3e9bf3f26a3e073b48c88c706dfd4c1d2fb4a16a96b73b6328ddcf
  languageName: node
  linkType: hard

"resolve@patch:resolve@^1.22.1#~builtin<compat/resolve>":
  version: 1.22.10
  resolution: "resolve@patch:resolve@npm%3A1.22.10#~builtin<compat/resolve>::version=1.22.10&hash=07638b"
  dependencies:
    is-core-module: ^2.16.0
    path-parse: ^1.0.7
    supports-preserve-symlinks-flag: ^1.0.0
  bin:
    resolve: bin/resolve
  checksum: 8aac1e4e4628bd00bf4b94b23de137dd3fe44097a8d528fd66db74484be929936e20c696e1a3edf4488f37e14180b73df6f600992baea3e089e8674291f16c9d
  languageName: node
  linkType: hard

"rollup-plugin-svelte@npm:^7.2.2":
  version: 7.2.2
  resolution: "rollup-plugin-svelte@npm:7.2.2"
  dependencies:
    "@rollup/pluginutils": ^4.1.0
    resolve.exports: ^2.0.0
  peerDependencies:
    rollup: ">=2.0.0"
    svelte: ">=3.5.0"
  checksum: 3a19cd9287066caba579bb5ac01fc75162523cfcf7d02b7eaa94146cf9311e51f3d59b310b210c74533747716b0663bc6660995382c1b80c8ec8dfa4cdfabdef
  languageName: node
  linkType: hard

"rollup@npm:^4.46.2":
  version: 4.46.2
  resolution: "rollup@npm:4.46.2"
  dependencies:
    "@rollup/rollup-android-arm-eabi": 4.46.2
    "@rollup/rollup-android-arm64": 4.46.2
    "@rollup/rollup-darwin-arm64": 4.46.2
    "@rollup/rollup-darwin-x64": 4.46.2
    "@rollup/rollup-freebsd-arm64": 4.46.2
    "@rollup/rollup-freebsd-x64": 4.46.2
    "@rollup/rollup-linux-arm-gnueabihf": 4.46.2
    "@rollup/rollup-linux-arm-musleabihf": 4.46.2
    "@rollup/rollup-linux-arm64-gnu": 4.46.2
    "@rollup/rollup-linux-arm64-musl": 4.46.2
    "@rollup/rollup-linux-loongarch64-gnu": 4.46.2
    "@rollup/rollup-linux-ppc64-gnu": 4.46.2
    "@rollup/rollup-linux-riscv64-gnu": 4.46.2
    "@rollup/rollup-linux-riscv64-musl": 4.46.2
    "@rollup/rollup-linux-s390x-gnu": 4.46.2
    "@rollup/rollup-linux-x64-gnu": 4.46.2
    "@rollup/rollup-linux-x64-musl": 4.46.2
    "@rollup/rollup-win32-arm64-msvc": 4.46.2
    "@rollup/rollup-win32-ia32-msvc": 4.46.2
    "@rollup/rollup-win32-x64-msvc": 4.46.2
    "@types/estree": 1.0.8
    fsevents: ~2.3.2
  dependenciesMeta:
    "@rollup/rollup-android-arm-eabi":
      optional: true
    "@rollup/rollup-android-arm64":
      optional: true
    "@rollup/rollup-darwin-arm64":
      optional: true
    "@rollup/rollup-darwin-x64":
      optional: true
    "@rollup/rollup-freebsd-arm64":
      optional: true
    "@rollup/rollup-freebsd-x64":
      optional: true
    "@rollup/rollup-linux-arm-gnueabihf":
      optional: true
    "@rollup/rollup-linux-arm-musleabihf":
      optional: true
    "@rollup/rollup-linux-arm64-gnu":
      optional: true
    "@rollup/rollup-linux-arm64-musl":
      optional: true
    "@rollup/rollup-linux-loongarch64-gnu":
      optional: true
    "@rollup/rollup-linux-ppc64-gnu":
      optional: true
    "@rollup/rollup-linux-riscv64-gnu":
      optional: true
    "@rollup/rollup-linux-riscv64-musl":
      optional: true
    "@rollup/rollup-linux-s390x-gnu":
      optional: true
    "@rollup/rollup-linux-x64-gnu":
      optional: true
    "@rollup/rollup-linux-x64-musl":
      optional: true
    "@rollup/rollup-win32-arm64-msvc":
      optional: true
    "@rollup/rollup-win32-ia32-msvc":
      optional: true
    "@rollup/rollup-win32-x64-msvc":
      optional: true
    fsevents:
      optional: true
  bin:
    rollup: dist/bin/rollup
  checksum: cba997c09d51a92bdf0475c522dafe6264891329d4d53689b7fab8a44bbf0b8ab2feb4bb27d9809a5d76831e703fddb44d5f8a95c1d3e7f2f9c9766541f65475
  languageName: node
  linkType: hard

"scheduler@npm:^0.27.0":
  version: 0.27.0
  resolution: "scheduler@npm:0.27.0"
  checksum: 92644ead0a9443e20f9d24132fe93675b156209b9eeb35ea245f8a86768d0cc0fcca56f341eeef21d9b6dd8e72d6d5e260eb5a41d34b05cd605dd45a29f572ef
  languageName: node
  linkType: hard

"semver@npm:^7.3.5":
  version: 7.8.5
  resolution: "semver@npm:7.8.5"
  bin:
    semver: bin/semver.js
  checksum: 0c580f17e88e2b45806dc5cf3d824f719c946999d3554bf30307c2b68b3300ab3c8bfcd84d8f489b93b4cbb5362f5fc8de4d2858954f18d834253c4450fc9f6b
  languageName: node
  linkType: hard

"supports-preserve-symlinks-flag@npm:^1.0.0":
  version: 1.0.0
  resolution: "supports-preserve-symlinks-flag@npm:1.0.0"
  checksum: 53b1e247e68e05db7b3808b99b892bd36fb096e6fba213a06da7fab22045e97597db425c724f2bbd6c99a3c295e1e73f3e4de78592289f38431049e1277ca0ae
  languageName: node
  linkType: hard

"svelte-preprocess@npm:^6.0.3":
  version: 6.0.3
  resolution: "svelte-preprocess@npm:6.0.3"
  peerDependencies:
    "@babel/core": ^7.10.2
    coffeescript: ^2.5.1
    less: ^3.11.3 || ^4.0.0
    postcss: ^7 || ^8
    postcss-load-config: ">=3"
    pug: ^3.0.0
    sass: ^1.26.8
    stylus: ">=0.55"
    sugarss: ^2.0.0 || ^3.0.0 || ^4.0.0
    svelte: ^4.0.0 || ^5.0.0-next.100 || ^5.0.0
    typescript: ^5.0.0
  peerDependenciesMeta:
    "@babel/core":
      optional: true
    coffeescript:
      optional: true
    less:
      optional: true
    postcss:
      optional: true
    postcss-load-config:
      optional: true
    pug:
      optional: true
    sass:
      optional: true
    stylus:
      optional: true
    sugarss:
      optional: true
    typescript:
      optional: true
  checksum: 55452be73647db8d4a0cbe474ce6d4c77e94de652ea8782af1abed432c6713ca125f3f4a84cefb9d017a5ef2bfaccc3f0c8cdb593a04aed103e2a7c6a17af4b0
  languageName: node
  linkType: hard

"svelte@npm:^5.37.2":
  version: 5.37.2
  resolution: "svelte@npm:5.37.2"
  dependencies:
    "@ampproject/remapping": ^2.3.0
    "@jridgewell/sourcemap-codec": ^1.5.0
    "@sveltejs/acorn-typescript": ^1.0.5
    "@types/estree": ^1.0.5
    acorn: ^8.12.1
    aria-query: ^5.3.1
    axobject-query: ^4.1.0
    clsx: ^2.1.1
    esm-env: ^1.2.1
    esrap: ^2.1.0
    is-reference: ^3.0.3
    locate-character: ^3.0.0
    magic-string: ^0.30.11
    zimmerframe: ^1.1.2
  checksum: 6e4f4141743b526387867b2b09eee79f58420aebe683dcef15024dcffad933e17cf5aad972c34a7c3c9fa2ea2da2ecc0225f7cfd394183169847408606f05936
  languageName: node
  linkType: hard

"tar@npm:^7.5.4":
  version: 7.5.22
  resolution: "tar@npm:7.5.22"
  dependencies:
    "@isaacs/fs-minipass": ^4.0.0
    chownr: ^3.0.0
    minipass: ^7.1.2
    minizlib: ^3.1.0
    yallist: ^5.0.0
  checksum: e1434f40954410d191ab6d89017bfd40c24869cfd319d19dd74f84db13cbea15370a22bc9b8ecd699d05c2777ec6297f35dac318ed4829b6e776a7cb4f1f7c68
  languageName: node
  linkType: hard

"tiny-invariant@npm:^1.3.3":
  version: 1.3.3
  resolution: "tiny-invariant@npm:1.3.3"
  checksum: 5e185c8cc2266967984ce3b352a4e57cb89dad5a8abb0dea21468a6ecaa67cd5bb47a3b7a85d08041008644af4f667fb8b6575ba38ba5fb00b3b5068306e59fe
  languageName: node
  linkType: hard

"tinyglobby@npm:^0.2.12":
  version: 0.2.17
  resolution: "tinyglobby@npm:0.2.17"
  dependencies:
    fdir: ^6.5.0
    picomatch: ^4.0.4
  checksum: 041e73eae568152c376551b21b8a27909d474166a8f405cdb0345991c50cf6afd0f878d7a387645d9c05d8ea2c9a55cc2fd2cfe6c5d5a5264770972b1adcad86
  languageName: node
  linkType: hard

"tslib@npm:^2.3.1":
  version: 2.3.1
  resolution: "tslib@npm:2.3.1"
  checksum: de17a98d4614481f7fcb5cd53ffc1aaf8654313be0291e1bfaee4b4bb31a20494b7d218ff2e15017883e8ea9626599b3b0e0229c18383ba9dce89da2adf15cb9
  languageName: node
  linkType: hard

"typescript@npm:^5.0.0":
  version: 5.9.2
  resolution: "typescript@npm:5.9.2"
  bin:
    tsc: bin/tsc
    tsserver: bin/tsserver
  checksum: f619cf6773cfe31409279711afd68cdf0859780006c50bc2a7a0c3227f85dea89a3b97248846326f3a17dad72ea90ec27cf61a8387772c680b2252fd02d8497b
  languageName: node
  linkType: hard

"typescript@patch:typescript@^5.0.0#~builtin<compat/typescript>":
  version: 5.9.2
  resolution: "typescript@patch:typescript@npm%3A5.9.2#~builtin<compat/typescript>::version=5.9.2&hash=bda367"
  bin:
    tsc: bin/tsc
    tsserver: bin/tsserver
  checksum: e42a701947325500008334622321a6ad073f842f5e7d5e7b588a6346b31fdf51d56082b9ce5cef24312ecd3e48d6c0d4d44da7555f65e2feec18cf62ec540385
  languageName: node
  linkType: hard

"undici@npm:^8.4.1":
  version: 8.10.0
  resolution: "undici@npm:8.10.0"
  checksum: 6b7c5442ec67fb4048a07aba719890904be54fbcff83c58b7133011fead67877c970f8b974f5e05aa0c7f5603c726888d8b3648e891af1493e7e362d848d7e9c
  languageName: node
  linkType: hard

"use-sync-external-store@npm:^1.2.2, use-sync-external-store@npm:^1.4.0":
  version: 1.6.0
  resolution: "use-sync-external-store@npm:1.6.0"
  peerDependencies:
    react: ^16.8.0 || ^17.0.0 || ^18.0.0 || ^19.0.0
  checksum: 61a62e910713adfaf91bdb72ff2cd30e5ba83687accaf3b6e75a903b45bf635f5722e3694af30d83a03e92cb533c0a5c699298d2fef639a03ffc86b469f4eee2
  languageName: node
  linkType: hard

"victory-vendor@npm:^37.0.2":
  version: 37.3.6
  resolution: "victory-vendor@npm:37.3.6"
  dependencies:
    "@types/d3-array": ^3.0.3
    "@types/d3-ease": ^3.0.0
    "@types/d3-interpolate": ^3.0.1
    "@types/d3-scale": ^4.0.2
    "@types/d3-shape": ^3.1.0
    "@types/d3-time": ^3.0.0
    "@types/d3-timer": ^3.0.0
    d3-array: ^3.1.6
    d3-ease: ^3.0.1
    d3-interpolate: ^3.0.1
    d3-scale: ^4.0.2
    d3-shape: ^3.1.0
    d3-time: ^3.0.0
    d3-timer: ^3.0.1
  checksum: fc49f195823f59466ac66d10266e5af783777a1da2f84aad7d3023ce2db149fd1522f1ecbd6d3223849ec1f4c33ba2e8fd9a5eb0443f076698c5832ed574731a
  languageName: node
  linkType: hard

"which@npm:^7.0.0":
  version: 7.0.0
  resolution: "which@npm:7.0.0"
  dependencies:
    isexe: ^4.0.0
  bin:
    node-which: bin/which.js
  checksum: 913a43ac10df37602ba9795a004dd7ab12ba7dd592aca1f08ec333be1fdd6a49bbf119a88c3f8d0ea70eeb6251726e77069251424d73000299a0a840ed000732
  languageName: node
  linkType: hard

"yallist@npm:^5.0.0":
  version: 5.0.0
  resolution: "yallist@npm:5.0.0"
  checksum: eba51182400b9f35b017daa7f419f434424410691bbc5de4f4240cc830fdef906b504424992700dc047f16b4d99100a6f8b8b11175c193f38008e9c96322b6a5
  languageName: node
  linkType: hard

"zimmerframe@npm:^1.1.2":
  version: 1.1.2
  resolution: "zimmerframe@npm:1.1.2"
  checksum: 83b05c0b73ae45c520af7f0c856c1ea56728047d41dcec6b86a2016ad8cbe8694e8efdb0ea973f55fa72bbb851fbceaadcba748c0fd000ef17d095e7ee366f00
  languageName: node
  linkType: hard
