
Microsoft Visual Studio Solution File, Format Version 12.00
# Visual Studio Version 17
VisualStudioVersion = 17.0.31919.166
MinimumVisualStudioVersion = 10.0.40219.1
Project("{2150E333-8FDC-42A3-9474-1A3956D46DE8}") = "Api", "Api", "{0AE0961C-5838-4868-B84C-B73D23A997A3}"
EndProject
Project("{9A19103F-16F7-4668-BE54-9A1E7A4F7556}") = "DotVVM.Framework.Api.Swashbuckle.AspNetCore.Tests", "Api\Swashbuckle.AspNetCore.Tests\DotVVM.Framework.Api.Swashbuckle.AspNetCore.Tests.csproj", "{F8BD5766-A21F-4DED-8CEF-E9B7F145BFF0}"
EndProject
Project("{9A19103F-16F7-4668-BE54-9A1E7A4F7556}") = "DotVVM.Framework.Api.Swashbuckle.AspNetCore", "Api\Swashbuckle.AspNetCore\DotVVM.Framework.Api.Swashbuckle.AspNetCore.csproj", "{C6D75B1C-6EBE-4FEE-802F-5FBB92CD6498}"
EndProject
Project("{9A19103F-16F7-4668-BE54-9A1E7A4F7556}") = "DotVVM.Framework.Api.Swashbuckle.Owin.Tests", "Api\Swashbuckle.Owin.Tests\DotVVM.Framework.Api.Swashbuckle.Owin.Tests.csproj", "{CDAA2A06-2070-4F85-BD35-8C910013FB77}"
EndProject
Project("{9A19103F-16F7-4668-BE54-9A1E7A4F7556}") = "DotVVM.Framework.Api.Swashbuckle.Owin", "Api\Swashbuckle.Owin\DotVVM.Framework.Api.Swashbuckle.Owin.csproj", "{F84F7D75-0EB6-40B7-992E-9125D638B2D5}"
EndProject
Project("{2150E333-8FDC-42A3-9474-1A3956D46DE8}") = "Framework", "Framework", "{F211156C-FEE6-464C-A7A7-317D16DD3D8B}"
EndProject
Project("{9A19103F-16F7-4668-BE54-9A1E7A4F7556}") = "DotVVM.Core", "Framework\Core\DotVVM.Core.csproj", "{4719C637-BF14-4CB8-B8F3-C69F9AD12E38}"
EndProject
Project("{9A19103F-16F7-4668-BE54-9A1E7A4F7556}") = "DotVVM.Framework", "Framework\Framework\DotVVM.Framework.csproj", "{D7CDC661-0C0F-4621-9A33-369352F12FE8}"
EndProject
Project("{9A19103F-16F7-4668-BE54-9A1E7A4F7556}") = "DotVVM.Framework.Hosting.AspNetCore", "Framework\Hosting.AspNetCore\DotVVM.Framework.Hosting.AspNetCore.csproj", "{0EAEF5D7-FE08-4E42-BF21-93876A88B26E}"
EndProject
Project("{9A19103F-16F7-4668-BE54-9A1E7A4F7556}") = "DotVVM.Framework.Hosting.Owin", "Framework\Hosting.Owin\DotVVM.Framework.Hosting.Owin.csproj", "{C288FAE4-80F4-422D-9019-03C5039C1829}"
EndProject
Project("{9A19103F-16F7-4668-BE54-9A1E7A4F7556}") = "DotVVM.Framework.Testing.SeleniumHelpers", "Framework\Testing.SeleniumHelpers\DotVVM.Framework.Testing.SeleniumHelpers.csproj", "{DFBB6D46-9F24-4E3D-A66C-9B5DDB9E761A}"
EndProject
Project("{9A19103F-16F7-4668-BE54-9A1E7A4F7556}") = "DotVVM.Framework.Testing", "Framework\Testing\DotVVM.Framework.Testing.csproj", "{2E077EBA-5F60-4C3A-8F1B-48A3B7CB00C0}"
EndProject
Project("{2150E333-8FDC-42A3-9474-1A3956D46DE8}") = "Samples", "Samples", "{DC6E006E-EE9D-481D-B94C-8A53331BCBC1}"
EndProject
Project("{9A19103F-16F7-4668-BE54-9A1E7A4F7556}") = "DotVVM.Samples.BasicSamples.Api.AspNetCore", "Samples\Api.AspNetCore\DotVVM.Samples.BasicSamples.Api.AspNetCore.csproj", "{AF04B0BD-AB1A-4704-8B9E-D10C6DDF1DCF}"
EndProject
Project("{9A19103F-16F7-4668-BE54-9A1E7A4F7556}") = "DotVVM.Samples.BasicSamples.Api.AspNetCoreLatest", "Samples\Api.AspNetCoreLatest\DotVVM.Samples.BasicSamples.Api.AspNetCoreLatest.csproj", "{2B898435-9787-4B9B-BDD2-4C3FA429C647}"
EndProject
Project("{9A19103F-16F7-4668-BE54-9A1E7A4F7556}") = "DotVVM.Samples.BasicSamples.Api.Common", "Samples\Api.Common\DotVVM.Samples.BasicSamples.Api.Common.csproj", "{B7C75D47-3F68-45A0-98EF-FCA1E44F67B0}"
EndProject
Project("{9A19103F-16F7-4668-BE54-9A1E7A4F7556}") = "DotVVM.Samples.BasicSamples.AspNetCore", "Samples\AspNetCore\DotVVM.Samples.BasicSamples.AspNetCore.csproj", "{FDF65F2D-0BA3-44D6-BF2B-1236C8507EC3}"
EndProject
Project("{9A19103F-16F7-4668-BE54-9A1E7A4F7556}") = "DotVVM.Samples.BasicSamples.AspNetCoreLatest", "Samples\AspNetCoreLatest\DotVVM.Samples.BasicSamples.AspNetCoreLatest.csproj", "{7A25D65A-FE0C-4518-AC69-8312E3DD80D4}"
EndProject
Project("{9A19103F-16F7-4668-BE54-9A1E7A4F7556}") = "DotVVM.Samples.Common", "Samples\Common\DotVVM.Samples.Common.csproj", "{BD655B36-4C34-41B1-85B5-B04C7B22B9C5}"
EndProject
Project("{9A19103F-16F7-4668-BE54-9A1E7A4F7556}") = "EmbeddedResourceControls", "Samples\EmbeddedResourceControls\EmbeddedResourceControls.csproj", "{29B37908-B216-4652-B793-E53E39780E01}"
EndProject
Project("{2150E333-8FDC-42A3-9474-1A3956D46DE8}") = "Tests", "Tests", "{AAB4D0DA-18DD-4FF5-B832-2BF1BADEDD22}"
EndProject
Project("{9A19103F-16F7-4668-BE54-9A1E7A4F7556}") = "DotVVM.Testing.Abstractions", "Samples\Tests\Abstractions\DotVVM.Testing.Abstractions.csproj", "{01D2BD97-49DD-47A9-B471-652967BD393E}"
EndProject
Project("{9A19103F-16F7-4668-BE54-9A1E7A4F7556}") = "DotVVM.Samples.Tests.CompletenessChecker", "Samples\Tests\CompletenessChecker\DotVVM.Samples.Tests.CompletenessChecker.csproj", "{3501259A-7A3B-43FF-A648-3930ECD0C324}"
EndProject
Project("{9A19103F-16F7-4668-BE54-9A1E7A4F7556}") = "DotVVM.Samples.Tests", "Samples\Tests\Tests\DotVVM.Samples.Tests.csproj", "{4C40EAF3-C76F-48F2-B6CB-E866AF613D01}"
EndProject
Project("{2150E333-8FDC-42A3-9474-1A3956D46DE8}") = "Tests", "Tests", "{39D9C693-FDAF-4EAD-AFC6-D5F311AAF27F}"
EndProject
Project("{9A19103F-16F7-4668-BE54-9A1E7A4F7556}") = "DotVVM.Framework.Tests", "Tests\DotVVM.Framework.Tests.csproj", "{5A957493-0B4D-4133-B067-CF5FE3F114F9}"
EndProject
Project("{2150E333-8FDC-42A3-9474-1A3956D46DE8}") = "Tools", "Tools", "{E57EE0B8-30FC-4702-B310-FB82C19D7473}"
EndProject
Project("{9A19103F-16F7-4668-BE54-9A1E7A4F7556}") = "DotVVM.CommandLine", "Tools\CommandLine\DotVVM.CommandLine.csproj", "{E6C4B4CA-5F18-4E38-AE1E-9B4391B611D0}"
EndProject
Project("{9A19103F-16F7-4668-BE54-9A1E7A4F7556}") = "DotVVM.Compiler", "Tools\Compiler\DotVVM.Compiler.csproj", "{6BF17743-8422-4458-837C-22B247B9DC38}"
EndProject
Project("{9A19103F-16F7-4668-BE54-9A1E7A4F7556}") = "DotVVM.Tools.StartupPerfTester", "Tools\StartupPerfTester\DotVVM.Tools.StartupPerfTester.csproj", "{15931432-CB16-4E1F-A8D9-87DD0A8C6CC8}"
EndProject
Project("{9A19103F-16F7-4668-BE54-9A1E7A4F7556}") = "DotVVM.Samples.BasicSamples.Api.Owin", "Samples\Api.Owin\DotVVM.Samples.BasicSamples.Api.Owin.csproj", "{5B5B07E7-BC20-4168-BE55-CF9414575D47}"
EndProject
Project("{9A19103F-16F7-4668-BE54-9A1E7A4F7556}") = "DotVVM.Samples.BasicSamples.Owin", "Samples\Owin\DotVVM.Samples.BasicSamples.Owin.csproj", "{1C7A9914-8CDC-4075-9422-37BD0E51C076}"
EndProject
Project("{2150E333-8FDC-42A3-9474-1A3956D46DE8}") = "AutoUI", "AutoUI", "{72211E6B-8744-42B5-BA3C-C86ED4344789}"
EndProject
Project("{9A19103F-16F7-4668-BE54-9A1E7A4F7556}") = "DotVVM.AutoUI", "AutoUI\Core\DotVVM.AutoUI.csproj", "{5EED6F19-632D-467F-9F1A-57DA8C555CC9}"
EndProject
Project("{9A19103F-16F7-4668-BE54-9A1E7A4F7556}") = "DotVVM.AutoUI.Annotations", "AutoUI\Annotations\DotVVM.AutoUI.Annotations.csproj", "{8371BE0F-CC94-4236-BA32-A2C0B8B486FA}"
EndProject
Project("{2150E333-8FDC-42A3-9474-1A3956D46DE8}") = "Tracing", "Tracing", "{C68603A3-5E43-46CF-AE6C-1463BDDF7948}"
EndProject
Project("{9A19103F-16F7-4668-BE54-9A1E7A4F7556}") = "DotVVM.Tracing.ApplicationInsights", "Tracing\ApplicationInsights\DotVVM.Tracing.ApplicationInsights.csproj", "{99F82F2A-1239-441C-93C8-B07099FE7576}"
EndProject
Project("{9A19103F-16F7-4668-BE54-9A1E7A4F7556}") = "DotVVM.Tracing.ApplicationInsights.AspNetCore", "Tracing\ApplicationInsights.AspNetCore\DotVVM.Tracing.ApplicationInsights.AspNetCore.csproj", "{30F2B334-EA62-4C2C-8362-320A08CAFBF4}"
EndProject
Project("{9A19103F-16F7-4668-BE54-9A1E7A4F7556}") = "DotVVM.Tracing.MiniProfiler.AspNetCore", "Tracing\MiniProfiler.AspNetCore\DotVVM.Tracing.MiniProfiler.AspNetCore.csproj", "{C474EF4C-8D49-4983-8D20-5BEFF46F2A19}"
EndProject
Project("{9A19103F-16F7-4668-BE54-9A1E7A4F7556}") = "DotVVM.Tracing.MiniProfiler.Owin", "Tracing\MiniProfiler.Owin\DotVVM.Tracing.MiniProfiler.Owin.csproj", "{35F3D396-E702-4ACB-BE7E-301E52561559}"
EndProject
Project("{D954291E-2A0B-460D-934E-DC6B0785DB48}") = "DotVVM.Tracing.MiniProfiler.Shared", "Tracing\MiniProfiler.Shared\DotVVM.Tracing.MiniProfiler.Shared.shproj", "{407D8620-72C2-454C-945D-840130D80D0B}"
EndProject
Project("{9A19103F-16F7-4668-BE54-9A1E7A4F7556}") = "DotVVM.Tracing.ApplicationInsights.Owin", "Tracing\ApplicationInsights.Owin\DotVVM.Tracing.ApplicationInsights.Owin.csproj", "{9FD298FC-CB6D-4C61-B266-742B66F15A85}"
EndProject
Project("{9A19103F-16F7-4668-BE54-9A1E7A4F7556}") = "DotVVM.Samples.ApplicationInsights.AspNetCore", "Samples\ApplicationInsights.AspNetCore\DotVVM.Samples.ApplicationInsights.AspNetCore.csproj", "{C988A081-663F-4F4B-9302-50735C07FD18}"
EndProject
Project("{9A19103F-16F7-4668-BE54-9A1E7A4F7556}") = "DotVVM.Samples.MiniProfiler.AspNetCore", "Samples\MiniProfiler.AspNetCore\DotVVM.Samples.MiniProfiler.AspNetCore.csproj", "{2ACC89F1-F7CA-4406-ACD7-3B62DE20686F}"
EndProject
Project("{9A19103F-16F7-4668-BE54-9A1E7A4F7556}") = "DotVVM.Samples.ApplicationInsights.Owin", "Samples\ApplicationInsights.Owin\DotVVM.Samples.ApplicationInsights.Owin.csproj", "{85617AC0-D0A5-40B8-8C81-4B13877E7837}"
EndProject
Project("{9A19103F-16F7-4668-BE54-9A1E7A4F7556}") = "DotVVM.Samples.MiniProfiler.Owin", "Samples\MiniProfiler.Owin\DotVVM.Samples.MiniProfiler.Owin.csproj", "{24B04C26-27FB-423A-813D-662B5176F836}"
EndProject
Project("{2150E333-8FDC-42A3-9474-1A3956D46DE8}") = "HotReload", "HotReload", "{C7EDA97F-E024-4CEB-A712-F20B94937F96}"
EndProject
Project("{9A19103F-16F7-4668-BE54-9A1E7A4F7556}") = "DotVVM.HotReload", "Tools\HotReload\Common\DotVVM.HotReload.csproj", "{E43B5815-60EC-4CFE-BF14-FDA00AB867BC}"
EndProject
Project("{9A19103F-16F7-4668-BE54-9A1E7A4F7556}") = "DotVVM.HotReload.AspNetCore", "Tools\HotReload\AspNetCore\DotVVM.HotReload.AspNetCore.csproj", "{CFB0133F-8D66-4507-90A7-2EFEB1D8BAB2}"
EndProject
Project("{9A19103F-16F7-4668-BE54-9A1E7A4F7556}") = "DotVVM.HotReload.Owin", "Tools\HotReload\Owin\DotVVM.HotReload.Owin.csproj", "{9F9340B7-C481-4D27-9624-B3D43FE12AF0}"
EndProject
Project("{2150E333-8FDC-42A3-9474-1A3956D46DE8}") = "Analyzers", "Analyzers", "{D10C02E0-DB0B-49F2-8D2E-BA3B5ED4654C}"
EndProject
Project("{9A19103F-16F7-4668-BE54-9A1E7A4F7556}") = "DotVVM.Analyzers", "Analyzers\Analyzers\DotVVM.Analyzers.csproj", "{E99AB44B-C297-46F0-8E97-4C0F58D84E99}"
EndProject
Project("{9A19103F-16F7-4668-BE54-9A1E7A4F7556}") = "DotVVM.Analyzers.CodeFixes", "Analyzers\Analyzers.CodeFixes\DotVVM.Analyzers.CodeFixes.csproj", "{6B10E0E9-C458-4BED-A61E-E131EBE59611}"
EndProject
Project("{9A19103F-16F7-4668-BE54-9A1E7A4F7556}") = "DotVVM.Analyzers.Package", "Analyzers\Analyzers.Package\DotVVM.Analyzers.Package.csproj", "{CA24D1FC-6C97-4529-894C-D026E690BD87}"
EndProject
Project("{9A19103F-16F7-4668-BE54-9A1E7A4F7556}") = "DotVVM.Analyzers.Tests", "Analyzers\Analyzers.Tests\DotVVM.Analyzers.Tests.csproj", "{EB51ADB0-A0B8-4252-978D-9EEB9E9C9344}"
EndProject
Project("{2150E333-8FDC-42A3-9474-1A3956D46DE8}") = "Tests", "Tests", "{DB0AB0C3-DA5E-4B5A-9CD4-036D37B50AED}"
EndProject
Project("{2150E333-8FDC-42A3-9474-1A3956D46DE8}") = "DynamicData", "DynamicData", "{CF90322D-63BC-4047-BFEA-EE87E45020AF}"
EndProject
Project("{9A19103F-16F7-4668-BE54-9A1E7A4F7556}") = "DotVVM.Framework.Controls.DynamicData.Annotations", "DynamicData\Annotations\DotVVM.Framework.Controls.DynamicData.Annotations.csproj", "{3209E1B1-88BB-4A95-B234-950E89EFCEE0}"
EndProject
Project("{9A19103F-16F7-4668-BE54-9A1E7A4F7556}") = "DotVVM.Framework.Controls.DynamicData", "DynamicData\DynamicData\DotVVM.Framework.Controls.DynamicData.csproj", "{9E19A537-E1B2-4D1E-A904-D99D4222474F}"
EndProject
Project("{2150E333-8FDC-42A3-9474-1A3956D46DE8}") = "Adapters", "Adapters", "{11C116EC-5E5A-400A-9311-0732DD69401C}"
EndProject
Project("{2150E333-8FDC-42A3-9474-1A3956D46DE8}") = "WebForms", "WebForms", "{42513853-3772-46D2-94C2-965101E2406D}"
EndProject
Project("{2150E333-8FDC-42A3-9474-1A3956D46DE8}") = "Tests", "Tests", "{05A3401A-C541-4F7C-AAD8-02A23648CD27}"
EndProject
Project("{9A19103F-16F7-4668-BE54-9A1E7A4F7556}") = "DotVVM.Adapters.WebForms.Tests", "Adapters\Tests\WebForms\DotVVM.Adapters.WebForms.Tests.csproj", "{A6A8451E-99D8-4296-BBA9-69E1E289270A}"
EndProject
Project("{9A19103F-16F7-4668-BE54-9A1E7A4F7556}") = "DotVVM.Adapters.WebForms", "Adapters\WebForms\DotVVM.Adapters.WebForms.csproj", "{25442AA8-7E4D-47EC-8CCB-F9E2B45EB998}"
EndProject
Project("{FAE04EC0-301F-11D3-BF4B-00C04F79EFBC}") = "DotVVM.Analyzers.SourceGenerators", "Analyzers\DotVVM.Analyzers.SourceGenerators\DotVVM.Analyzers.SourceGenerators.csproj", "{556CF9DA-CD82-4DFF-90E2-BD0698359DF4}"
EndProject
Global
	GlobalSection(SolutionConfigurationPlatforms) = preSolution
		Debug|Any CPU = Debug|Any CPU
		Debug|x64 = Debug|x64
		Debug|x86 = Debug|x86
		Release|Any CPU = Release|Any CPU
		Release|x64 = Release|x64
		Release|x86 = Release|x86
	EndGlobalSection
	GlobalSection(ProjectConfigurationPlatforms) = postSolution
		{F8BD5766-A21F-4DED-8CEF-E9B7F145BFF0}.Debug|Any CPU.ActiveCfg = Debug|Any CPU
		{F8BD5766-A21F-4DED-8CEF-E9B7F145BFF0}.Debug|Any CPU.Build.0 = Debug|Any CPU
		{F8BD5766-A21F-4DED-8CEF-E9B7F145BFF0}.Debug|x64.ActiveCfg = Debug|Any CPU
		{F8BD5766-A21F-4DED-8CEF-E9B7F145BFF0}.Debug|x64.Build.0 = Debug|Any CPU
		{F8BD5766-A21F-4DED-8CEF-E9B7F145BFF0}.Debug|x86.ActiveCfg = Debug|Any CPU
		{F8BD5766-A21F-4DED-8CEF-E9B7F145BFF0}.Debug|x86.Build.0 = Debug|Any CPU
		{F8BD5766-A21F-4DED-8CEF-E9B7F145BFF0}.Release|Any CPU.ActiveCfg = Release|Any CPU
		{F8BD5766-A21F-4DED-8CEF-E9B7F145BFF0}.Release|Any CPU.Build.0 = Release|Any CPU
		{F8BD5766-A21F-4DED-8CEF-E9B7F145BFF0}.Release|x64.ActiveCfg = Release|Any CPU
		{F8BD5766-A21F-4DED-8CEF-E9B7F145BFF0}.Release|x64.Build.0 = Release|Any CPU
		{F8BD5766-A21F-4DED-8CEF-E9B7F145BFF0}.Release|x86.ActiveCfg = Release|Any CPU
		{F8BD5766-A21F-4DED-8CEF-E9B7F145BFF0}.Release|x86.Build.0 = Release|Any CPU
		{C6D75B1C-6EBE-4FEE-802F-5FBB92CD6498}.Debug|Any CPU.ActiveCfg = Debug|Any CPU
		{C6D75B1C-6EBE-4FEE-802F-5FBB92CD6498}.Debug|Any CPU.Build.0 = Debug|Any CPU
		{C6D75B1C-6EBE-4FEE-802F-5FBB92CD6498}.Debug|x64.ActiveCfg = Debug|Any CPU
		{C6D75B1C-6EBE-4FEE-802F-5FBB92CD6498}.Debug|x64.Build.0 = Debug|Any CPU
		{C6D75B1C-6EBE-4FEE-802F-5FBB92CD6498}.Debug|x86.ActiveCfg = Debug|Any CPU
		{C6D75B1C-6EBE-4FEE-802F-5FBB92CD6498}.Debug|x86.Build.0 = Debug|Any CPU
		{C6D75B1C-6EBE-4FEE-802F-5FBB92CD6498}.Release|Any CPU.ActiveCfg = Release|Any CPU
		{C6D75B1C-6EBE-4FEE-802F-5FBB92CD6498}.Release|Any CPU.Build.0 = Release|Any CPU
		{C6D75B1C-6EBE-4FEE-802F-5FBB92CD6498}.Release|x64.ActiveCfg = Release|Any CPU
		{C6D75B1C-6EBE-4FEE-802F-5FBB92CD6498}.Release|x64.Build.0 = Release|Any CPU
		{C6D75B1C-6EBE-4FEE-802F-5FBB92CD6498}.Release|x86.ActiveCfg = Release|Any CPU
		{C6D75B1C-6EBE-4FEE-802F-5FBB92CD6498}.Release|x86.Build.0 = Release|Any CPU
		{CDAA2A06-2070-4F85-BD35-8C910013FB77}.Debug|Any CPU.ActiveCfg = Debug|Any CPU
		{CDAA2A06-2070-4F85-BD35-8C910013FB77}.Debug|Any CPU.Build.0 = Debug|Any CPU
		{CDAA2A06-2070-4F85-BD35-8C910013FB77}.Debug|x64.ActiveCfg = Debug|Any CPU
		{CDAA2A06-2070-4F85-BD35-8C910013FB77}.Debug|x64.Build.0 = Debug|Any CPU
		{CDAA2A06-2070-4F85-BD35-8C910013FB77}.Debug|x86.ActiveCfg = Debug|Any CPU
		{CDAA2A06-2070-4F85-BD35-8C910013FB77}.Debug|x86.Build.0 = Debug|Any CPU
		{CDAA2A06-2070-4F85-BD35-8C910013FB77}.Release|Any CPU.ActiveCfg = Debug|Any CPU
		{CDAA2A06-2070-4F85-BD35-8C910013FB77}.Release|Any CPU.Build.0 = Debug|Any CPU
		{CDAA2A06-2070-4F85-BD35-8C910013FB77}.Release|x64.ActiveCfg = Debug|Any CPU
		{CDAA2A06-2070-4F85-BD35-8C910013FB77}.Release|x64.Build.0 = Debug|Any CPU
		{CDAA2A06-2070-4F85-BD35-8C910013FB77}.Release|x86.ActiveCfg = Debug|Any CPU
		{CDAA2A06-2070-4F85-BD35-8C910013FB77}.Release|x86.Build.0 = Debug|Any CPU
		{F84F7D75-0EB6-40B7-992E-9125D638B2D5}.Debug|Any CPU.ActiveCfg = Debug|Any CPU
		{F84F7D75-0EB6-40B7-992E-9125D638B2D5}.Debug|Any CPU.Build.0 = Debug|Any CPU
		{F84F7D75-0EB6-40B7-992E-9125D638B2D5}.Debug|x64.ActiveCfg = Debug|Any CPU
		{F84F7D75-0EB6-40B7-992E-9125D638B2D5}.Debug|x64.Build.0 = Debug|Any CPU
		{F84F7D75-0EB6-40B7-992E-9125D638B2D5}.Debug|x86.ActiveCfg = Debug|Any CPU
		{F84F7D75-0EB6-40B7-992E-9125D638B2D5}.Debug|x86.Build.0 = Debug|Any CPU
		{F84F7D75-0EB6-40B7-992E-9125D638B2D5}.Release|Any CPU.ActiveCfg = Release|Any CPU
		{F84F7D75-0EB6-40B7-992E-9125D638B2D5}.Release|Any CPU.Build.0 = Release|Any CPU
		{F84F7D75-0EB6-40B7-992E-9125D638B2D5}.Release|x64.ActiveCfg = Release|Any CPU
		{F84F7D75-0EB6-40B7-992E-9125D638B2D5}.Release|x64.Build.0 = Release|Any CPU
		{F84F7D75-0EB6-40B7-992E-9125D638B2D5}.Release|x86.ActiveCfg = Release|Any CPU
		{F84F7D75-0EB6-40B7-992E-9125D638B2D5}.Release|x86.Build.0 = Release|Any CPU
		{4719C637-BF14-4CB8-B8F3-C69F9AD12E38}.Debug|Any CPU.ActiveCfg = Debug|Any CPU
		{4719C637-BF14-4CB8-B8F3-C69F9AD12E38}.Debug|Any CPU.Build.0 = Debug|Any CPU
		{4719C637-BF14-4CB8-B8F3-C69F9AD12E38}.Debug|x64.ActiveCfg = Debug|Any CPU
		{4719C637-BF14-4CB8-B8F3-C69F9AD12E38}.Debug|x64.Build.0 = Debug|Any CPU
		{4719C637-BF14-4CB8-B8F3-C69F9AD12E38}.Debug|x86.ActiveCfg = Debug|Any CPU
		{4719C637-BF14-4CB8-B8F3-C69F9AD12E38}.Debug|x86.Build.0 = Debug|Any CPU
		{4719C637-BF14-4CB8-B8F3-C69F9AD12E38}.Release|Any CPU.ActiveCfg = Release|Any CPU
		{4719C637-BF14-4CB8-B8F3-C69F9AD12E38}.Release|Any CPU.Build.0 = Release|Any CPU
		{4719C637-BF14-4CB8-B8F3-C69F9AD12E38}.Release|x64.ActiveCfg = Release|Any CPU
		{4719C637-BF14-4CB8-B8F3-C69F9AD12E38}.Release|x64.Build.0 = Release|Any CPU
		{4719C637-BF14-4CB8-B8F3-C69F9AD12E38}.Release|x86.ActiveCfg = Release|Any CPU
		{4719C637-BF14-4CB8-B8F3-C69F9AD12E38}.Release|x86.Build.0 = Release|Any CPU
		{D7CDC661-0C0F-4621-9A33-369352F12FE8}.Debug|Any CPU.ActiveCfg = Debug|Any CPU
		{D7CDC661-0C0F-4621-9A33-369352F12FE8}.Debug|Any CPU.Build.0 = Debug|Any CPU
		{D7CDC661-0C0F-4621-9A33-369352F12FE8}.Debug|x64.ActiveCfg = Debug|Any CPU
		{D7CDC661-0C0F-4621-9A33-369352F12FE8}.Debug|x64.Build.0 = Debug|Any CPU
		{D7CDC661-0C0F-4621-9A33-369352F12FE8}.Debug|x86.ActiveCfg = Debug|Any CPU
		{D7CDC661-0C0F-4621-9A33-369352F12FE8}.Debug|x86.Build.0 = Debug|Any CPU
		{D7CDC661-0C0F-4621-9A33-369352F12FE8}.Release|Any CPU.ActiveCfg = Release|Any CPU
		{D7CDC661-0C0F-4621-9A33-369352F12FE8}.Release|Any CPU.Build.0 = Release|Any CPU
		{D7CDC661-0C0F-4621-9A33-369352F12FE8}.Release|x64.ActiveCfg = Release|Any CPU
		{D7CDC661-0C0F-4621-9A33-369352F12FE8}.Release|x64.Build.0 = Release|Any CPU
		{D7CDC661-0C0F-4621-9A33-369352F12FE8}.Release|x86.ActiveCfg = Release|Any CPU
		{D7CDC661-0C0F-4621-9A33-369352F12FE8}.Release|x86.Build.0 = Release|Any CPU
		{0EAEF5D7-FE08-4E42-BF21-93876A88B26E}.Debug|Any CPU.ActiveCfg = Debug|Any CPU
		{0EAEF5D7-FE08-4E42-BF21-93876A88B26E}.Debug|Any CPU.Build.0 = Debug|Any CPU
		{0EAEF5D7-FE08-4E42-BF21-93876A88B26E}.Debug|x64.ActiveCfg = Debug|Any CPU
		{0EAEF5D7-FE08-4E42-BF21-93876A88B26E}.Debug|x64.Build.0 = Debug|Any CPU
		{0EAEF5D7-FE08-4E42-BF21-93876A88B26E}.Debug|x86.ActiveCfg = Debug|Any CPU
		{0EAEF5D7-FE08-4E42-BF21-93876A88B26E}.Debug|x86.Build.0 = Debug|Any CPU
		{0EAEF5D7-FE08-4E42-BF21-93876A88B26E}.Release|Any CPU.ActiveCfg = Release|Any CPU
		{0EAEF5D7-FE08-4E42-BF21-93876A88B26E}.Release|Any CPU.Build.0 = Release|Any CPU
		{0EAEF5D7-FE08-4E42-BF21-93876A88B26E}.Release|x64.ActiveCfg = Release|Any CPU
		{0EAEF5D7-FE08-4E42-BF21-93876A88B26E}.Release|x64.Build.0 = Release|Any CPU
		{0EAEF5D7-FE08-4E42-BF21-93876A88B26E}.Release|x86.ActiveCfg = Release|Any CPU
		{0EAEF5D7-FE08-4E42-BF21-93876A88B26E}.Release|x86.Build.0 = Release|Any CPU
		{C288FAE4-80F4-422D-9019-03C5039C1829}.Debug|Any CPU.ActiveCfg = Debug|Any CPU
		{C288FAE4-80F4-422D-9019-03C5039C1829}.Debug|Any CPU.Build.0 = Debug|Any CPU
		{C288FAE4-80F4-422D-9019-03C5039C1829}.Debug|x64.ActiveCfg = Debug|Any CPU
		{C288FAE4-80F4-422D-9019-03C5039C1829}.Debug|x64.Build.0 = Debug|Any CPU
		{C288FAE4-80F4-422D-9019-03C5039C1829}.Debug|x86.ActiveCfg = Debug|Any CPU
		{C288FAE4-80F4-422D-9019-03C5039C1829}.Debug|x86.Build.0 = Debug|Any CPU
		{C288FAE4-80F4-422D-9019-03C5039C1829}.Release|Any CPU.ActiveCfg = Release|Any CPU
		{C288FAE4-80F4-422D-9019-03C5039C1829}.Release|Any CPU.Build.0 = Release|Any CPU
		{C288FAE4-80F4-422D-9019-03C5039C1829}.Release|x64.ActiveCfg = Release|Any CPU
		{C288FAE4-80F4-422D-9019-03C5039C1829}.Release|x64.Build.0 = Release|Any CPU
		{C288FAE4-80F4-422D-9019-03C5039C1829}.Release|x86.ActiveCfg = Release|Any CPU
		{C288FAE4-80F4-422D-9019-03C5039C1829}.Release|x86.Build.0 = Release|Any CPU
		{DFBB6D46-9F24-4E3D-A66C-9B5DDB9E761A}.Debug|Any CPU.ActiveCfg = Debug|Any CPU
		{DFBB6D46-9F24-4E3D-A66C-9B5DDB9E761A}.Debug|Any CPU.Build.0 = Debug|Any CPU
		{DFBB6D46-9F24-4E3D-A66C-9B5DDB9E761A}.Debug|x64.ActiveCfg = Debug|Any CPU
		{DFBB6D46-9F24-4E3D-A66C-9B5DDB9E761A}.Debug|x64.Build.0 = Debug|Any CPU
		{DFBB6D46-9F24-4E3D-A66C-9B5DDB9E761A}.Debug|x86.ActiveCfg = Debug|Any CPU
		{DFBB6D46-9F24-4E3D-A66C-9B5DDB9E761A}.Debug|x86.Build.0 = Debug|Any CPU
		{DFBB6D46-9F24-4E3D-A66C-9B5DDB9E761A}.Release|Any CPU.ActiveCfg = Release|Any CPU
		{DFBB6D46-9F24-4E3D-A66C-9B5DDB9E761A}.Release|Any CPU.Build.0 = Release|Any CPU
		{DFBB6D46-9F24-4E3D-A66C-9B5DDB9E761A}.Release|x64.ActiveCfg = Release|Any CPU
		{DFBB6D46-9F24-4E3D-A66C-9B5DDB9E761A}.Release|x64.Build.0 = Release|Any CPU
		{DFBB6D46-9F24-4E3D-A66C-9B5DDB9E761A}.Release|x86.ActiveCfg = Release|Any CPU
		{DFBB6D46-9F24-4E3D-A66C-9B5DDB9E761A}.Release|x86.Build.0 = Release|Any CPU
		{2E077EBA-5F60-4C3A-8F1B-48A3B7CB00C0}.Debug|Any CPU.ActiveCfg = Debug|Any CPU
		{2E077EBA-5F60-4C3A-8F1B-48A3B7CB00C0}.Debug|Any CPU.Build.0 = Debug|Any CPU
		{2E077EBA-5F60-4C3A-8F1B-48A3B7CB00C0}.Debug|x64.ActiveCfg = Debug|Any CPU
		{2E077EBA-5F60-4C3A-8F1B-48A3B7CB00C0}.Debug|x64.Build.0 = Debug|Any CPU
		{2E077EBA-5F60-4C3A-8F1B-48A3B7CB00C0}.Debug|x86.ActiveCfg = Debug|Any CPU
		{2E077EBA-5F60-4C3A-8F1B-48A3B7CB00C0}.Debug|x86.Build.0 = Debug|Any CPU
		{2E077EBA-5F60-4C3A-8F1B-48A3B7CB00C0}.Release|Any CPU.ActiveCfg = Release|Any CPU
		{2E077EBA-5F60-4C3A-8F1B-48A3B7CB00C0}.Release|Any CPU.Build.0 = Release|Any CPU
		{2E077EBA-5F60-4C3A-8F1B-48A3B7CB00C0}.Release|x64.ActiveCfg = Release|Any CPU
		{2E077EBA-5F60-4C3A-8F1B-48A3B7CB00C0}.Release|x64.Build.0 = Release|Any CPU
		{2E077EBA-5F60-4C3A-8F1B-48A3B7CB00C0}.Release|x86.ActiveCfg = Release|Any CPU
		{2E077EBA-5F60-4C3A-8F1B-48A3B7CB00C0}.Release|x86.Build.0 = Release|Any CPU
		{AF04B0BD-AB1A-4704-8B9E-D10C6DDF1DCF}.Debug|Any CPU.ActiveCfg = Debug|Any CPU
		{AF04B0BD-AB1A-4704-8B9E-D10C6DDF1DCF}.Debug|Any CPU.Build.0 = Debug|Any CPU
		{AF04B0BD-AB1A-4704-8B9E-D10C6DDF1DCF}.Debug|x64.ActiveCfg = Debug|Any CPU
		{AF04B0BD-AB1A-4704-8B9E-D10C6DDF1DCF}.Debug|x64.Build.0 = Debug|Any CPU
		{AF04B0BD-AB1A-4704-8B9E-D10C6DDF1DCF}.Debug|x86.ActiveCfg = Debug|Any CPU
		{AF04B0BD-AB1A-4704-8B9E-D10C6DDF1DCF}.Debug|x86.Build.0 = Debug|Any CPU
		{AF04B0BD-AB1A-4704-8B9E-D10C6DDF1DCF}.Release|Any CPU.ActiveCfg = Release|Any CPU
		{AF04B0BD-AB1A-4704-8B9E-D10C6DDF1DCF}.Release|Any CPU.Build.0 = Release|Any CPU
		{AF04B0BD-AB1A-4704-8B9E-D10C6DDF1DCF}.Release|x64.ActiveCfg = Release|Any CPU
		{AF04B0BD-AB1A-4704-8B9E-D10C6DDF1DCF}.Release|x64.Build.0 = Release|Any CPU
		{AF04B0BD-AB1A-4704-8B9E-D10C6DDF1DCF}.Release|x86.ActiveCfg = Release|Any CPU
		{AF04B0BD-AB1A-4704-8B9E-D10C6DDF1DCF}.Release|x86.Build.0 = Release|Any CPU
		{2B898435-9787-4B9B-BDD2-4C3FA429C647}.Debug|Any CPU.ActiveCfg = Debug|Any CPU
		{2B898435-9787-4B9B-BDD2-4C3FA429C647}.Debug|Any CPU.Build.0 = Debug|Any CPU
		{2B898435-9787-4B9B-BDD2-4C3FA429C647}.Debug|x64.ActiveCfg = Debug|Any CPU
		{2B898435-9787-4B9B-BDD2-4C3FA429C647}.Debug|x64.Build.0 = Debug|Any CPU
		{2B898435-9787-4B9B-BDD2-4C3FA429C647}.Debug|x86.ActiveCfg = Debug|Any CPU
		{2B898435-9787-4B9B-BDD2-4C3FA429C647}.Debug|x86.Build.0 = Debug|Any CPU
		{2B898435-9787-4B9B-BDD2-4C3FA429C647}.Release|Any CPU.ActiveCfg = Release|Any CPU
		{2B898435-9787-4B9B-BDD2-4C3FA429C647}.Release|Any CPU.Build.0 = Release|Any CPU
		{2B898435-9787-4B9B-BDD2-4C3FA429C647}.Release|x64.ActiveCfg = Release|Any CPU
		{2B898435-9787-4B9B-BDD2-4C3FA429C647}.Release|x64.Build.0 = Release|Any CPU
		{2B898435-9787-4B9B-BDD2-4C3FA429C647}.Release|x86.ActiveCfg = Release|Any CPU
		{2B898435-9787-4B9B-BDD2-4C3FA429C647}.Release|x86.Build.0 = Release|Any CPU
		{B7C75D47-3F68-45A0-98EF-FCA1E44F67B0}.Debug|Any CPU.ActiveCfg = Debug|Any CPU
		{B7C75D47-3F68-45A0-98EF-FCA1E44F67B0}.Debug|Any CPU.Build.0 = Debug|Any CPU
		{B7C75D47-3F68-45A0-98EF-FCA1E44F67B0}.Debug|x64.ActiveCfg = Debug|Any CPU
		{B7C75D47-3F68-45A0-98EF-FCA1E44F67B0}.Debug|x64.Build.0 = Debug|Any CPU
		{B7C75D47-3F68-45A0-98EF-FCA1E44F67B0}.Debug|x86.ActiveCfg = Debug|Any CPU
		{B7C75D47-3F68-45A0-98EF-FCA1E44F67B0}.Debug|x86.Build.0 = Debug|Any CPU
		{B7C75D47-3F68-45A0-98EF-FCA1E44F67B0}.Release|Any CPU.ActiveCfg = Release|Any CPU
		{B7C75D47-3F68-45A0-98EF-FCA1E44F67B0}.Release|Any CPU.Build.0 = Release|Any CPU
		{B7C75D47-3F68-45A0-98EF-FCA1E44F67B0}.Release|x64.ActiveCfg = Release|Any CPU
		{B7C75D47-3F68-45A0-98EF-FCA1E44F67B0}.Release|x64.Build.0 = Release|Any CPU
		{B7C75D47-3F68-45A0-98EF-FCA1E44F67B0}.Release|x86.ActiveCfg = Release|Any CPU
		{B7C75D47-3F68-45A0-98EF-FCA1E44F67B0}.Release|x86.Build.0 = Release|Any CPU
		{FDF65F2D-0BA3-44D6-BF2B-1236C8507EC3}.Debug|Any CPU.ActiveCfg = Debug|Any CPU
		{FDF65F2D-0BA3-44D6-BF2B-1236C8507EC3}.Debug|Any CPU.Build.0 = Debug|Any CPU
		{FDF65F2D-0BA3-44D6-BF2B-1236C8507EC3}.Debug|x64.ActiveCfg = Debug|Any CPU
		{FDF65F2D-0BA3-44D6-BF2B-1236C8507EC3}.Debug|x64.Build.0 = Debug|Any CPU
		{FDF65F2D-0BA3-44D6-BF2B-1236C8507EC3}.Debug|x86.ActiveCfg = Debug|Any CPU
		{FDF65F2D-0BA3-44D6-BF2B-1236C8507EC3}.Debug|x86.Build.0 = Debug|Any CPU
		{FDF65F2D-0BA3-44D6-BF2B-1236C8507EC3}.Release|Any CPU.ActiveCfg = Release|Any CPU
		{FDF65F2D-0BA3-44D6-BF2B-1236C8507EC3}.Release|Any CPU.Build.0 = Release|Any CPU
		{FDF65F2D-0BA3-44D6-BF2B-1236C8507EC3}.Release|x64.ActiveCfg = Release|Any CPU
		{FDF65F2D-0BA3-44D6-BF2B-1236C8507EC3}.Release|x64.Build.0 = Release|Any CPU
		{FDF65F2D-0BA3-44D6-BF2B-1236C8507EC3}.Release|x86.ActiveCfg = Release|Any CPU
		{FDF65F2D-0BA3-44D6-BF2B-1236C8507EC3}.Release|x86.Build.0 = Release|Any CPU
		{7A25D65A-FE0C-4518-AC69-8312E3DD80D4}.Debug|Any CPU.ActiveCfg = Debug|Any CPU
		{7A25D65A-FE0C-4518-AC69-8312E3DD80D4}.Debug|Any CPU.Build.0 = Debug|Any CPU
		{7A25D65A-FE0C-4518-AC69-8312E3DD80D4}.Debug|x64.ActiveCfg = Debug|Any CPU
		{7A25D65A-FE0C-4518-AC69-8312E3DD80D4}.Debug|x64.Build.0 = Debug|Any CPU
		{7A25D65A-FE0C-4518-AC69-8312E3DD80D4}.Debug|x86.ActiveCfg = Debug|Any CPU
		{7A25D65A-FE0C-4518-AC69-8312E3DD80D4}.Debug|x86.Build.0 = Debug|Any CPU
		{7A25D65A-FE0C-4518-AC69-8312E3DD80D4}.Release|Any CPU.ActiveCfg = Release|Any CPU
		{7A25D65A-FE0C-4518-AC69-8312E3DD80D4}.Release|Any CPU.Build.0 = Release|Any CPU
		{7A25D65A-FE0C-4518-AC69-8312E3DD80D4}.Release|x64.ActiveCfg = Release|Any CPU
		{7A25D65A-FE0C-4518-AC69-8312E3DD80D4}.Release|x64.Build.0 = Release|Any CPU
		{7A25D65A-FE0C-4518-AC69-8312E3DD80D4}.Release|x86.ActiveCfg = Release|Any CPU
		{7A25D65A-FE0C-4518-AC69-8312E3DD80D4}.Release|x86.Build.0 = Release|Any CPU
		{BD655B36-4C34-41B1-85B5-B04C7B22B9C5}.Debug|Any CPU.ActiveCfg = Debug|Any CPU
		{BD655B36-4C34-41B1-85B5-B04C7B22B9C5}.Debug|Any CPU.Build.0 = Debug|Any CPU
		{BD655B36-4C34-41B1-85B5-B04C7B22B9C5}.Debug|x64.ActiveCfg = Debug|Any CPU
		{BD655B36-4C34-41B1-85B5-B04C7B22B9C5}.Debug|x64.Build.0 = Debug|Any CPU
		{BD655B36-4C34-41B1-85B5-B04C7B22B9C5}.Debug|x86.ActiveCfg = Debug|Any CPU
		{BD655B36-4C34-41B1-85B5-B04C7B22B9C5}.Debug|x86.Build.0 = Debug|Any CPU
		{BD655B36-4C34-41B1-85B5-B04C7B22B9C5}.Release|Any CPU.ActiveCfg = Release|Any CPU
		{BD655B36-4C34-41B1-85B5-B04C7B22B9C5}.Release|Any CPU.Build.0 = Release|Any CPU
		{BD655B36-4C34-41B1-85B5-B04C7B22B9C5}.Release|x64.ActiveCfg = Release|Any CPU
		{BD655B36-4C34-41B1-85B5-B04C7B22B9C5}.Release|x64.Build.0 = Release|Any CPU
		{BD655B36-4C34-41B1-85B5-B04C7B22B9C5}.Release|x86.ActiveCfg = Release|Any CPU
		{BD655B36-4C34-41B1-85B5-B04C7B22B9C5}.Release|x86.Build.0 = Release|Any CPU
		{29B37908-B216-4652-B793-E53E39780E01}.Debug|Any CPU.ActiveCfg = Debug|Any CPU
		{29B37908-B216-4652-B793-E53E39780E01}.Debug|Any CPU.Build.0 = Debug|Any CPU
		{29B37908-B216-4652-B793-E53E39780E01}.Debug|x64.ActiveCfg = Debug|Any CPU
		{29B37908-B216-4652-B793-E53E39780E01}.Debug|x64.Build.0 = Debug|Any CPU
		{29B37908-B216-4652-B793-E53E39780E01}.Debug|x86.ActiveCfg = Debug|Any CPU
		{29B37908-B216-4652-B793-E53E39780E01}.Debug|x86.Build.0 = Debug|Any CPU
		{29B37908-B216-4652-B793-E53E39780E01}.Release|Any CPU.ActiveCfg = Release|Any CPU
		{29B37908-B216-4652-B793-E53E39780E01}.Release|Any CPU.Build.0 = Release|Any CPU
		{29B37908-B216-4652-B793-E53E39780E01}.Release|x64.ActiveCfg = Release|Any CPU
		{29B37908-B216-4652-B793-E53E39780E01}.Release|x64.Build.0 = Release|Any CPU
		{29B37908-B216-4652-B793-E53E39780E01}.Release|x86.ActiveCfg = Release|Any CPU
		{29B37908-B216-4652-B793-E53E39780E01}.Release|x86.Build.0 = Release|Any CPU
		{01D2BD97-49DD-47A9-B471-652967BD393E}.Debug|Any CPU.ActiveCfg = Debug|Any CPU
		{01D2BD97-49DD-47A9-B471-652967BD393E}.Debug|Any CPU.Build.0 = Debug|Any CPU
		{01D2BD97-49DD-47A9-B471-652967BD393E}.Debug|x64.ActiveCfg = Debug|Any CPU
		{01D2BD97-49DD-47A9-B471-652967BD393E}.Debug|x64.Build.0 = Debug|Any CPU
		{01D2BD97-49DD-47A9-B471-652967BD393E}.Debug|x86.ActiveCfg = Debug|Any CPU
		{01D2BD97-49DD-47A9-B471-652967BD393E}.Debug|x86.Build.0 = Debug|Any CPU
		{01D2BD97-49DD-47A9-B471-652967BD393E}.Release|Any CPU.ActiveCfg = Release|Any CPU
		{01D2BD97-49DD-47A9-B471-652967BD393E}.Release|Any CPU.Build.0 = Release|Any CPU
		{01D2BD97-49DD-47A9-B471-652967BD393E}.Release|x64.ActiveCfg = Release|Any CPU
		{01D2BD97-49DD-47A9-B471-652967BD393E}.Release|x64.Build.0 = Release|Any CPU
		{01D2BD97-49DD-47A9-B471-652967BD393E}.Release|x86.ActiveCfg = Release|Any CPU
		{01D2BD97-49DD-47A9-B471-652967BD393E}.Release|x86.Build.0 = Release|Any CPU
		{3501259A-7A3B-43FF-A648-3930ECD0C324}.Debug|Any CPU.ActiveCfg = Debug|Any CPU
		{3501259A-7A3B-43FF-A648-3930ECD0C324}.Debug|Any CPU.Build.0 = Debug|Any CPU
		{3501259A-7A3B-43FF-A648-3930ECD0C324}.Debug|x64.ActiveCfg = Debug|Any CPU
		{3501259A-7A3B-43FF-A648-3930ECD0C324}.Debug|x64.Build.0 = Debug|Any CPU
		{3501259A-7A3B-43FF-A648-3930ECD0C324}.Debug|x86.ActiveCfg = Debug|Any CPU
		{3501259A-7A3B-43FF-A648-3930ECD0C324}.Debug|x86.Build.0 = Debug|Any CPU
		{3501259A-7A3B-43FF-A648-3930ECD0C324}.Release|Any CPU.ActiveCfg = Release|Any CPU
		{3501259A-7A3B-43FF-A648-3930ECD0C324}.Release|Any CPU.Build.0 = Release|Any CPU
		{3501259A-7A3B-43FF-A648-3930ECD0C324}.Release|x64.ActiveCfg = Release|Any CPU
		{3501259A-7A3B-43FF-A648-3930ECD0C324}.Release|x64.Build.0 = Release|Any CPU
		{3501259A-7A3B-43FF-A648-3930ECD0C324}.Release|x86.ActiveCfg = Release|Any CPU
		{3501259A-7A3B-43FF-A648-3930ECD0C324}.Release|x86.Build.0 = Release|Any CPU
		{4C40EAF3-C76F-48F2-B6CB-E866AF613D01}.Debug|Any CPU.ActiveCfg = Debug|Any CPU
		{4C40EAF3-C76F-48F2-B6CB-E866AF613D01}.Debug|Any CPU.Build.0 = Debug|Any CPU
		{4C40EAF3-C76F-48F2-B6CB-E866AF613D01}.Debug|x64.ActiveCfg = Debug|Any CPU
		{4C40EAF3-C76F-48F2-B6CB-E866AF613D01}.Debug|x64.Build.0 = Debug|Any CPU
		{4C40EAF3-C76F-48F2-B6CB-E866AF613D01}.Debug|x86.ActiveCfg = Debug|Any CPU
		{4C40EAF3-C76F-48F2-B6CB-E866AF613D01}.Debug|x86.Build.0 = Debug|Any CPU
		{4C40EAF3-C76F-48F2-B6CB-E866AF613D01}.Release|Any CPU.ActiveCfg = Release|Any CPU
		{4C40EAF3-C76F-48F2-B6CB-E866AF613D01}.Release|Any CPU.Build.0 = Release|Any CPU
		{4C40EAF3-C76F-48F2-B6CB-E866AF613D01}.Release|x64.ActiveCfg = Release|Any CPU
		{4C40EAF3-C76F-48F2-B6CB-E866AF613D01}.Release|x64.Build.0 = Release|Any CPU
		{4C40EAF3-C76F-48F2-B6CB-E866AF613D01}.Release|x86.ActiveCfg = Release|Any CPU
		{4C40EAF3-C76F-48F2-B6CB-E866AF613D01}.Release|x86.Build.0 = Release|Any CPU
		{5A957493-0B4D-4133-B067-CF5FE3F114F9}.Debug|Any CPU.ActiveCfg = Debug|Any CPU
		{5A957493-0B4D-4133-B067-CF5FE3F114F9}.Debug|Any CPU.Build.0 = Debug|Any CPU
		{5A957493-0B4D-4133-B067-CF5FE3F114F9}.Debug|x64.ActiveCfg = Debug|Any CPU
		{5A957493-0B4D-4133-B067-CF5FE3F114F9}.Debug|x64.Build.0 = Debug|Any CPU
		{5A957493-0B4D-4133-B067-CF5FE3F114F9}.Debug|x86.ActiveCfg = Debug|Any CPU
		{5A957493-0B4D-4133-B067-CF5FE3F114F9}.Debug|x86.Build.0 = Debug|Any CPU
		{5A957493-0B4D-4133-B067-CF5FE3F114F9}.Release|Any CPU.ActiveCfg = Release|Any CPU
		{5A957493-0B4D-4133-B067-CF5FE3F114F9}.Release|Any CPU.Build.0 = Release|Any CPU
		{5A957493-0B4D-4133-B067-CF5FE3F114F9}.Release|x64.ActiveCfg = Release|Any CPU
		{5A957493-0B4D-4133-B067-CF5FE3F114F9}.Release|x64.Build.0 = Release|Any CPU
		{5A957493-0B4D-4133-B067-CF5FE3F114F9}.Release|x86.ActiveCfg = Release|Any CPU
		{5A957493-0B4D-4133-B067-CF5FE3F114F9}.Release|x86.Build.0 = Release|Any CPU
		{E6C4B4CA-5F18-4E38-AE1E-9B4391B611D0}.Debug|Any CPU.ActiveCfg = Debug|Any CPU
		{E6C4B4CA-5F18-4E38-AE1E-9B4391B611D0}.Debug|Any CPU.Build.0 = Debug|Any CPU
		{E6C4B4CA-5F18-4E38-AE1E-9B4391B611D0}.Debug|x64.ActiveCfg = Debug|Any CPU
		{E6C4B4CA-5F18-4E38-AE1E-9B4391B611D0}.Debug|x64.Build.0 = Debug|Any CPU
		{E6C4B4CA-5F18-4E38-AE1E-9B4391B611D0}.Debug|x86.ActiveCfg = Debug|Any CPU
		{E6C4B4CA-5F18-4E38-AE1E-9B4391B611D0}.Debug|x86.Build.0 = Debug|Any CPU
		{E6C4B4CA-5F18-4E38-AE1E-9B4391B611D0}.Release|Any CPU.ActiveCfg = Release|Any CPU
		{E6C4B4CA-5F18-4E38-AE1E-9B4391B611D0}.Release|Any CPU.Build.0 = Release|Any CPU
		{E6C4B4CA-5F18-4E38-AE1E-9B4391B611D0}.Release|x64.ActiveCfg = Release|Any CPU
		{E6C4B4CA-5F18-4E38-AE1E-9B4391B611D0}.Release|x64.Build.0 = Release|Any CPU
		{E6C4B4CA-5F18-4E38-AE1E-9B4391B611D0}.Release|x86.ActiveCfg = Release|Any CPU
		{E6C4B4CA-5F18-4E38-AE1E-9B4391B611D0}.Release|x86.Build.0 = Release|Any CPU
		{6BF17743-8422-4458-837C-22B247B9DC38}.Debug|Any CPU.ActiveCfg = Debug|Any CPU
		{6BF17743-8422-4458-837C-22B247B9DC38}.Debug|Any CPU.Build.0 = Debug|Any CPU
		{6BF17743-8422-4458-837C-22B247B9DC38}.Debug|x64.ActiveCfg = Debug|Any CPU
		{6BF17743-8422-4458-837C-22B247B9DC38}.Debug|x64.Build.0 = Debug|Any CPU
		{6BF17743-8422-4458-837C-22B247B9DC38}.Debug|x86.ActiveCfg = Debug|Any CPU
		{6BF17743-8422-4458-837C-22B247B9DC38}.Debug|x86.Build.0 = Debug|Any CPU
		{6BF17743-8422-4458-837C-22B247B9DC38}.Release|Any CPU.ActiveCfg = Release|Any CPU
		{6BF17743-8422-4458-837C-22B247B9DC38}.Release|Any CPU.Build.0 = Release|Any CPU
		{6BF17743-8422-4458-837C-22B247B9DC38}.Release|x64.ActiveCfg = Release|Any CPU
		{6BF17743-8422-4458-837C-22B247B9DC38}.Release|x64.Build.0 = Release|Any CPU
		{6BF17743-8422-4458-837C-22B247B9DC38}.Release|x86.ActiveCfg = Release|Any CPU
		{6BF17743-8422-4458-837C-22B247B9DC38}.Release|x86.Build.0 = Release|Any CPU
		{15931432-CB16-4E1F-A8D9-87DD0A8C6CC8}.Debug|Any CPU.ActiveCfg = Debug|Any CPU
		{15931432-CB16-4E1F-A8D9-87DD0A8C6CC8}.Debug|Any CPU.Build.0 = Debug|Any CPU
		{15931432-CB16-4E1F-A8D9-87DD0A8C6CC8}.Debug|x64.ActiveCfg = Debug|Any CPU
		{15931432-CB16-4E1F-A8D9-87DD0A8C6CC8}.Debug|x64.Build.0 = Debug|Any CPU
		{15931432-CB16-4E1F-A8D9-87DD0A8C6CC8}.Debug|x86.ActiveCfg = Debug|Any CPU
		{15931432-CB16-4E1F-A8D9-87DD0A8C6CC8}.Debug|x86.Build.0 = Debug|Any CPU
		{15931432-CB16-4E1F-A8D9-87DD0A8C6CC8}.Release|Any CPU.ActiveCfg = Release|Any CPU
		{15931432-CB16-4E1F-A8D9-87DD0A8C6CC8}.Release|Any CPU.Build.0 = Release|Any CPU
		{15931432-CB16-4E1F-A8D9-87DD0A8C6CC8}.Release|x64.ActiveCfg = Release|Any CPU
		{15931432-CB16-4E1F-A8D9-87DD0A8C6CC8}.Release|x64.Build.0 = Release|Any CPU
		{15931432-CB16-4E1F-A8D9-87DD0A8C6CC8}.Release|x86.ActiveCfg = Release|Any CPU
		{15931432-CB16-4E1F-A8D9-87DD0A8C6CC8}.Release|x86.Build.0 = Release|Any CPU
		{5B5B07E7-BC20-4168-BE55-CF9414575D47}.Debug|Any CPU.ActiveCfg = Debug|Any CPU
		{5B5B07E7-BC20-4168-BE55-CF9414575D47}.Debug|Any CPU.Build.0 = Debug|Any CPU
		{5B5B07E7-BC20-4168-BE55-CF9414575D47}.Debug|x64.ActiveCfg = Debug|Any CPU
		{5B5B07E7-BC20-4168-BE55-CF9414575D47}.Debug|x64.Build.0 = Debug|Any CPU
		{5B5B07E7-BC20-4168-BE55-CF9414575D47}.Debug|x86.ActiveCfg = Debug|Any CPU
		{5B5B07E7-BC20-4168-BE55-CF9414575D47}.Debug|x86.Build.0 = Debug|Any CPU
		{5B5B07E7-BC20-4168-BE55-CF9414575D47}.Release|Any CPU.ActiveCfg = Release|Any CPU
		{5B5B07E7-BC20-4168-BE55-CF9414575D47}.Release|Any CPU.Build.0 = Release|Any CPU
		{5B5B07E7-BC20-4168-BE55-CF9414575D47}.Release|x64.ActiveCfg = Release|Any CPU
		{5B5B07E7-BC20-4168-BE55-CF9414575D47}.Release|x64.Build.0 = Release|Any CPU
		{5B5B07E7-BC20-4168-BE55-CF9414575D47}.Release|x86.ActiveCfg = Release|Any CPU
		{5B5B07E7-BC20-4168-BE55-CF9414575D47}.Release|x86.Build.0 = Release|Any CPU
		{1C7A9914-8CDC-4075-9422-37BD0E51C076}.Debug|Any CPU.ActiveCfg = Debug|Any CPU
		{1C7A9914-8CDC-4075-9422-37BD0E51C076}.Debug|Any CPU.Build.0 = Debug|Any CPU
		{1C7A9914-8CDC-4075-9422-37BD0E51C076}.Debug|x64.ActiveCfg = Debug|Any CPU
		{1C7A9914-8CDC-4075-9422-37BD0E51C076}.Debug|x64.Build.0 = Debug|Any CPU
		{1C7A9914-8CDC-4075-9422-37BD0E51C076}.Debug|x86.ActiveCfg = Debug|Any CPU
		{1C7A9914-8CDC-4075-9422-37BD0E51C076}.Debug|x86.Build.0 = Debug|Any CPU
		{1C7A9914-8CDC-4075-9422-37BD0E51C076}.Release|Any CPU.ActiveCfg = Release|Any CPU
		{1C7A9914-8CDC-4075-9422-37BD0E51C076}.Release|Any CPU.Build.0 = Release|Any CPU
		{1C7A9914-8CDC-4075-9422-37BD0E51C076}.Release|x64.ActiveCfg = Release|Any CPU
		{1C7A9914-8CDC-4075-9422-37BD0E51C076}.Release|x64.Build.0 = Release|Any CPU
		{1C7A9914-8CDC-4075-9422-37BD0E51C076}.Release|x86.ActiveCfg = Release|Any CPU
		{1C7A9914-8CDC-4075-9422-37BD0E51C076}.Release|x86.Build.0 = Release|Any CPU
		{5EED6F19-632D-467F-9F1A-57DA8C555CC9}.Debug|Any CPU.ActiveCfg = Debug|Any CPU
		{5EED6F19-632D-467F-9F1A-57DA8C555CC9}.Debug|Any CPU.Build.0 = Debug|Any CPU
		{5EED6F19-632D-467F-9F1A-57DA8C555CC9}.Debug|x64.ActiveCfg = Debug|Any CPU
		{5EED6F19-632D-467F-9F1A-57DA8C555CC9}.Debug|x64.Build.0 = Debug|Any CPU
		{5EED6F19-632D-467F-9F1A-57DA8C555CC9}.Debug|x86.ActiveCfg = Debug|Any CPU
		{5EED6F19-632D-467F-9F1A-57DA8C555CC9}.Debug|x86.Build.0 = Debug|Any CPU
		{5EED6F19-632D-467F-9F1A-57DA8C555CC9}.Release|Any CPU.ActiveCfg = Release|Any CPU
		{5EED6F19-632D-467F-9F1A-57DA8C555CC9}.Release|Any CPU.Build.0 = Release|Any CPU
		{5EED6F19-632D-467F-9F1A-57DA8C555CC9}.Release|x64.ActiveCfg = Release|Any CPU
		{5EED6F19-632D-467F-9F1A-57DA8C555CC9}.Release|x64.Build.0 = Release|Any CPU
		{5EED6F19-632D-467F-9F1A-57DA8C555CC9}.Release|x86.ActiveCfg = Release|Any CPU
		{5EED6F19-632D-467F-9F1A-57DA8C555CC9}.Release|x86.Build.0 = Release|Any CPU
		{8371BE0F-CC94-4236-BA32-A2C0B8B486FA}.Debug|Any CPU.ActiveCfg = Debug|Any CPU
		{8371BE0F-CC94-4236-BA32-A2C0B8B486FA}.Debug|Any CPU.Build.0 = Debug|Any CPU
		{8371BE0F-CC94-4236-BA32-A2C0B8B486FA}.Debug|x64.ActiveCfg = Debug|Any CPU
		{8371BE0F-CC94-4236-BA32-A2C0B8B486FA}.Debug|x64.Build.0 = Debug|Any CPU
		{8371BE0F-CC94-4236-BA32-A2C0B8B486FA}.Debug|x86.ActiveCfg = Debug|Any CPU
		{8371BE0F-CC94-4236-BA32-A2C0B8B486FA}.Debug|x86.Build.0 = Debug|Any CPU
		{8371BE0F-CC94-4236-BA32-A2C0B8B486FA}.Release|Any CPU.ActiveCfg = Release|Any CPU
		{8371BE0F-CC94-4236-BA32-A2C0B8B486FA}.Release|Any CPU.Build.0 = Release|Any CPU
		{8371BE0F-CC94-4236-BA32-A2C0B8B486FA}.Release|x64.ActiveCfg = Release|Any CPU
		{8371BE0F-CC94-4236-BA32-A2C0B8B486FA}.Release|x64.Build.0 = Release|Any CPU
		{8371BE0F-CC94-4236-BA32-A2C0B8B486FA}.Release|x86.ActiveCfg = Release|Any CPU
		{8371BE0F-CC94-4236-BA32-A2C0B8B486FA}.Release|x86.Build.0 = Release|Any CPU
		{99F82F2A-1239-441C-93C8-B07099FE7576}.Debug|Any CPU.ActiveCfg = Debug|Any CPU
		{99F82F2A-1239-441C-93C8-B07099FE7576}.Debug|Any CPU.Build.0 = Debug|Any CPU
		{99F82F2A-1239-441C-93C8-B07099FE7576}.Debug|x64.ActiveCfg = Debug|Any CPU
		{99F82F2A-1239-441C-93C8-B07099FE7576}.Debug|x64.Build.0 = Debug|Any CPU
		{99F82F2A-1239-441C-93C8-B07099FE7576}.Debug|x86.ActiveCfg = Debug|Any CPU
		{99F82F2A-1239-441C-93C8-B07099FE7576}.Debug|x86.Build.0 = Debug|Any CPU
		{99F82F2A-1239-441C-93C8-B07099FE7576}.Release|Any CPU.ActiveCfg = Release|Any CPU
		{99F82F2A-1239-441C-93C8-B07099FE7576}.Release|Any CPU.Build.0 = Release|Any CPU
		{99F82F2A-1239-441C-93C8-B07099FE7576}.Release|x64.ActiveCfg = Release|Any CPU
		{99F82F2A-1239-441C-93C8-B07099FE7576}.Release|x64.Build.0 = Release|Any CPU
		{99F82F2A-1239-441C-93C8-B07099FE7576}.Release|x86.ActiveCfg = Release|Any CPU
		{99F82F2A-1239-441C-93C8-B07099FE7576}.Release|x86.Build.0 = Release|Any CPU
		{30F2B334-EA62-4C2C-8362-320A08CAFBF4}.Debug|Any CPU.ActiveCfg = Debug|Any CPU
		{30F2B334-EA62-4C2C-8362-320A08CAFBF4}.Debug|Any CPU.Build.0 = Debug|Any CPU
		{30F2B334-EA62-4C2C-8362-320A08CAFBF4}.Debug|x64.ActiveCfg = Debug|Any CPU
		{30F2B334-EA62-4C2C-8362-320A08CAFBF4}.Debug|x64.Build.0 = Debug|Any CPU
		{30F2B334-EA62-4C2C-8362-320A08CAFBF4}.Debug|x86.ActiveCfg = Debug|Any CPU
		{30F2B334-EA62-4C2C-8362-320A08CAFBF4}.Debug|x86.Build.0 = Debug|Any CPU
		{30F2B334-EA62-4C2C-8362-320A08CAFBF4}.Release|Any CPU.ActiveCfg = Release|Any CPU
		{30F2B334-EA62-4C2C-8362-320A08CAFBF4}.Release|Any CPU.Build.0 = Release|Any CPU
		{30F2B334-EA62-4C2C-8362-320A08CAFBF4}.Release|x64.ActiveCfg = Release|Any CPU
		{30F2B334-EA62-4C2C-8362-320A08CAFBF4}.Release|x64.Build.0 = Release|Any CPU
		{30F2B334-EA62-4C2C-8362-320A08CAFBF4}.Release|x86.ActiveCfg = Release|Any CPU
		{30F2B334-EA62-4C2C-8362-320A08CAFBF4}.Release|x86.Build.0 = Release|Any CPU
		{C474EF4C-8D49-4983-8D20-5BEFF46F2A19}.Debug|Any CPU.ActiveCfg = Debug|Any CPU
		{C474EF4C-8D49-4983-8D20-5BEFF46F2A19}.Debug|Any CPU.Build.0 = Debug|Any CPU
		{C474EF4C-8D49-4983-8D20-5BEFF46F2A19}.Debug|x64.ActiveCfg = Debug|Any CPU
		{C474EF4C-8D49-4983-8D20-5BEFF46F2A19}.Debug|x64.Build.0 = Debug|Any CPU
		{C474EF4C-8D49-4983-8D20-5BEFF46F2A19}.Debug|x86.ActiveCfg = Debug|Any CPU
		{C474EF4C-8D49-4983-8D20-5BEFF46F2A19}.Debug|x86.Build.0 = Debug|Any CPU
		{C474EF4C-8D49-4983-8D20-5BEFF46F2A19}.Release|Any CPU.ActiveCfg = Release|Any CPU
		{C474EF4C-8D49-4983-8D20-5BEFF46F2A19}.Release|Any CPU.Build.0 = Release|Any CPU
		{C474EF4C-8D49-4983-8D20-5BEFF46F2A19}.Release|x64.ActiveCfg = Release|Any CPU
		{C474EF4C-8D49-4983-8D20-5BEFF46F2A19}.Release|x64.Build.0 = Release|Any CPU
		{C474EF4C-8D49-4983-8D20-5BEFF46F2A19}.Release|x86.ActiveCfg = Release|Any CPU
		{C474EF4C-8D49-4983-8D20-5BEFF46F2A19}.Release|x86.Build.0 = Release|Any CPU
		{35F3D396-E702-4ACB-BE7E-301E52561559}.Debug|Any CPU.ActiveCfg = Debug|Any CPU
		{35F3D396-E702-4ACB-BE7E-301E52561559}.Debug|Any CPU.Build.0 = Debug|Any CPU
		{35F3D396-E702-4ACB-BE7E-301E52561559}.Debug|x64.ActiveCfg = Debug|Any CPU
		{35F3D396-E702-4ACB-BE7E-301E52561559}.Debug|x64.Build.0 = Debug|Any CPU
		{35F3D396-E702-4ACB-BE7E-301E52561559}.Debug|x86.ActiveCfg = Debug|Any CPU
		{35F3D396-E702-4ACB-BE7E-301E52561559}.Debug|x86.Build.0 = Debug|Any CPU
		{35F3D396-E702-4ACB-BE7E-301E52561559}.Release|Any CPU.ActiveCfg = Release|Any CPU
		{35F3D396-E702-4ACB-BE7E-301E52561559}.Release|Any CPU.Build.0 = Release|Any CPU
		{35F3D396-E702-4ACB-BE7E-301E52561559}.Release|x64.ActiveCfg = Release|Any CPU
		{35F3D396-E702-4ACB-BE7E-301E52561559}.Release|x64.Build.0 = Release|Any CPU
		{35F3D396-E702-4ACB-BE7E-301E52561559}.Release|x86.ActiveCfg = Release|Any CPU
		{35F3D396-E702-4ACB-BE7E-301E52561559}.Release|x86.Build.0 = Release|Any CPU
		{9FD298FC-CB6D-4C61-B266-742B66F15A85}.Debug|Any CPU.ActiveCfg = Debug|Any CPU
		{9FD298FC-CB6D-4C61-B266-742B66F15A85}.Debug|Any CPU.Build.0 = Debug|Any CPU
		{9FD298FC-CB6D-4C61-B266-742B66F15A85}.Debug|x64.ActiveCfg = Debug|Any CPU
		{9FD298FC-CB6D-4C61-B266-742B66F15A85}.Debug|x64.Build.0 = Debug|Any CPU
		{9FD298FC-CB6D-4C61-B266-742B66F15A85}.Debug|x86.ActiveCfg = Debug|Any CPU
		{9FD298FC-CB6D-4C61-B266-742B66F15A85}.Debug|x86.Build.0 = Debug|Any CPU
		{9FD298FC-CB6D-4C61-B266-742B66F15A85}.Release|Any CPU.ActiveCfg = Release|Any CPU
		{9FD298FC-CB6D-4C61-B266-742B66F15A85}.Release|Any CPU.Build.0 = Release|Any CPU
		{9FD298FC-CB6D-4C61-B266-742B66F15A85}.Release|x64.ActiveCfg = Release|Any CPU
		{9FD298FC-CB6D-4C61-B266-742B66F15A85}.Release|x64.Build.0 = Release|Any CPU
		{9FD298FC-CB6D-4C61-B266-742B66F15A85}.Release|x86.ActiveCfg = Release|Any CPU
		{9FD298FC-CB6D-4C61-B266-742B66F15A85}.Release|x86.Build.0 = Release|Any CPU
		{C988A081-663F-4F4B-9302-50735C07FD18}.Debug|Any CPU.ActiveCfg = Debug|Any CPU
		{C988A081-663F-4F4B-9302-50735C07FD18}.Debug|Any CPU.Build.0 = Debug|Any CPU
		{C988A081-663F-4F4B-9302-50735C07FD18}.Debug|x64.ActiveCfg = Debug|Any CPU
		{C988A081-663F-4F4B-9302-50735C07FD18}.Debug|x64.Build.0 = Debug|Any CPU
		{C988A081-663F-4F4B-9302-50735C07FD18}.Debug|x86.ActiveCfg = Debug|Any CPU
		{C988A081-663F-4F4B-9302-50735C07FD18}.Debug|x86.Build.0 = Debug|Any CPU
		{C988A081-663F-4F4B-9302-50735C07FD18}.Release|Any CPU.ActiveCfg = Release|Any CPU
		{C988A081-663F-4F4B-9302-50735C07FD18}.Release|Any CPU.Build.0 = Release|Any CPU
		{C988A081-663F-4F4B-9302-50735C07FD18}.Release|x64.ActiveCfg = Release|Any CPU
		{C988A081-663F-4F4B-9302-50735C07FD18}.Release|x64.Build.0 = Release|Any CPU
		{C988A081-663F-4F4B-9302-50735C07FD18}.Release|x86.ActiveCfg = Release|Any CPU
		{C988A081-663F-4F4B-9302-50735C07FD18}.Release|x86.Build.0 = Release|Any CPU
		{2ACC89F1-F7CA-4406-ACD7-3B62DE20686F}.Debug|Any CPU.ActiveCfg = Debug|Any CPU
		{2ACC89F1-F7CA-4406-ACD7-3B62DE20686F}.Debug|Any CPU.Build.0 = Debug|Any CPU
		{2ACC89F1-F7CA-4406-ACD7-3B62DE20686F}.Debug|x64.ActiveCfg = Debug|Any CPU
		{2ACC89F1-F7CA-4406-ACD7-3B62DE20686F}.Debug|x64.Build.0 = Debug|Any CPU
		{2ACC89F1-F7CA-4406-ACD7-3B62DE20686F}.Debug|x86.ActiveCfg = Debug|Any CPU
		{2ACC89F1-F7CA-4406-ACD7-3B62DE20686F}.Debug|x86.Build.0 = Debug|Any CPU
		{2ACC89F1-F7CA-4406-ACD7-3B62DE20686F}.Release|Any CPU.ActiveCfg = Release|Any CPU
		{2ACC89F1-F7CA-4406-ACD7-3B62DE20686F}.Release|Any CPU.Build.0 = Release|Any CPU
		{2ACC89F1-F7CA-4406-ACD7-3B62DE20686F}.Release|x64.ActiveCfg = Release|Any CPU
		{2ACC89F1-F7CA-4406-ACD7-3B62DE20686F}.Release|x64.Build.0 = Release|Any CPU
		{2ACC89F1-F7CA-4406-ACD7-3B62DE20686F}.Release|x86.ActiveCfg = Release|Any CPU
		{2ACC89F1-F7CA-4406-ACD7-3B62DE20686F}.Release|x86.Build.0 = Release|Any CPU
		{85617AC0-D0A5-40B8-8C81-4B13877E7837}.Debug|Any CPU.ActiveCfg = Debug|Any CPU
		{85617AC0-D0A5-40B8-8C81-4B13877E7837}.Debug|Any CPU.Build.0 = Debug|Any CPU
		{85617AC0-D0A5-40B8-8C81-4B13877E7837}.Debug|x64.ActiveCfg = Debug|Any CPU
		{85617AC0-D0A5-40B8-8C81-4B13877E7837}.Debug|x64.Build.0 = Debug|Any CPU
		{85617AC0-D0A5-40B8-8C81-4B13877E7837}.Debug|x86.ActiveCfg = Debug|Any CPU
		{85617AC0-D0A5-40B8-8C81-4B13877E7837}.Debug|x86.Build.0 = Debug|Any CPU
		{85617AC0-D0A5-40B8-8C81-4B13877E7837}.Release|Any CPU.ActiveCfg = Release|Any CPU
		{85617AC0-D0A5-40B8-8C81-4B13877E7837}.Release|Any CPU.Build.0 = Release|Any CPU
		{85617AC0-D0A5-40B8-8C81-4B13877E7837}.Release|x64.ActiveCfg = Release|Any CPU
		{85617AC0-D0A5-40B8-8C81-4B13877E7837}.Release|x64.Build.0 = Release|Any CPU
		{85617AC0-D0A5-40B8-8C81-4B13877E7837}.Release|x86.ActiveCfg = Release|Any CPU
		{85617AC0-D0A5-40B8-8C81-4B13877E7837}.Release|x86.Build.0 = Release|Any CPU
		{24B04C26-27FB-423A-813D-662B5176F836}.Debug|Any CPU.ActiveCfg = Debug|Any CPU
		{24B04C26-27FB-423A-813D-662B5176F836}.Debug|Any CPU.Build.0 = Debug|Any CPU
		{24B04C26-27FB-423A-813D-662B5176F836}.Debug|x64.ActiveCfg = Debug|Any CPU
		{24B04C26-27FB-423A-813D-662B5176F836}.Debug|x64.Build.0 = Debug|Any CPU
		{24B04C26-27FB-423A-813D-662B5176F836}.Debug|x86.ActiveCfg = Debug|Any CPU
		{24B04C26-27FB-423A-813D-662B5176F836}.Debug|x86.Build.0 = Debug|Any CPU
		{24B04C26-27FB-423A-813D-662B5176F836}.Release|Any CPU.ActiveCfg = Release|Any CPU
		{24B04C26-27FB-423A-813D-662B5176F836}.Release|Any CPU.Build.0 = Release|Any CPU
		{24B04C26-27FB-423A-813D-662B5176F836}.Release|x64.ActiveCfg = Release|Any CPU
		{24B04C26-27FB-423A-813D-662B5176F836}.Release|x64.Build.0 = Release|Any CPU
		{24B04C26-27FB-423A-813D-662B5176F836}.Release|x86.ActiveCfg = Release|Any CPU
		{24B04C26-27FB-423A-813D-662B5176F836}.Release|x86.Build.0 = Release|Any CPU
		{E43B5815-60EC-4CFE-BF14-FDA00AB867BC}.Debug|Any CPU.ActiveCfg = Debug|Any CPU
		{E43B5815-60EC-4CFE-BF14-FDA00AB867BC}.Debug|Any CPU.Build.0 = Debug|Any CPU
		{E43B5815-60EC-4CFE-BF14-FDA00AB867BC}.Debug|x64.ActiveCfg = Debug|Any CPU
		{E43B5815-60EC-4CFE-BF14-FDA00AB867BC}.Debug|x64.Build.0 = Debug|Any CPU
		{E43B5815-60EC-4CFE-BF14-FDA00AB867BC}.Debug|x86.ActiveCfg = Debug|Any CPU
		{E43B5815-60EC-4CFE-BF14-FDA00AB867BC}.Debug|x86.Build.0 = Debug|Any CPU
		{E43B5815-60EC-4CFE-BF14-FDA00AB867BC}.Release|Any CPU.ActiveCfg = Release|Any CPU
		{E43B5815-60EC-4CFE-BF14-FDA00AB867BC}.Release|Any CPU.Build.0 = Release|Any CPU
		{E43B5815-60EC-4CFE-BF14-FDA00AB867BC}.Release|x64.ActiveCfg = Release|Any CPU
		{E43B5815-60EC-4CFE-BF14-FDA00AB867BC}.Release|x64.Build.0 = Release|Any CPU
		{E43B5815-60EC-4CFE-BF14-FDA00AB867BC}.Release|x86.ActiveCfg = Release|Any CPU
		{E43B5815-60EC-4CFE-BF14-FDA00AB867BC}.Release|x86.Build.0 = Release|Any CPU
		{CFB0133F-8D66-4507-90A7-2EFEB1D8BAB2}.Debug|Any CPU.ActiveCfg = Debug|Any CPU
		{CFB0133F-8D66-4507-90A7-2EFEB1D8BAB2}.Debug|Any CPU.Build.0 = Debug|Any CPU
		{CFB0133F-8D66-4507-90A7-2EFEB1D8BAB2}.Debug|x64.ActiveCfg = Debug|Any CPU
		{CFB0133F-8D66-4507-90A7-2EFEB1D8BAB2}.Debug|x64.Build.0 = Debug|Any CPU
		{CFB0133F-8D66-4507-90A7-2EFEB1D8BAB2}.Debug|x86.ActiveCfg = Debug|Any CPU
		{CFB0133F-8D66-4507-90A7-2EFEB1D8BAB2}.Debug|x86.Build.0 = Debug|Any CPU
		{CFB0133F-8D66-4507-90A7-2EFEB1D8BAB2}.Release|Any CPU.ActiveCfg = Release|Any CPU
		{CFB0133F-8D66-4507-90A7-2EFEB1D8BAB2}.Release|Any CPU.Build.0 = Release|Any CPU
		{CFB0133F-8D66-4507-90A7-2EFEB1D8BAB2}.Release|x64.ActiveCfg = Release|Any CPU
		{CFB0133F-8D66-4507-90A7-2EFEB1D8BAB2}.Release|x64.Build.0 = Release|Any CPU
		{CFB0133F-8D66-4507-90A7-2EFEB1D8BAB2}.Release|x86.ActiveCfg = Release|Any CPU
		{CFB0133F-8D66-4507-90A7-2EFEB1D8BAB2}.Release|x86.Build.0 = Release|Any CPU
		{9F9340B7-C481-4D27-9624-B3D43FE12AF0}.Debug|Any CPU.ActiveCfg = Debug|Any CPU
		{9F9340B7-C481-4D27-9624-B3D43FE12AF0}.Debug|Any CPU.Build.0 = Debug|Any CPU
		{9F9340B7-C481-4D27-9624-B3D43FE12AF0}.Debug|x64.ActiveCfg = Debug|Any CPU
		{9F9340B7-C481-4D27-9624-B3D43FE12AF0}.Debug|x64.Build.0 = Debug|Any CPU
		{9F9340B7-C481-4D27-9624-B3D43FE12AF0}.Debug|x86.ActiveCfg = Debug|Any CPU
		{9F9340B7-C481-4D27-9624-B3D43FE12AF0}.Debug|x86.Build.0 = Debug|Any CPU
		{9F9340B7-C481-4D27-9624-B3D43FE12AF0}.Release|Any CPU.ActiveCfg = Release|Any CPU
		{9F9340B7-C481-4D27-9624-B3D43FE12AF0}.Release|Any CPU.Build.0 = Release|Any CPU
		{9F9340B7-C481-4D27-9624-B3D43FE12AF0}.Release|x64.ActiveCfg = Release|Any CPU
		{9F9340B7-C481-4D27-9624-B3D43FE12AF0}.Release|x64.Build.0 = Release|Any CPU
		{9F9340B7-C481-4D27-9624-B3D43FE12AF0}.Release|x86.ActiveCfg = Release|Any CPU
		{9F9340B7-C481-4D27-9624-B3D43FE12AF0}.Release|x86.Build.0 = Release|Any CPU
		{E99AB44B-C297-46F0-8E97-4C0F58D84E99}.Debug|Any CPU.ActiveCfg = Debug|Any CPU
		{E99AB44B-C297-46F0-8E97-4C0F58D84E99}.Debug|Any CPU.Build.0 = Debug|Any CPU
		{E99AB44B-C297-46F0-8E97-4C0F58D84E99}.Debug|x64.ActiveCfg = Debug|Any CPU
		{E99AB44B-C297-46F0-8E97-4C0F58D84E99}.Debug|x64.Build.0 = Debug|Any CPU
		{E99AB44B-C297-46F0-8E97-4C0F58D84E99}.Debug|x86.ActiveCfg = Debug|Any CPU
		{E99AB44B-C297-46F0-8E97-4C0F58D84E99}.Debug|x86.Build.0 = Debug|Any CPU
		{E99AB44B-C297-46F0-8E97-4C0F58D84E99}.Release|Any CPU.ActiveCfg = Release|Any CPU
		{E99AB44B-C297-46F0-8E97-4C0F58D84E99}.Release|Any CPU.Build.0 = Release|Any CPU
		{E99AB44B-C297-46F0-8E97-4C0F58D84E99}.Release|x64.ActiveCfg = Release|Any CPU
		{E99AB44B-C297-46F0-8E97-4C0F58D84E99}.Release|x64.Build.0 = Release|Any CPU
		{E99AB44B-C297-46F0-8E97-4C0F58D84E99}.Release|x86.ActiveCfg = Release|Any CPU
		{E99AB44B-C297-46F0-8E97-4C0F58D84E99}.Release|x86.Build.0 = Release|Any CPU
		{6B10E0E9-C458-4BED-A61E-E131EBE59611}.Debug|Any CPU.ActiveCfg = Debug|Any CPU
		{6B10E0E9-C458-4BED-A61E-E131EBE59611}.Debug|Any CPU.Build.0 = Debug|Any CPU
		{6B10E0E9-C458-4BED-A61E-E131EBE59611}.Debug|x64.ActiveCfg = Debug|Any CPU
		{6B10E0E9-C458-4BED-A61E-E131EBE59611}.Debug|x64.Build.0 = Debug|Any CPU
		{6B10E0E9-C458-4BED-A61E-E131EBE59611}.Debug|x86.ActiveCfg = Debug|Any CPU
		{6B10E0E9-C458-4BED-A61E-E131EBE59611}.Debug|x86.Build.0 = Debug|Any CPU
		{6B10E0E9-C458-4BED-A61E-E131EBE59611}.Release|Any CPU.ActiveCfg = Release|Any CPU
		{6B10E0E9-C458-4BED-A61E-E131EBE59611}.Release|Any CPU.Build.0 = Release|Any CPU
		{6B10E0E9-C458-4BED-A61E-E131EBE59611}.Release|x64.ActiveCfg = Release|Any CPU
		{6B10E0E9-C458-4BED-A61E-E131EBE59611}.Release|x64.Build.0 = Release|Any CPU
		{6B10E0E9-C458-4BED-A61E-E131EBE59611}.Release|x86.ActiveCfg = Release|Any CPU
		{6B10E0E9-C458-4BED-A61E-E131EBE59611}.Release|x86.Build.0 = Release|Any CPU
		{CA24D1FC-6C97-4529-894C-D026E690BD87}.Debug|Any CPU.ActiveCfg = Debug|Any CPU
		{CA24D1FC-6C97-4529-894C-D026E690BD87}.Debug|Any CPU.Build.0 = Debug|Any CPU
		{CA24D1FC-6C97-4529-894C-D026E690BD87}.Debug|x64.ActiveCfg = Debug|Any CPU
		{CA24D1FC-6C97-4529-894C-D026E690BD87}.Debug|x64.Build.0 = Debug|Any CPU
		{CA24D1FC-6C97-4529-894C-D026E690BD87}.Debug|x86.ActiveCfg = Debug|Any CPU
		{CA24D1FC-6C97-4529-894C-D026E690BD87}.Debug|x86.Build.0 = Debug|Any CPU
		{CA24D1FC-6C97-4529-894C-D026E690BD87}.Release|Any CPU.ActiveCfg = Release|Any CPU
		{CA24D1FC-6C97-4529-894C-D026E690BD87}.Release|Any CPU.Build.0 = Release|Any CPU
		{CA24D1FC-6C97-4529-894C-D026E690BD87}.Release|x64.ActiveCfg = Release|Any CPU
		{CA24D1FC-6C97-4529-894C-D026E690BD87}.Release|x64.Build.0 = Release|Any CPU
		{CA24D1FC-6C97-4529-894C-D026E690BD87}.Release|x86.ActiveCfg = Release|Any CPU
		{CA24D1FC-6C97-4529-894C-D026E690BD87}.Release|x86.Build.0 = Release|Any CPU
		{EB51ADB0-A0B8-4252-978D-9EEB9E9C9344}.Debug|Any CPU.ActiveCfg = Debug|Any CPU
		{EB51ADB0-A0B8-4252-978D-9EEB9E9C9344}.Debug|Any CPU.Build.0 = Debug|Any CPU
		{EB51ADB0-A0B8-4252-978D-9EEB9E9C9344}.Debug|x64.ActiveCfg = Debug|Any CPU
		{EB51ADB0-A0B8-4252-978D-9EEB9E9C9344}.Debug|x64.Build.0 = Debug|Any CPU
		{EB51ADB0-A0B8-4252-978D-9EEB9E9C9344}.Debug|x86.ActiveCfg = Debug|Any CPU
		{EB51ADB0-A0B8-4252-978D-9EEB9E9C9344}.Debug|x86.Build.0 = Debug|Any CPU
		{EB51ADB0-A0B8-4252-978D-9EEB9E9C9344}.Release|Any CPU.ActiveCfg = Release|Any CPU
		{EB51ADB0-A0B8-4252-978D-9EEB9E9C9344}.Release|Any CPU.Build.0 = Release|Any CPU
		{EB51ADB0-A0B8-4252-978D-9EEB9E9C9344}.Release|x64.ActiveCfg = Release|Any CPU
		{EB51ADB0-A0B8-4252-978D-9EEB9E9C9344}.Release|x64.Build.0 = Release|Any CPU
		{EB51ADB0-A0B8-4252-978D-9EEB9E9C9344}.Release|x86.ActiveCfg = Release|Any CPU
		{EB51ADB0-A0B8-4252-978D-9EEB9E9C9344}.Release|x86.Build.0 = Release|Any CPU
		{3209E1B1-88BB-4A95-B234-950E89EFCEE0}.Debug|Any CPU.ActiveCfg = Debug|Any CPU
		{3209E1B1-88BB-4A95-B234-950E89EFCEE0}.Debug|Any CPU.Build.0 = Debug|Any CPU
		{3209E1B1-88BB-4A95-B234-950E89EFCEE0}.Debug|x64.ActiveCfg = Debug|Any CPU
		{3209E1B1-88BB-4A95-B234-950E89EFCEE0}.Debug|x64.Build.0 = Debug|Any CPU
		{3209E1B1-88BB-4A95-B234-950E89EFCEE0}.Debug|x86.ActiveCfg = Debug|Any CPU
		{3209E1B1-88BB-4A95-B234-950E89EFCEE0}.Debug|x86.Build.0 = Debug|Any CPU
		{3209E1B1-88BB-4A95-B234-950E89EFCEE0}.Release|Any CPU.ActiveCfg = Release|Any CPU
		{3209E1B1-88BB-4A95-B234-950E89EFCEE0}.Release|Any CPU.Build.0 = Release|Any CPU
		{3209E1B1-88BB-4A95-B234-950E89EFCEE0}.Release|x64.ActiveCfg = Release|Any CPU
		{3209E1B1-88BB-4A95-B234-950E89EFCEE0}.Release|x64.Build.0 = Release|Any CPU
		{3209E1B1-88BB-4A95-B234-950E89EFCEE0}.Release|x86.ActiveCfg = Release|Any CPU
		{3209E1B1-88BB-4A95-B234-950E89EFCEE0}.Release|x86.Build.0 = Release|Any CPU
		{9E19A537-E1B2-4D1E-A904-D99D4222474F}.Debug|Any CPU.ActiveCfg = Debug|Any CPU
		{9E19A537-E1B2-4D1E-A904-D99D4222474F}.Debug|Any CPU.Build.0 = Debug|Any CPU
		{9E19A537-E1B2-4D1E-A904-D99D4222474F}.Debug|x64.ActiveCfg = Debug|Any CPU
		{9E19A537-E1B2-4D1E-A904-D99D4222474F}.Debug|x64.Build.0 = Debug|Any CPU
		{9E19A537-E1B2-4D1E-A904-D99D4222474F}.Debug|x86.ActiveCfg = Debug|Any CPU
		{9E19A537-E1B2-4D1E-A904-D99D4222474F}.Debug|x86.Build.0 = Debug|Any CPU
		{9E19A537-E1B2-4D1E-A904-D99D4222474F}.Release|Any CPU.ActiveCfg = Release|Any CPU
		{9E19A537-E1B2-4D1E-A904-D99D4222474F}.Release|Any CPU.Build.0 = Release|Any CPU
		{9E19A537-E1B2-4D1E-A904-D99D4222474F}.Release|x64.ActiveCfg = Release|Any CPU
		{9E19A537-E1B2-4D1E-A904-D99D4222474F}.Release|x64.Build.0 = Release|Any CPU
		{9E19A537-E1B2-4D1E-A904-D99D4222474F}.Release|x86.ActiveCfg = Release|Any CPU
		{9E19A537-E1B2-4D1E-A904-D99D4222474F}.Release|x86.Build.0 = Release|Any CPU
		{A6A8451E-99D8-4296-BBA9-69E1E289270A}.Debug|Any CPU.ActiveCfg = Debug|Any CPU
		{A6A8451E-99D8-4296-BBA9-69E1E289270A}.Debug|Any CPU.Build.0 = Debug|Any CPU
		{A6A8451E-99D8-4296-BBA9-69E1E289270A}.Debug|x64.ActiveCfg = Debug|Any CPU
		{A6A8451E-99D8-4296-BBA9-69E1E289270A}.Debug|x64.Build.0 = Debug|Any CPU
		{A6A8451E-99D8-4296-BBA9-69E1E289270A}.Debug|x86.ActiveCfg = Debug|Any CPU
		{A6A8451E-99D8-4296-BBA9-69E1E289270A}.Debug|x86.Build.0 = Debug|Any CPU
		{A6A8451E-99D8-4296-BBA9-69E1E289270A}.Release|Any CPU.ActiveCfg = Release|Any CPU
		{A6A8451E-99D8-4296-BBA9-69E1E289270A}.Release|Any CPU.Build.0 = Release|Any CPU
		{A6A8451E-99D8-4296-BBA9-69E1E289270A}.Release|x64.ActiveCfg = Release|Any CPU
		{A6A8451E-99D8-4296-BBA9-69E1E289270A}.Release|x64.Build.0 = Release|Any CPU
		{A6A8451E-99D8-4296-BBA9-69E1E289270A}.Release|x86.ActiveCfg = Release|Any CPU
		{A6A8451E-99D8-4296-BBA9-69E1E289270A}.Release|x86.Build.0 = Release|Any CPU
		{25442AA8-7E4D-47EC-8CCB-F9E2B45EB998}.Debug|Any CPU.ActiveCfg = Debug|Any CPU
		{25442AA8-7E4D-47EC-8CCB-F9E2B45EB998}.Debug|Any CPU.Build.0 = Debug|Any CPU
		{25442AA8-7E4D-47EC-8CCB-F9E2B45EB998}.Debug|x64.ActiveCfg = Debug|Any CPU
		{25442AA8-7E4D-47EC-8CCB-F9E2B45EB998}.Debug|x64.Build.0 = Debug|Any CPU
		{25442AA8-7E4D-47EC-8CCB-F9E2B45EB998}.Debug|x86.ActiveCfg = Debug|Any CPU
		{25442AA8-7E4D-47EC-8CCB-F9E2B45EB998}.Debug|x86.Build.0 = Debug|Any CPU
		{25442AA8-7E4D-47EC-8CCB-F9E2B45EB998}.Release|Any CPU.ActiveCfg = Release|Any CPU
		{25442AA8-7E4D-47EC-8CCB-F9E2B45EB998}.Release|Any CPU.Build.0 = Release|Any CPU
		{25442AA8-7E4D-47EC-8CCB-F9E2B45EB998}.Release|x64.ActiveCfg = Release|Any CPU
		{25442AA8-7E4D-47EC-8CCB-F9E2B45EB998}.Release|x64.Build.0 = Release|Any CPU
		{25442AA8-7E4D-47EC-8CCB-F9E2B45EB998}.Release|x86.ActiveCfg = Release|Any CPU
		{25442AA8-7E4D-47EC-8CCB-F9E2B45EB998}.Release|x86.Build.0 = Release|Any CPU
		{556CF9DA-CD82-4DFF-90E2-BD0698359DF4}.Debug|Any CPU.ActiveCfg = Debug|Any CPU
		{556CF9DA-CD82-4DFF-90E2-BD0698359DF4}.Debug|Any CPU.Build.0 = Debug|Any CPU
		{556CF9DA-CD82-4DFF-90E2-BD0698359DF4}.Debug|x64.ActiveCfg = Debug|Any CPU
		{556CF9DA-CD82-4DFF-90E2-BD0698359DF4}.Debug|x64.Build.0 = Debug|Any CPU
		{556CF9DA-CD82-4DFF-90E2-BD0698359DF4}.Debug|x86.ActiveCfg = Debug|Any CPU
		{556CF9DA-CD82-4DFF-90E2-BD0698359DF4}.Debug|x86.Build.0 = Debug|Any CPU
		{556CF9DA-CD82-4DFF-90E2-BD0698359DF4}.Release|Any CPU.ActiveCfg = Release|Any CPU
		{556CF9DA-CD82-4DFF-90E2-BD0698359DF4}.Release|Any CPU.Build.0 = Release|Any CPU
		{556CF9DA-CD82-4DFF-90E2-BD0698359DF4}.Release|x64.ActiveCfg = Release|Any CPU
		{556CF9DA-CD82-4DFF-90E2-BD0698359DF4}.Release|x64.Build.0 = Release|Any CPU
		{556CF9DA-CD82-4DFF-90E2-BD0698359DF4}.Release|x86.ActiveCfg = Release|Any CPU
		{556CF9DA-CD82-4DFF-90E2-BD0698359DF4}.Release|x86.Build.0 = Release|Any CPU
	EndGlobalSection
	GlobalSection(SolutionProperties) = preSolution
		HideSolutionNode = FALSE
	EndGlobalSection
	GlobalSection(NestedProjects) = preSolution
		{F8BD5766-A21F-4DED-8CEF-E9B7F145BFF0} = {0AE0961C-5838-4868-B84C-B73D23A997A3}
		{C6D75B1C-6EBE-4FEE-802F-5FBB92CD6498} = {0AE0961C-5838-4868-B84C-B73D23A997A3}
		{CDAA2A06-2070-4F85-BD35-8C910013FB77} = {0AE0961C-5838-4868-B84C-B73D23A997A3}
		{F84F7D75-0EB6-40B7-992E-9125D638B2D5} = {0AE0961C-5838-4868-B84C-B73D23A997A3}
		{4719C637-BF14-4CB8-B8F3-C69F9AD12E38} = {F211156C-FEE6-464C-A7A7-317D16DD3D8B}
		{D7CDC661-0C0F-4621-9A33-369352F12FE8} = {F211156C-FEE6-464C-A7A7-317D16DD3D8B}
		{0EAEF5D7-FE08-4E42-BF21-93876A88B26E} = {F211156C-FEE6-464C-A7A7-317D16DD3D8B}
		{C288FAE4-80F4-422D-9019-03C5039C1829} = {F211156C-FEE6-464C-A7A7-317D16DD3D8B}
		{DFBB6D46-9F24-4E3D-A66C-9B5DDB9E761A} = {F211156C-FEE6-464C-A7A7-317D16DD3D8B}
		{2E077EBA-5F60-4C3A-8F1B-48A3B7CB00C0} = {F211156C-FEE6-464C-A7A7-317D16DD3D8B}
		{AF04B0BD-AB1A-4704-8B9E-D10C6DDF1DCF} = {DC6E006E-EE9D-481D-B94C-8A53331BCBC1}
		{2B898435-9787-4B9B-BDD2-4C3FA429C647} = {DC6E006E-EE9D-481D-B94C-8A53331BCBC1}
		{B7C75D47-3F68-45A0-98EF-FCA1E44F67B0} = {DC6E006E-EE9D-481D-B94C-8A53331BCBC1}
		{FDF65F2D-0BA3-44D6-BF2B-1236C8507EC3} = {DC6E006E-EE9D-481D-B94C-8A53331BCBC1}
		{7A25D65A-FE0C-4518-AC69-8312E3DD80D4} = {DC6E006E-EE9D-481D-B94C-8A53331BCBC1}
		{BD655B36-4C34-41B1-85B5-B04C7B22B9C5} = {DC6E006E-EE9D-481D-B94C-8A53331BCBC1}
		{29B37908-B216-4652-B793-E53E39780E01} = {DC6E006E-EE9D-481D-B94C-8A53331BCBC1}
		{AAB4D0DA-18DD-4FF5-B832-2BF1BADEDD22} = {DC6E006E-EE9D-481D-B94C-8A53331BCBC1}
		{01D2BD97-49DD-47A9-B471-652967BD393E} = {AAB4D0DA-18DD-4FF5-B832-2BF1BADEDD22}
		{3501259A-7A3B-43FF-A648-3930ECD0C324} = {AAB4D0DA-18DD-4FF5-B832-2BF1BADEDD22}
		{4C40EAF3-C76F-48F2-B6CB-E866AF613D01} = {AAB4D0DA-18DD-4FF5-B832-2BF1BADEDD22}
		{5A957493-0B4D-4133-B067-CF5FE3F114F9} = {39D9C693-FDAF-4EAD-AFC6-D5F311AAF27F}
		{E6C4B4CA-5F18-4E38-AE1E-9B4391B611D0} = {E57EE0B8-30FC-4702-B310-FB82C19D7473}
		{6BF17743-8422-4458-837C-22B247B9DC38} = {E57EE0B8-30FC-4702-B310-FB82C19D7473}
		{15931432-CB16-4E1F-A8D9-87DD0A8C6CC8} = {E57EE0B8-30FC-4702-B310-FB82C19D7473}
		{5B5B07E7-BC20-4168-BE55-CF9414575D47} = {DC6E006E-EE9D-481D-B94C-8A53331BCBC1}
		{1C7A9914-8CDC-4075-9422-37BD0E51C076} = {DC6E006E-EE9D-481D-B94C-8A53331BCBC1}
		{5EED6F19-632D-467F-9F1A-57DA8C555CC9} = {72211E6B-8744-42B5-BA3C-C86ED4344789}
		{8371BE0F-CC94-4236-BA32-A2C0B8B486FA} = {72211E6B-8744-42B5-BA3C-C86ED4344789}
		{99F82F2A-1239-441C-93C8-B07099FE7576} = {C68603A3-5E43-46CF-AE6C-1463BDDF7948}
		{30F2B334-EA62-4C2C-8362-320A08CAFBF4} = {C68603A3-5E43-46CF-AE6C-1463BDDF7948}
		{C474EF4C-8D49-4983-8D20-5BEFF46F2A19} = {C68603A3-5E43-46CF-AE6C-1463BDDF7948}
		{35F3D396-E702-4ACB-BE7E-301E52561559} = {C68603A3-5E43-46CF-AE6C-1463BDDF7948}
		{407D8620-72C2-454C-945D-840130D80D0B} = {C68603A3-5E43-46CF-AE6C-1463BDDF7948}
		{9FD298FC-CB6D-4C61-B266-742B66F15A85} = {C68603A3-5E43-46CF-AE6C-1463BDDF7948}
		{C988A081-663F-4F4B-9302-50735C07FD18} = {DC6E006E-EE9D-481D-B94C-8A53331BCBC1}
		{2ACC89F1-F7CA-4406-ACD7-3B62DE20686F} = {DC6E006E-EE9D-481D-B94C-8A53331BCBC1}
		{85617AC0-D0A5-40B8-8C81-4B13877E7837} = {DC6E006E-EE9D-481D-B94C-8A53331BCBC1}
		{24B04C26-27FB-423A-813D-662B5176F836} = {DC6E006E-EE9D-481D-B94C-8A53331BCBC1}
		{C7EDA97F-E024-4CEB-A712-F20B94937F96} = {E57EE0B8-30FC-4702-B310-FB82C19D7473}
		{E43B5815-60EC-4CFE-BF14-FDA00AB867BC} = {C7EDA97F-E024-4CEB-A712-F20B94937F96}
		{CFB0133F-8D66-4507-90A7-2EFEB1D8BAB2} = {C7EDA97F-E024-4CEB-A712-F20B94937F96}
		{9F9340B7-C481-4D27-9624-B3D43FE12AF0} = {C7EDA97F-E024-4CEB-A712-F20B94937F96}
		{E99AB44B-C297-46F0-8E97-4C0F58D84E99} = {D10C02E0-DB0B-49F2-8D2E-BA3B5ED4654C}
		{6B10E0E9-C458-4BED-A61E-E131EBE59611} = {D10C02E0-DB0B-49F2-8D2E-BA3B5ED4654C}
		{CA24D1FC-6C97-4529-894C-D026E690BD87} = {D10C02E0-DB0B-49F2-8D2E-BA3B5ED4654C}
		{EB51ADB0-A0B8-4252-978D-9EEB9E9C9344} = {39D9C693-FDAF-4EAD-AFC6-D5F311AAF27F}
		{DB0AB0C3-DA5E-4B5A-9CD4-036D37B50AED} = {E57EE0B8-30FC-4702-B310-FB82C19D7473}
		{3209E1B1-88BB-4A95-B234-950E89EFCEE0} = {CF90322D-63BC-4047-BFEA-EE87E45020AF}
		{9E19A537-E1B2-4D1E-A904-D99D4222474F} = {CF90322D-63BC-4047-BFEA-EE87E45020AF}
		{42513853-3772-46D2-94C2-965101E2406D} = {11C116EC-5E5A-400A-9311-0732DD69401C}
		{05A3401A-C541-4F7C-AAD8-02A23648CD27} = {42513853-3772-46D2-94C2-965101E2406D}
		{A6A8451E-99D8-4296-BBA9-69E1E289270A} = {05A3401A-C541-4F7C-AAD8-02A23648CD27}
		{25442AA8-7E4D-47EC-8CCB-F9E2B45EB998} = {42513853-3772-46D2-94C2-965101E2406D}
		{556CF9DA-CD82-4DFF-90E2-BD0698359DF4} = {D10C02E0-DB0B-49F2-8D2E-BA3B5ED4654C}
	EndGlobalSection
	GlobalSection(ExtensibilityGlobals) = postSolution
		SolutionGuid = {61F8A195-365E-47B1-A6F2-CD3534E918F8}
	EndGlobalSection
	GlobalSection(SharedMSBuildProjectFiles) = preSolution
		Tracing\MiniProfiler.Shared\DotVVM.Tracing.MiniProfiler.Shared.projitems*{35f3d396-e702-4acb-be7e-301e52561559}*SharedItemsImports = 5
		Tracing\MiniProfiler.Shared\DotVVM.Tracing.MiniProfiler.Shared.projitems*{407d8620-72c2-454c-945d-840130d80d0b}*SharedItemsImports = 13
		Tracing\MiniProfiler.Shared\DotVVM.Tracing.MiniProfiler.Shared.projitems*{c474ef4c-8d49-4983-8d20-5beff46f2a19}*SharedItemsImports = 5
	EndGlobalSection
EndGlobal
