Microsoft Visual Studio Solution File, Format Version 12.00
# Visual Studio 15
VisualStudioVersion = 15.0.26730.10
MinimumVisualStudioVersion = 10.0.40219.1
Project("{2150E333-8FDC-42A3-9474-1A3956D46DE8}") = "Tests", "Tests", "{B760209E-57D7-4AEF-A726-69F73BBE52C0}"
EndProject
Project("{2150E333-8FDC-42A3-9474-1A3956D46DE8}") = "Samples", "Samples", "{13011738-A4B3-47B0-9E50-C0323EB19F76}"
EndProject
Project("{2150E333-8FDC-42A3-9474-1A3956D46DE8}") = "Solution Items", "Solution Items", "{2A88CAC6-514C-4962-8904-976F879B3E9D}"
	ProjectSection(SolutionItems) = preProject
		Local.testsettings = Local.testsettings
		..\README.md = ..\README.md
	EndProjectSection
EndProject
Project("{2150E333-8FDC-42A3-9474-1A3956D46DE8}") = "SeleniumGenerator", "SeleniumGenerator", "{469DD245-D8BF-4927-92C2-827FDDC3B138}"
EndProject
Project("{9A19103F-16F7-4668-BE54-9A1E7A4F7556}") = "DotVVM.Framework", "DotVVM.Framework\DotVVM.Framework.csproj", "{8BB2217D-0F2D-49D1-97BC-3654ED321F3B}"
EndProject
Project("{9A19103F-16F7-4668-BE54-9A1E7A4F7556}") = "DotVVM.Framework.Tests.Javascript", "DotVVM.Framework.Tests.Javascript\DotVVM.Framework.Tests.Javascript.csproj", "{920E9823-69E4-4443-9DEB-C3D687F0FB94}"
EndProject
Project("{9A19103F-16F7-4668-BE54-9A1E7A4F7556}") = "DotVVM.Core", "DotVVM.Core\DotVVM.Core.csproj", "{45FA2F43-D92B-4A9B-9B93-9AB519AD0127}"
EndProject
Project("{9A19103F-16F7-4668-BE54-9A1E7A4F7556}") = "DotVVM.Samples.Common", "DotVVM.Samples.Common\DotVVM.Samples.Common.csproj", "{60CCCC83-BA9F-4DF0-A759-5E46C3D4DAB0}"
EndProject
Project("{9A19103F-16F7-4668-BE54-9A1E7A4F7556}") = "DotVVM.Samples.BasicSamples.AspNetCore", "DotVVM.Samples.BasicSamples.AspNetCore\DotVVM.Samples.BasicSamples.AspNetCore.csproj", "{E8AC4B04-1064-4AFD-8CE6-2387AC7FE856}"
EndProject
Project("{FAE04EC0-301F-11D3-BF4B-00C04F79EFBC}") = "DotVVM.Samples.BasicSamples.Owin", "DotVVM.Samples.BasicSamples.Owin\DotVVM.Samples.BasicSamples.Owin.csproj", "{1C7A9914-8CDC-4075-9422-37BD0E51C076}"
	ProjectSection(ProjectDependencies) = postProject
		{45FA2F43-D92B-4A9B-9B93-9AB519AD0127} = {45FA2F43-D92B-4A9B-9B93-9AB519AD0127}
		{8BB2217D-0F2D-49D1-97BC-3654ED321F3B} = {8BB2217D-0F2D-49D1-97BC-3654ED321F3B}
		{60CCCC83-BA9F-4DF0-A759-5E46C3D4DAB0} = {60CCCC83-BA9F-4DF0-A759-5E46C3D4DAB0}
	EndProjectSection
EndProject
Project("{9A19103F-16F7-4668-BE54-9A1E7A4F7556}") = "DotVVM.Framework.Hosting.AspNetCore", "DotVVM.Framework.Hosting.AspNetCore\DotVVM.Framework.Hosting.AspNetCore.csproj", "{C5AF6A0D-5416-44D4-B14D-8FFDD1B0E99B}"
EndProject
Project("{9A19103F-16F7-4668-BE54-9A1E7A4F7556}") = "DotVVM.CommandLine", "DotVVM.CommandLine\DotVVM.CommandLine.csproj", "{8D62EAF9-9FA9-479E-84AF-9821C4394456}"
EndProject
Project("{9A19103F-16F7-4668-BE54-9A1E7A4F7556}") = "DotVVM.Framework.Tests.AspCore", "DotVVM.Framework.Tests.AspCore\DotVVM.Framework.Tests.AspCore.csproj", "{A6808458-E642-4391-9DEF-FABFD603A21A}"
EndProject
Project("{9A19103F-16F7-4668-BE54-9A1E7A4F7556}") = "DotVVM.Framework.Tools.SeleniumGenerator", "DotVVM.Framework.Tools.SeleniumGenerator\DotVVM.Framework.Tools.SeleniumGenerator.csproj", "{92E24AFC-550C-47F5-ADA6-AC78BC5E15C2}"
EndProject
Project("{9A19103F-16F7-4668-BE54-9A1E7A4F7556}") = "DotVVM.Compiler.Light", "DotVVM.Compiler.Light\DotVVM.Compiler.Light.csproj", "{08C18C97-72BA-40D5-9DD6-245AE352D6EA}"
EndProject
Project("{9A19103F-16F7-4668-BE54-9A1E7A4F7556}") = "DotVVM.Framework.Tests.Owin", "DotVVM.Framework.Tests.Owin\DotVVM.Framework.Tests.Owin.csproj", "{96A89C66-D5E2-4A09-8083-C0FE8A7A2AFE}"
EndProject
Project("{9A19103F-16F7-4668-BE54-9A1E7A4F7556}") = "DotVVM.Samples.Tests", "DotVVM.Samples.Tests\DotVVM.Samples.Tests.csproj", "{96C99BC7-A588-4F75-972D-76C23C8AD6C2}"
EndProject
Project("{9A19103F-16F7-4668-BE54-9A1E7A4F7556}") = "DotVVM.Framework.PerfTests", "DotVVM.Framework.PerfTests\DotVVM.Framework.PerfTests.csproj", "{7FEC151D-6B54-4B6B-921E-590B9E11D650}"
EndProject
Project("{9A19103F-16F7-4668-BE54-9A1E7A4F7556}") = "DotVVM.Framework.Hosting.Owin", "DotVVM.Framework.Hosting.Owin\DotVVM.Framework.Hosting.Owin.csproj", "{F578AC17-9BBF-40FB-B0EE-9059CD08865B}"
EndProject
Project("{9A19103F-16F7-4668-BE54-9A1E7A4F7556}") = "DotVVM.Framework.Testing.SeleniumHelpers", "DotVVM.Framework.Testing.SeleniumHelpers\DotVVM.Framework.Testing.SeleniumHelpers.csproj", "{0F9076E3-72DE-4D1D-83DE-5A828B71DB58}"
EndProject
Project("{9A19103F-16F7-4668-BE54-9A1E7A4F7556}") = "DotVVM.Framework.Tests.Common", "DotVVM.Framework.Tests.Common\DotVVM.Framework.Tests.Common.csproj", "{336EC89B-A12B-4519-B66A-0A0C2F6BBA41}"
EndProject
Project("{2150E333-8FDC-42A3-9474-1A3956D46DE8}") = "Tools", "Tools", "{85FD5610-F03A-4BB7-806E-5EE790042331}"
EndProject
Project("{9A19103F-16F7-4668-BE54-9A1E7A4F7556}") = "DotVVM.Samples.ApplicationInsights.AspNetCore", "DotVVM.Samples.ApplicationInsights.AspNetCore\DotVVM.Samples.ApplicationInsights.AspNetCore.csproj", "{AD27EAF9-54C0-44A4-9128-EFDC63E547FB}"
EndProject
Project("{FAE04EC0-301F-11D3-BF4B-00C04F79EFBC}") = "DotVVM.Samples.ApplicationInsights.Owin", "DotVVM.Samples.ApplicationInsights.Owin\DotVVM.Samples.ApplicationInsights.Owin.csproj", "{85617AC0-D0A5-40B8-8C81-4B13877E7837}"
EndProject
Project("{9A19103F-16F7-4668-BE54-9A1E7A4F7556}") = "DotVVM.Tracing.ApplicationInsights", "DotVVM.Tracing.ApplicationInsights\DotVVM.Tracing.ApplicationInsights.csproj", "{5367A0F4-B8FE-426A-8390-BBCE98FFC221}"
EndProject
Project("{9A19103F-16F7-4668-BE54-9A1E7A4F7556}") = "DotVVM.Tracing.MiniProfiler.AspNetCore", "DotVVM.Tracing.MiniProfiler.AspNetCore\DotVVM.Tracing.MiniProfiler.AspNetCore.csproj", "{2AC2855D-A5E5-441F-B9CE-E37AD1AF445C}"
EndProject
Project("{9A19103F-16F7-4668-BE54-9A1E7A4F7556}") = "DotVVM.Samples.MiniProfiler.AspNetCore", "DotVVM.Samples.MiniProfiler.AspNetCore\DotVVM.Samples.MiniProfiler.AspNetCore.csproj", "{DE66FE2B-1CD5-4050-9A15-3AE1E88A621F}"
EndProject
Project("{9A19103F-16F7-4668-BE54-9A1E7A4F7556}") = "DotVVM.Tracing.MiniProfiler.Owin", "DotVVM.Tracing.MiniProfiler.Owin\DotVVM.Tracing.MiniProfiler.Owin.csproj", "{4E5F1D3C-2C80-4A2D-BBE2-0877093619A3}"
EndProject
Project("{FAE04EC0-301F-11D3-BF4B-00C04F79EFBC}") = "DotVVM.Samples.MiniProfiler.Owin", "DotVVM.Samples.MiniProfiler.Owin\DotVVM.Samples.MiniProfiler.Owin.csproj", "{24B04C26-27FB-423A-813D-662B5176F836}"
EndProject
Project("{9A19103F-16F7-4668-BE54-9A1E7A4F7556}") = "DotVVM.Tracing.ApplicationInsights.AspNetCore", "DotVVM.Tracing.ApplicationInsights.AspNetCore\DotVVM.Tracing.ApplicationInsights.AspNetCore.csproj", "{4D712088-BA42-404B-9A1D-15032A2B3513}"
EndProject
Project("{9A19103F-16F7-4668-BE54-9A1E7A4F7556}") = "DotVVM.Tracing.ApplicationInsights.Owin", "DotVVM.Tracing.ApplicationInsights.Owin\DotVVM.Tracing.ApplicationInsights.Owin.csproj", "{E25432DB-B173-4ED4-96A5-E60DF440DE49}"
EndProject
Project("{9A19103F-16F7-4668-BE54-9A1E7A4F7556}") = "EmbeddedResourceControls", "EmbeddedResourceControls\EmbeddedResourceControls.csproj", "{98CCF245-78EB-48B3-8F07-4A5FA33EB100}"
EndProject
Project("{9A19103F-16F7-4668-BE54-9A1E7A4F7556}") = "DotVVM.Compiler", "DotVVM.Compiler\DotVVM.Compiler.csproj", "{8DDED351-D2FF-426C-BD12-5B5B67D04F48}"
EndProject
Project("{FAE04EC0-301F-11D3-BF4B-00C04F79EFBC}") = "DotVVM.Samples.Tests.CompletenessChecker", "DotVVM.Samples.Tests.CompletenessChecker\DotVVM.Samples.Tests.CompletenessChecker.csproj", "{0E656576-9BF6-442B-8714-775276396B6B}"
EndProject
Global
	GlobalSection(SolutionConfigurationPlatforms) = preSolution
		Debug|Any CPU = Debug|Any CPU
		Debug|x64 = Debug|x64
		Debug|x86 = Debug|x86
		Release|Any CPU = Release|Any CPU
		Release|x64 = Release|x64
		Release|x86 = Release|x86
	EndGlobalSection
	GlobalSection(ProjectConfigurationPlatforms) = postSolution
		{8BB2217D-0F2D-49D1-97BC-3654ED321F3B}.Debug|Any CPU.ActiveCfg = Debug|Any CPU
		{8BB2217D-0F2D-49D1-97BC-3654ED321F3B}.Debug|Any CPU.Build.0 = Debug|Any CPU
		{8BB2217D-0F2D-49D1-97BC-3654ED321F3B}.Debug|x64.ActiveCfg = Release|Any CPU
		{8BB2217D-0F2D-49D1-97BC-3654ED321F3B}.Debug|x64.Build.0 = Release|Any CPU
		{8BB2217D-0F2D-49D1-97BC-3654ED321F3B}.Debug|x86.ActiveCfg = Release|Any CPU
		{8BB2217D-0F2D-49D1-97BC-3654ED321F3B}.Debug|x86.Build.0 = Release|Any CPU
		{8BB2217D-0F2D-49D1-97BC-3654ED321F3B}.Release|Any CPU.ActiveCfg = Release|Any CPU
		{8BB2217D-0F2D-49D1-97BC-3654ED321F3B}.Release|Any CPU.Build.0 = Release|Any CPU
		{8BB2217D-0F2D-49D1-97BC-3654ED321F3B}.Release|x64.ActiveCfg = Release|Any CPU
		{8BB2217D-0F2D-49D1-97BC-3654ED321F3B}.Release|x64.Build.0 = Release|Any CPU
		{8BB2217D-0F2D-49D1-97BC-3654ED321F3B}.Release|x86.ActiveCfg = Release|Any CPU
		{8BB2217D-0F2D-49D1-97BC-3654ED321F3B}.Release|x86.Build.0 = Release|Any CPU
		{920E9823-69E4-4443-9DEB-C3D687F0FB94}.Debug|Any CPU.ActiveCfg = Debug|Any CPU
		{920E9823-69E4-4443-9DEB-C3D687F0FB94}.Debug|Any CPU.Build.0 = Debug|Any CPU
		{920E9823-69E4-4443-9DEB-C3D687F0FB94}.Debug|x64.ActiveCfg = Debug|Any CPU
		{920E9823-69E4-4443-9DEB-C3D687F0FB94}.Debug|x64.Build.0 = Debug|Any CPU
		{920E9823-69E4-4443-9DEB-C3D687F0FB94}.Debug|x86.ActiveCfg = Debug|Any CPU
		{920E9823-69E4-4443-9DEB-C3D687F0FB94}.Debug|x86.Build.0 = Debug|Any CPU
		{920E9823-69E4-4443-9DEB-C3D687F0FB94}.Release|Any CPU.ActiveCfg = Release|Any CPU
		{920E9823-69E4-4443-9DEB-C3D687F0FB94}.Release|Any CPU.Build.0 = Release|Any CPU
		{920E9823-69E4-4443-9DEB-C3D687F0FB94}.Release|x64.ActiveCfg = Release|Any CPU
		{920E9823-69E4-4443-9DEB-C3D687F0FB94}.Release|x64.Build.0 = Release|Any CPU
		{920E9823-69E4-4443-9DEB-C3D687F0FB94}.Release|x86.ActiveCfg = Release|Any CPU
		{920E9823-69E4-4443-9DEB-C3D687F0FB94}.Release|x86.Build.0 = Release|Any CPU
		{45FA2F43-D92B-4A9B-9B93-9AB519AD0127}.Debug|Any CPU.ActiveCfg = Debug|Any CPU
		{45FA2F43-D92B-4A9B-9B93-9AB519AD0127}.Debug|Any CPU.Build.0 = Debug|Any CPU
		{45FA2F43-D92B-4A9B-9B93-9AB519AD0127}.Debug|x64.ActiveCfg = Release|Any CPU
		{45FA2F43-D92B-4A9B-9B93-9AB519AD0127}.Debug|x64.Build.0 = Release|Any CPU
		{45FA2F43-D92B-4A9B-9B93-9AB519AD0127}.Debug|x86.ActiveCfg = Release|Any CPU
		{45FA2F43-D92B-4A9B-9B93-9AB519AD0127}.Debug|x86.Build.0 = Release|Any CPU
		{45FA2F43-D92B-4A9B-9B93-9AB519AD0127}.Release|Any CPU.ActiveCfg = Release|Any CPU
		{45FA2F43-D92B-4A9B-9B93-9AB519AD0127}.Release|Any CPU.Build.0 = Release|Any CPU
		{45FA2F43-D92B-4A9B-9B93-9AB519AD0127}.Release|x64.ActiveCfg = Release|Any CPU
		{45FA2F43-D92B-4A9B-9B93-9AB519AD0127}.Release|x64.Build.0 = Release|Any CPU
		{45FA2F43-D92B-4A9B-9B93-9AB519AD0127}.Release|x86.ActiveCfg = Release|Any CPU
		{45FA2F43-D92B-4A9B-9B93-9AB519AD0127}.Release|x86.Build.0 = Release|Any CPU
		{60CCCC83-BA9F-4DF0-A759-5E46C3D4DAB0}.Debug|Any CPU.ActiveCfg = Debug|Any CPU
		{60CCCC83-BA9F-4DF0-A759-5E46C3D4DAB0}.Debug|Any CPU.Build.0 = Debug|Any CPU
		{60CCCC83-BA9F-4DF0-A759-5E46C3D4DAB0}.Debug|x64.ActiveCfg = Debug|Any CPU
		{60CCCC83-BA9F-4DF0-A759-5E46C3D4DAB0}.Debug|x64.Build.0 = Debug|Any CPU
		{60CCCC83-BA9F-4DF0-A759-5E46C3D4DAB0}.Debug|x86.ActiveCfg = Debug|Any CPU
		{60CCCC83-BA9F-4DF0-A759-5E46C3D4DAB0}.Debug|x86.Build.0 = Debug|Any CPU
		{60CCCC83-BA9F-4DF0-A759-5E46C3D4DAB0}.Release|Any CPU.ActiveCfg = Release|Any CPU
		{60CCCC83-BA9F-4DF0-A759-5E46C3D4DAB0}.Release|Any CPU.Build.0 = Release|Any CPU
		{60CCCC83-BA9F-4DF0-A759-5E46C3D4DAB0}.Release|x64.ActiveCfg = Debug|Any CPU
		{60CCCC83-BA9F-4DF0-A759-5E46C3D4DAB0}.Release|x64.Build.0 = Debug|Any CPU
		{60CCCC83-BA9F-4DF0-A759-5E46C3D4DAB0}.Release|x86.ActiveCfg = Debug|Any CPU
		{60CCCC83-BA9F-4DF0-A759-5E46C3D4DAB0}.Release|x86.Build.0 = Debug|Any CPU
		{E8AC4B04-1064-4AFD-8CE6-2387AC7FE856}.Debug|Any CPU.ActiveCfg = Debug|Any CPU
		{E8AC4B04-1064-4AFD-8CE6-2387AC7FE856}.Debug|Any CPU.Build.0 = Debug|Any CPU
		{E8AC4B04-1064-4AFD-8CE6-2387AC7FE856}.Debug|x64.ActiveCfg = Release|Any CPU
		{E8AC4B04-1064-4AFD-8CE6-2387AC7FE856}.Debug|x64.Build.0 = Release|Any CPU
		{E8AC4B04-1064-4AFD-8CE6-2387AC7FE856}.Debug|x86.ActiveCfg = Release|Any CPU
		{E8AC4B04-1064-4AFD-8CE6-2387AC7FE856}.Debug|x86.Build.0 = Release|Any CPU
		{E8AC4B04-1064-4AFD-8CE6-2387AC7FE856}.Release|Any CPU.ActiveCfg = Release|Any CPU
		{E8AC4B04-1064-4AFD-8CE6-2387AC7FE856}.Release|Any CPU.Build.0 = Release|Any CPU
		{E8AC4B04-1064-4AFD-8CE6-2387AC7FE856}.Release|x64.ActiveCfg = Release|Any CPU
		{E8AC4B04-1064-4AFD-8CE6-2387AC7FE856}.Release|x64.Build.0 = Release|Any CPU
		{E8AC4B04-1064-4AFD-8CE6-2387AC7FE856}.Release|x86.ActiveCfg = Release|Any CPU
		{E8AC4B04-1064-4AFD-8CE6-2387AC7FE856}.Release|x86.Build.0 = Release|Any CPU
		{1C7A9914-8CDC-4075-9422-37BD0E51C076}.Debug|Any CPU.ActiveCfg = Debug|Any CPU
		{1C7A9914-8CDC-4075-9422-37BD0E51C076}.Debug|Any CPU.Build.0 = Debug|Any CPU
		{1C7A9914-8CDC-4075-9422-37BD0E51C076}.Debug|x64.ActiveCfg = Debug|Any CPU
		{1C7A9914-8CDC-4075-9422-37BD0E51C076}.Debug|x86.ActiveCfg = Debug|Any CPU
		{1C7A9914-8CDC-4075-9422-37BD0E51C076}.Release|Any CPU.ActiveCfg = Release|Any CPU
		{1C7A9914-8CDC-4075-9422-37BD0E51C076}.Release|Any CPU.Build.0 = Release|Any CPU
		{1C7A9914-8CDC-4075-9422-37BD0E51C076}.Release|x64.ActiveCfg = Release|Any CPU
		{1C7A9914-8CDC-4075-9422-37BD0E51C076}.Release|x86.ActiveCfg = Release|Any CPU
		{C5AF6A0D-5416-44D4-B14D-8FFDD1B0E99B}.Debug|Any CPU.ActiveCfg = Debug|Any CPU
		{C5AF6A0D-5416-44D4-B14D-8FFDD1B0E99B}.Debug|Any CPU.Build.0 = Debug|Any CPU
		{C5AF6A0D-5416-44D4-B14D-8FFDD1B0E99B}.Debug|x64.ActiveCfg = Debug|Any CPU
		{C5AF6A0D-5416-44D4-B14D-8FFDD1B0E99B}.Debug|x64.Build.0 = Debug|Any CPU
		{C5AF6A0D-5416-44D4-B14D-8FFDD1B0E99B}.Debug|x86.ActiveCfg = Debug|Any CPU
		{C5AF6A0D-5416-44D4-B14D-8FFDD1B0E99B}.Debug|x86.Build.0 = Debug|Any CPU
		{C5AF6A0D-5416-44D4-B14D-8FFDD1B0E99B}.Release|Any CPU.ActiveCfg = Release|Any CPU
		{C5AF6A0D-5416-44D4-B14D-8FFDD1B0E99B}.Release|Any CPU.Build.0 = Release|Any CPU
		{C5AF6A0D-5416-44D4-B14D-8FFDD1B0E99B}.Release|x64.ActiveCfg = Debug|Any CPU
		{C5AF6A0D-5416-44D4-B14D-8FFDD1B0E99B}.Release|x64.Build.0 = Debug|Any CPU
		{C5AF6A0D-5416-44D4-B14D-8FFDD1B0E99B}.Release|x86.ActiveCfg = Debug|Any CPU
		{C5AF6A0D-5416-44D4-B14D-8FFDD1B0E99B}.Release|x86.Build.0 = Debug|Any CPU
		{8D62EAF9-9FA9-479E-84AF-9821C4394456}.Debug|Any CPU.ActiveCfg = Debug|Any CPU
		{8D62EAF9-9FA9-479E-84AF-9821C4394456}.Debug|Any CPU.Build.0 = Debug|Any CPU
		{8D62EAF9-9FA9-479E-84AF-9821C4394456}.Debug|x64.ActiveCfg = Debug|Any CPU
		{8D62EAF9-9FA9-479E-84AF-9821C4394456}.Debug|x64.Build.0 = Debug|Any CPU
		{8D62EAF9-9FA9-479E-84AF-9821C4394456}.Debug|x86.ActiveCfg = Debug|Any CPU
		{8D62EAF9-9FA9-479E-84AF-9821C4394456}.Debug|x86.Build.0 = Debug|Any CPU
		{8D62EAF9-9FA9-479E-84AF-9821C4394456}.Release|Any CPU.ActiveCfg = Release|Any CPU
		{8D62EAF9-9FA9-479E-84AF-9821C4394456}.Release|Any CPU.Build.0 = Release|Any CPU
		{8D62EAF9-9FA9-479E-84AF-9821C4394456}.Release|x64.ActiveCfg = Debug|Any CPU
		{8D62EAF9-9FA9-479E-84AF-9821C4394456}.Release|x64.Build.0 = Debug|Any CPU
		{8D62EAF9-9FA9-479E-84AF-9821C4394456}.Release|x86.ActiveCfg = Debug|Any CPU
		{8D62EAF9-9FA9-479E-84AF-9821C4394456}.Release|x86.Build.0 = Debug|Any CPU
		{A6808458-E642-4391-9DEF-FABFD603A21A}.Debug|Any CPU.ActiveCfg = Debug|Any CPU
		{A6808458-E642-4391-9DEF-FABFD603A21A}.Debug|Any CPU.Build.0 = Debug|Any CPU
		{A6808458-E642-4391-9DEF-FABFD603A21A}.Debug|x64.ActiveCfg = Debug|Any CPU
		{A6808458-E642-4391-9DEF-FABFD603A21A}.Debug|x64.Build.0 = Debug|Any CPU
		{A6808458-E642-4391-9DEF-FABFD603A21A}.Debug|x86.ActiveCfg = Debug|Any CPU
		{A6808458-E642-4391-9DEF-FABFD603A21A}.Debug|x86.Build.0 = Debug|Any CPU
		{A6808458-E642-4391-9DEF-FABFD603A21A}.Release|Any CPU.ActiveCfg = Release|Any CPU
		{A6808458-E642-4391-9DEF-FABFD603A21A}.Release|Any CPU.Build.0 = Release|Any CPU
		{A6808458-E642-4391-9DEF-FABFD603A21A}.Release|x64.ActiveCfg = Debug|Any CPU
		{A6808458-E642-4391-9DEF-FABFD603A21A}.Release|x64.Build.0 = Debug|Any CPU
		{A6808458-E642-4391-9DEF-FABFD603A21A}.Release|x86.ActiveCfg = Debug|Any CPU
		{A6808458-E642-4391-9DEF-FABFD603A21A}.Release|x86.Build.0 = Debug|Any CPU
		{92E24AFC-550C-47F5-ADA6-AC78BC5E15C2}.Debug|Any CPU.ActiveCfg = Debug|Any CPU
		{92E24AFC-550C-47F5-ADA6-AC78BC5E15C2}.Debug|Any CPU.Build.0 = Debug|Any CPU
		{92E24AFC-550C-47F5-ADA6-AC78BC5E15C2}.Debug|x64.ActiveCfg = Debug|Any CPU
		{92E24AFC-550C-47F5-ADA6-AC78BC5E15C2}.Debug|x64.Build.0 = Debug|Any CPU
		{92E24AFC-550C-47F5-ADA6-AC78BC5E15C2}.Debug|x86.ActiveCfg = Debug|Any CPU
		{92E24AFC-550C-47F5-ADA6-AC78BC5E15C2}.Debug|x86.Build.0 = Debug|Any CPU
		{92E24AFC-550C-47F5-ADA6-AC78BC5E15C2}.Release|Any CPU.ActiveCfg = Release|Any CPU
		{92E24AFC-550C-47F5-ADA6-AC78BC5E15C2}.Release|Any CPU.Build.0 = Release|Any CPU
		{92E24AFC-550C-47F5-ADA6-AC78BC5E15C2}.Release|x64.ActiveCfg = Debug|Any CPU
		{92E24AFC-550C-47F5-ADA6-AC78BC5E15C2}.Release|x64.Build.0 = Debug|Any CPU
		{92E24AFC-550C-47F5-ADA6-AC78BC5E15C2}.Release|x86.ActiveCfg = Debug|Any CPU
		{92E24AFC-550C-47F5-ADA6-AC78BC5E15C2}.Release|x86.Build.0 = Debug|Any CPU
		{08C18C97-72BA-40D5-9DD6-245AE352D6EA}.Debug|Any CPU.ActiveCfg = Debug|Any CPU
		{08C18C97-72BA-40D5-9DD6-245AE352D6EA}.Debug|Any CPU.Build.0 = Debug|Any CPU
		{08C18C97-72BA-40D5-9DD6-245AE352D6EA}.Debug|x64.ActiveCfg = Debug|Any CPU
		{08C18C97-72BA-40D5-9DD6-245AE352D6EA}.Debug|x64.Build.0 = Debug|Any CPU
		{08C18C97-72BA-40D5-9DD6-245AE352D6EA}.Debug|x86.ActiveCfg = Debug|Any CPU
		{08C18C97-72BA-40D5-9DD6-245AE352D6EA}.Debug|x86.Build.0 = Debug|Any CPU
		{08C18C97-72BA-40D5-9DD6-245AE352D6EA}.Release|Any CPU.ActiveCfg = Release|Any CPU
		{08C18C97-72BA-40D5-9DD6-245AE352D6EA}.Release|Any CPU.Build.0 = Release|Any CPU
		{08C18C97-72BA-40D5-9DD6-245AE352D6EA}.Release|x64.ActiveCfg = Debug|Any CPU
		{08C18C97-72BA-40D5-9DD6-245AE352D6EA}.Release|x64.Build.0 = Debug|Any CPU
		{08C18C97-72BA-40D5-9DD6-245AE352D6EA}.Release|x86.ActiveCfg = Debug|Any CPU
		{08C18C97-72BA-40D5-9DD6-245AE352D6EA}.Release|x86.Build.0 = Debug|Any CPU
		{96A89C66-D5E2-4A09-8083-C0FE8A7A2AFE}.Debug|Any CPU.ActiveCfg = Debug|Any CPU
		{96A89C66-D5E2-4A09-8083-C0FE8A7A2AFE}.Debug|Any CPU.Build.0 = Debug|Any CPU
		{96A89C66-D5E2-4A09-8083-C0FE8A7A2AFE}.Debug|x64.ActiveCfg = Debug|Any CPU
		{96A89C66-D5E2-4A09-8083-C0FE8A7A2AFE}.Debug|x64.Build.0 = Debug|Any CPU
		{96A89C66-D5E2-4A09-8083-C0FE8A7A2AFE}.Debug|x86.ActiveCfg = Debug|Any CPU
		{96A89C66-D5E2-4A09-8083-C0FE8A7A2AFE}.Debug|x86.Build.0 = Debug|Any CPU
		{96A89C66-D5E2-4A09-8083-C0FE8A7A2AFE}.Release|Any CPU.ActiveCfg = Release|Any CPU
		{96A89C66-D5E2-4A09-8083-C0FE8A7A2AFE}.Release|Any CPU.Build.0 = Release|Any CPU
		{96A89C66-D5E2-4A09-8083-C0FE8A7A2AFE}.Release|x64.ActiveCfg = Release|Any CPU
		{96A89C66-D5E2-4A09-8083-C0FE8A7A2AFE}.Release|x64.Build.0 = Release|Any CPU
		{96A89C66-D5E2-4A09-8083-C0FE8A7A2AFE}.Release|x86.ActiveCfg = Release|Any CPU
		{96A89C66-D5E2-4A09-8083-C0FE8A7A2AFE}.Release|x86.Build.0 = Release|Any CPU
		{96C99BC7-A588-4F75-972D-76C23C8AD6C2}.Debug|Any CPU.ActiveCfg = Debug|Any CPU
		{96C99BC7-A588-4F75-972D-76C23C8AD6C2}.Debug|Any CPU.Build.0 = Debug|Any CPU
		{96C99BC7-A588-4F75-972D-76C23C8AD6C2}.Debug|x64.ActiveCfg = Debug|Any CPU
		{96C99BC7-A588-4F75-972D-76C23C8AD6C2}.Debug|x64.Build.0 = Debug|Any CPU
		{96C99BC7-A588-4F75-972D-76C23C8AD6C2}.Debug|x86.ActiveCfg = Debug|Any CPU
		{96C99BC7-A588-4F75-972D-76C23C8AD6C2}.Debug|x86.Build.0 = Debug|Any CPU
		{96C99BC7-A588-4F75-972D-76C23C8AD6C2}.Release|Any CPU.ActiveCfg = Release|Any CPU
		{96C99BC7-A588-4F75-972D-76C23C8AD6C2}.Release|Any CPU.Build.0 = Release|Any CPU
		{96C99BC7-A588-4F75-972D-76C23C8AD6C2}.Release|x64.ActiveCfg = Release|Any CPU
		{96C99BC7-A588-4F75-972D-76C23C8AD6C2}.Release|x64.Build.0 = Release|Any CPU
		{96C99BC7-A588-4F75-972D-76C23C8AD6C2}.Release|x86.ActiveCfg = Release|Any CPU
		{96C99BC7-A588-4F75-972D-76C23C8AD6C2}.Release|x86.Build.0 = Release|Any CPU
		{7FEC151D-6B54-4B6B-921E-590B9E11D650}.Debug|Any CPU.ActiveCfg = Debug|Any CPU
		{7FEC151D-6B54-4B6B-921E-590B9E11D650}.Debug|Any CPU.Build.0 = Debug|Any CPU
		{7FEC151D-6B54-4B6B-921E-590B9E11D650}.Debug|x64.ActiveCfg = Debug|Any CPU
		{7FEC151D-6B54-4B6B-921E-590B9E11D650}.Debug|x64.Build.0 = Debug|Any CPU
		{7FEC151D-6B54-4B6B-921E-590B9E11D650}.Debug|x86.ActiveCfg = Debug|Any CPU
		{7FEC151D-6B54-4B6B-921E-590B9E11D650}.Debug|x86.Build.0 = Debug|Any CPU
		{7FEC151D-6B54-4B6B-921E-590B9E11D650}.Release|Any CPU.ActiveCfg = Release|Any CPU
		{7FEC151D-6B54-4B6B-921E-590B9E11D650}.Release|Any CPU.Build.0 = Release|Any CPU
		{7FEC151D-6B54-4B6B-921E-590B9E11D650}.Release|x64.ActiveCfg = Release|Any CPU
		{7FEC151D-6B54-4B6B-921E-590B9E11D650}.Release|x64.Build.0 = Release|Any CPU
		{7FEC151D-6B54-4B6B-921E-590B9E11D650}.Release|x86.ActiveCfg = Release|Any CPU
		{7FEC151D-6B54-4B6B-921E-590B9E11D650}.Release|x86.Build.0 = Release|Any CPU
		{F578AC17-9BBF-40FB-B0EE-9059CD08865B}.Debug|Any CPU.ActiveCfg = Debug|Any CPU
		{F578AC17-9BBF-40FB-B0EE-9059CD08865B}.Debug|Any CPU.Build.0 = Debug|Any CPU
		{F578AC17-9BBF-40FB-B0EE-9059CD08865B}.Debug|x64.ActiveCfg = Debug|Any CPU
		{F578AC17-9BBF-40FB-B0EE-9059CD08865B}.Debug|x64.Build.0 = Debug|Any CPU
		{F578AC17-9BBF-40FB-B0EE-9059CD08865B}.Debug|x86.ActiveCfg = Debug|Any CPU
		{F578AC17-9BBF-40FB-B0EE-9059CD08865B}.Debug|x86.Build.0 = Debug|Any CPU
		{F578AC17-9BBF-40FB-B0EE-9059CD08865B}.Release|Any CPU.ActiveCfg = Release|Any CPU
		{F578AC17-9BBF-40FB-B0EE-9059CD08865B}.Release|Any CPU.Build.0 = Release|Any CPU
		{F578AC17-9BBF-40FB-B0EE-9059CD08865B}.Release|x64.ActiveCfg = Release|Any CPU
		{F578AC17-9BBF-40FB-B0EE-9059CD08865B}.Release|x64.Build.0 = Release|Any CPU
		{F578AC17-9BBF-40FB-B0EE-9059CD08865B}.Release|x86.ActiveCfg = Release|Any CPU
		{F578AC17-9BBF-40FB-B0EE-9059CD08865B}.Release|x86.Build.0 = Release|Any CPU
		{0F9076E3-72DE-4D1D-83DE-5A828B71DB58}.Debug|Any CPU.ActiveCfg = Debug|Any CPU
		{0F9076E3-72DE-4D1D-83DE-5A828B71DB58}.Debug|Any CPU.Build.0 = Debug|Any CPU
		{0F9076E3-72DE-4D1D-83DE-5A828B71DB58}.Debug|x64.ActiveCfg = Debug|Any CPU
		{0F9076E3-72DE-4D1D-83DE-5A828B71DB58}.Debug|x64.Build.0 = Debug|Any CPU
		{0F9076E3-72DE-4D1D-83DE-5A828B71DB58}.Debug|x86.ActiveCfg = Debug|Any CPU
		{0F9076E3-72DE-4D1D-83DE-5A828B71DB58}.Debug|x86.Build.0 = Debug|Any CPU
		{0F9076E3-72DE-4D1D-83DE-5A828B71DB58}.Release|Any CPU.ActiveCfg = Release|Any CPU
		{0F9076E3-72DE-4D1D-83DE-5A828B71DB58}.Release|Any CPU.Build.0 = Release|Any CPU
		{0F9076E3-72DE-4D1D-83DE-5A828B71DB58}.Release|x64.ActiveCfg = Release|Any CPU
		{0F9076E3-72DE-4D1D-83DE-5A828B71DB58}.Release|x64.Build.0 = Release|Any CPU
		{0F9076E3-72DE-4D1D-83DE-5A828B71DB58}.Release|x86.ActiveCfg = Release|Any CPU
		{0F9076E3-72DE-4D1D-83DE-5A828B71DB58}.Release|x86.Build.0 = Release|Any CPU
		{336EC89B-A12B-4519-B66A-0A0C2F6BBA41}.Debug|Any CPU.ActiveCfg = Debug|Any CPU
		{336EC89B-A12B-4519-B66A-0A0C2F6BBA41}.Debug|Any CPU.Build.0 = Debug|Any CPU
		{336EC89B-A12B-4519-B66A-0A0C2F6BBA41}.Debug|x64.ActiveCfg = Debug|Any CPU
		{336EC89B-A12B-4519-B66A-0A0C2F6BBA41}.Debug|x64.Build.0 = Debug|Any CPU
		{336EC89B-A12B-4519-B66A-0A0C2F6BBA41}.Debug|x86.ActiveCfg = Debug|Any CPU
		{336EC89B-A12B-4519-B66A-0A0C2F6BBA41}.Debug|x86.Build.0 = Debug|Any CPU
		{336EC89B-A12B-4519-B66A-0A0C2F6BBA41}.Release|Any CPU.ActiveCfg = Release|Any CPU
		{336EC89B-A12B-4519-B66A-0A0C2F6BBA41}.Release|Any CPU.Build.0 = Release|Any CPU
		{336EC89B-A12B-4519-B66A-0A0C2F6BBA41}.Release|x64.ActiveCfg = Release|Any CPU
		{336EC89B-A12B-4519-B66A-0A0C2F6BBA41}.Release|x64.Build.0 = Release|Any CPU
		{336EC89B-A12B-4519-B66A-0A0C2F6BBA41}.Release|x86.ActiveCfg = Release|Any CPU
		{336EC89B-A12B-4519-B66A-0A0C2F6BBA41}.Release|x86.Build.0 = Release|Any CPU
		{AD27EAF9-54C0-44A4-9128-EFDC63E547FB}.Debug|Any CPU.ActiveCfg = Debug|Any CPU
		{AD27EAF9-54C0-44A4-9128-EFDC63E547FB}.Debug|Any CPU.Build.0 = Debug|Any CPU
		{AD27EAF9-54C0-44A4-9128-EFDC63E547FB}.Debug|x64.ActiveCfg = Debug|Any CPU
		{AD27EAF9-54C0-44A4-9128-EFDC63E547FB}.Debug|x64.Build.0 = Debug|Any CPU
		{AD27EAF9-54C0-44A4-9128-EFDC63E547FB}.Debug|x86.ActiveCfg = Debug|Any CPU
		{AD27EAF9-54C0-44A4-9128-EFDC63E547FB}.Debug|x86.Build.0 = Debug|Any CPU
		{AD27EAF9-54C0-44A4-9128-EFDC63E547FB}.Release|Any CPU.ActiveCfg = Release|Any CPU
		{AD27EAF9-54C0-44A4-9128-EFDC63E547FB}.Release|Any CPU.Build.0 = Release|Any CPU
		{AD27EAF9-54C0-44A4-9128-EFDC63E547FB}.Release|x64.ActiveCfg = Release|Any CPU
		{AD27EAF9-54C0-44A4-9128-EFDC63E547FB}.Release|x64.Build.0 = Release|Any CPU
		{AD27EAF9-54C0-44A4-9128-EFDC63E547FB}.Release|x86.ActiveCfg = Release|Any CPU
		{AD27EAF9-54C0-44A4-9128-EFDC63E547FB}.Release|x86.Build.0 = Release|Any CPU
		{85617AC0-D0A5-40B8-8C81-4B13877E7837}.Debug|Any CPU.ActiveCfg = Debug|Any CPU
		{85617AC0-D0A5-40B8-8C81-4B13877E7837}.Debug|Any CPU.Build.0 = Debug|Any CPU
		{85617AC0-D0A5-40B8-8C81-4B13877E7837}.Debug|x64.ActiveCfg = Debug|Any CPU
		{85617AC0-D0A5-40B8-8C81-4B13877E7837}.Debug|x64.Build.0 = Debug|Any CPU
		{85617AC0-D0A5-40B8-8C81-4B13877E7837}.Debug|x86.ActiveCfg = Debug|Any CPU
		{85617AC0-D0A5-40B8-8C81-4B13877E7837}.Debug|x86.Build.0 = Debug|Any CPU
		{85617AC0-D0A5-40B8-8C81-4B13877E7837}.Release|Any CPU.ActiveCfg = Release|Any CPU
		{85617AC0-D0A5-40B8-8C81-4B13877E7837}.Release|Any CPU.Build.0 = Release|Any CPU
		{85617AC0-D0A5-40B8-8C81-4B13877E7837}.Release|x64.ActiveCfg = Release|Any CPU
		{85617AC0-D0A5-40B8-8C81-4B13877E7837}.Release|x64.Build.0 = Release|Any CPU
		{85617AC0-D0A5-40B8-8C81-4B13877E7837}.Release|x86.ActiveCfg = Release|Any CPU
		{85617AC0-D0A5-40B8-8C81-4B13877E7837}.Release|x86.Build.0 = Release|Any CPU
		{5367A0F4-B8FE-426A-8390-BBCE98FFC221}.Debug|Any CPU.ActiveCfg = Debug|Any CPU
		{5367A0F4-B8FE-426A-8390-BBCE98FFC221}.Debug|Any CPU.Build.0 = Debug|Any CPU
		{5367A0F4-B8FE-426A-8390-BBCE98FFC221}.Debug|x64.ActiveCfg = Debug|Any CPU
		{5367A0F4-B8FE-426A-8390-BBCE98FFC221}.Debug|x64.Build.0 = Debug|Any CPU
		{5367A0F4-B8FE-426A-8390-BBCE98FFC221}.Debug|x86.ActiveCfg = Debug|Any CPU
		{5367A0F4-B8FE-426A-8390-BBCE98FFC221}.Debug|x86.Build.0 = Debug|Any CPU
		{5367A0F4-B8FE-426A-8390-BBCE98FFC221}.Release|Any CPU.ActiveCfg = Release|Any CPU
		{5367A0F4-B8FE-426A-8390-BBCE98FFC221}.Release|Any CPU.Build.0 = Release|Any CPU
		{5367A0F4-B8FE-426A-8390-BBCE98FFC221}.Release|x64.ActiveCfg = Release|Any CPU
		{5367A0F4-B8FE-426A-8390-BBCE98FFC221}.Release|x64.Build.0 = Release|Any CPU
		{5367A0F4-B8FE-426A-8390-BBCE98FFC221}.Release|x86.ActiveCfg = Release|Any CPU
		{5367A0F4-B8FE-426A-8390-BBCE98FFC221}.Release|x86.Build.0 = Release|Any CPU
		{2AC2855D-A5E5-441F-B9CE-E37AD1AF445C}.Debug|Any CPU.ActiveCfg = Debug|Any CPU
		{2AC2855D-A5E5-441F-B9CE-E37AD1AF445C}.Debug|Any CPU.Build.0 = Debug|Any CPU
		{2AC2855D-A5E5-441F-B9CE-E37AD1AF445C}.Debug|x64.ActiveCfg = Debug|Any CPU
		{2AC2855D-A5E5-441F-B9CE-E37AD1AF445C}.Debug|x64.Build.0 = Debug|Any CPU
		{2AC2855D-A5E5-441F-B9CE-E37AD1AF445C}.Debug|x86.ActiveCfg = Debug|Any CPU
		{2AC2855D-A5E5-441F-B9CE-E37AD1AF445C}.Debug|x86.Build.0 = Debug|Any CPU
		{2AC2855D-A5E5-441F-B9CE-E37AD1AF445C}.Release|Any CPU.ActiveCfg = Release|Any CPU
		{2AC2855D-A5E5-441F-B9CE-E37AD1AF445C}.Release|Any CPU.Build.0 = Release|Any CPU
		{2AC2855D-A5E5-441F-B9CE-E37AD1AF445C}.Release|x64.ActiveCfg = Release|Any CPU
		{2AC2855D-A5E5-441F-B9CE-E37AD1AF445C}.Release|x64.Build.0 = Release|Any CPU
		{2AC2855D-A5E5-441F-B9CE-E37AD1AF445C}.Release|x86.ActiveCfg = Release|Any CPU
		{2AC2855D-A5E5-441F-B9CE-E37AD1AF445C}.Release|x86.Build.0 = Release|Any CPU
		{DE66FE2B-1CD5-4050-9A15-3AE1E88A621F}.Debug|Any CPU.ActiveCfg = Debug|Any CPU
		{DE66FE2B-1CD5-4050-9A15-3AE1E88A621F}.Debug|Any CPU.Build.0 = Debug|Any CPU
		{DE66FE2B-1CD5-4050-9A15-3AE1E88A621F}.Debug|x64.ActiveCfg = Debug|Any CPU
		{DE66FE2B-1CD5-4050-9A15-3AE1E88A621F}.Debug|x64.Build.0 = Debug|Any CPU
		{DE66FE2B-1CD5-4050-9A15-3AE1E88A621F}.Debug|x86.ActiveCfg = Debug|Any CPU
		{DE66FE2B-1CD5-4050-9A15-3AE1E88A621F}.Debug|x86.Build.0 = Debug|Any CPU
		{DE66FE2B-1CD5-4050-9A15-3AE1E88A621F}.Release|Any CPU.ActiveCfg = Release|Any CPU
		{DE66FE2B-1CD5-4050-9A15-3AE1E88A621F}.Release|Any CPU.Build.0 = Release|Any CPU
		{DE66FE2B-1CD5-4050-9A15-3AE1E88A621F}.Release|x64.ActiveCfg = Release|Any CPU
		{DE66FE2B-1CD5-4050-9A15-3AE1E88A621F}.Release|x64.Build.0 = Release|Any CPU
		{DE66FE2B-1CD5-4050-9A15-3AE1E88A621F}.Release|x86.ActiveCfg = Release|Any CPU
		{DE66FE2B-1CD5-4050-9A15-3AE1E88A621F}.Release|x86.Build.0 = Release|Any CPU
		{4E5F1D3C-2C80-4A2D-BBE2-0877093619A3}.Debug|Any CPU.ActiveCfg = Debug|Any CPU
		{4E5F1D3C-2C80-4A2D-BBE2-0877093619A3}.Debug|Any CPU.Build.0 = Debug|Any CPU
		{4E5F1D3C-2C80-4A2D-BBE2-0877093619A3}.Debug|x64.ActiveCfg = Debug|Any CPU
		{4E5F1D3C-2C80-4A2D-BBE2-0877093619A3}.Debug|x64.Build.0 = Debug|Any CPU
		{4E5F1D3C-2C80-4A2D-BBE2-0877093619A3}.Debug|x86.ActiveCfg = Debug|Any CPU
		{4E5F1D3C-2C80-4A2D-BBE2-0877093619A3}.Debug|x86.Build.0 = Debug|Any CPU
		{4E5F1D3C-2C80-4A2D-BBE2-0877093619A3}.Release|Any CPU.ActiveCfg = Release|Any CPU
		{4E5F1D3C-2C80-4A2D-BBE2-0877093619A3}.Release|Any CPU.Build.0 = Release|Any CPU
		{4E5F1D3C-2C80-4A2D-BBE2-0877093619A3}.Release|x64.ActiveCfg = Release|Any CPU
		{4E5F1D3C-2C80-4A2D-BBE2-0877093619A3}.Release|x64.Build.0 = Release|Any CPU
		{4E5F1D3C-2C80-4A2D-BBE2-0877093619A3}.Release|x86.ActiveCfg = Release|Any CPU
		{4E5F1D3C-2C80-4A2D-BBE2-0877093619A3}.Release|x86.Build.0 = Release|Any CPU
		{24B04C26-27FB-423A-813D-662B5176F836}.Debug|Any CPU.ActiveCfg = Debug|Any CPU
		{24B04C26-27FB-423A-813D-662B5176F836}.Debug|Any CPU.Build.0 = Debug|Any CPU
		{24B04C26-27FB-423A-813D-662B5176F836}.Debug|x64.ActiveCfg = Debug|Any CPU
		{24B04C26-27FB-423A-813D-662B5176F836}.Debug|x64.Build.0 = Debug|Any CPU
		{24B04C26-27FB-423A-813D-662B5176F836}.Debug|x86.ActiveCfg = Debug|Any CPU
		{24B04C26-27FB-423A-813D-662B5176F836}.Debug|x86.Build.0 = Debug|Any CPU
		{24B04C26-27FB-423A-813D-662B5176F836}.Release|Any CPU.ActiveCfg = Release|Any CPU
		{24B04C26-27FB-423A-813D-662B5176F836}.Release|Any CPU.Build.0 = Release|Any CPU
		{24B04C26-27FB-423A-813D-662B5176F836}.Release|x64.ActiveCfg = Release|Any CPU
		{24B04C26-27FB-423A-813D-662B5176F836}.Release|x64.Build.0 = Release|Any CPU
		{24B04C26-27FB-423A-813D-662B5176F836}.Release|x86.ActiveCfg = Release|Any CPU
		{24B04C26-27FB-423A-813D-662B5176F836}.Release|x86.Build.0 = Release|Any CPU
		{4D712088-BA42-404B-9A1D-15032A2B3513}.Debug|Any CPU.ActiveCfg = Debug|Any CPU
		{4D712088-BA42-404B-9A1D-15032A2B3513}.Debug|Any CPU.Build.0 = Debug|Any CPU
		{4D712088-BA42-404B-9A1D-15032A2B3513}.Debug|x64.ActiveCfg = Debug|Any CPU
		{4D712088-BA42-404B-9A1D-15032A2B3513}.Debug|x64.Build.0 = Debug|Any CPU
		{4D712088-BA42-404B-9A1D-15032A2B3513}.Debug|x86.ActiveCfg = Debug|Any CPU
		{4D712088-BA42-404B-9A1D-15032A2B3513}.Debug|x86.Build.0 = Debug|Any CPU
		{4D712088-BA42-404B-9A1D-15032A2B3513}.Release|Any CPU.ActiveCfg = Release|Any CPU
		{4D712088-BA42-404B-9A1D-15032A2B3513}.Release|Any CPU.Build.0 = Release|Any CPU
		{4D712088-BA42-404B-9A1D-15032A2B3513}.Release|x64.ActiveCfg = Release|Any CPU
		{4D712088-BA42-404B-9A1D-15032A2B3513}.Release|x64.Build.0 = Release|Any CPU
		{4D712088-BA42-404B-9A1D-15032A2B3513}.Release|x86.ActiveCfg = Release|Any CPU
		{4D712088-BA42-404B-9A1D-15032A2B3513}.Release|x86.Build.0 = Release|Any CPU
		{E25432DB-B173-4ED4-96A5-E60DF440DE49}.Debug|Any CPU.ActiveCfg = Debug|Any CPU
		{E25432DB-B173-4ED4-96A5-E60DF440DE49}.Debug|Any CPU.Build.0 = Debug|Any CPU
		{E25432DB-B173-4ED4-96A5-E60DF440DE49}.Debug|x64.ActiveCfg = Debug|Any CPU
		{E25432DB-B173-4ED4-96A5-E60DF440DE49}.Debug|x64.Build.0 = Debug|Any CPU
		{E25432DB-B173-4ED4-96A5-E60DF440DE49}.Debug|x86.ActiveCfg = Debug|Any CPU
		{E25432DB-B173-4ED4-96A5-E60DF440DE49}.Debug|x86.Build.0 = Debug|Any CPU
		{E25432DB-B173-4ED4-96A5-E60DF440DE49}.Release|Any CPU.ActiveCfg = Release|Any CPU
		{E25432DB-B173-4ED4-96A5-E60DF440DE49}.Release|Any CPU.Build.0 = Release|Any CPU
		{E25432DB-B173-4ED4-96A5-E60DF440DE49}.Release|x64.ActiveCfg = Release|Any CPU
		{E25432DB-B173-4ED4-96A5-E60DF440DE49}.Release|x64.Build.0 = Release|Any CPU
		{E25432DB-B173-4ED4-96A5-E60DF440DE49}.Release|x86.ActiveCfg = Release|Any CPU
		{E25432DB-B173-4ED4-96A5-E60DF440DE49}.Release|x86.Build.0 = Release|Any CPU
		{98CCF245-78EB-48B3-8F07-4A5FA33EB100}.Debug|Any CPU.ActiveCfg = Debug|Any CPU
		{98CCF245-78EB-48B3-8F07-4A5FA33EB100}.Debug|Any CPU.Build.0 = Debug|Any CPU
		{98CCF245-78EB-48B3-8F07-4A5FA33EB100}.Debug|x64.ActiveCfg = Debug|Any CPU
		{98CCF245-78EB-48B3-8F07-4A5FA33EB100}.Debug|x64.Build.0 = Debug|Any CPU
		{98CCF245-78EB-48B3-8F07-4A5FA33EB100}.Debug|x86.ActiveCfg = Debug|Any CPU
		{98CCF245-78EB-48B3-8F07-4A5FA33EB100}.Debug|x86.Build.0 = Debug|Any CPU
		{98CCF245-78EB-48B3-8F07-4A5FA33EB100}.Release|Any CPU.ActiveCfg = Release|Any CPU
		{98CCF245-78EB-48B3-8F07-4A5FA33EB100}.Release|Any CPU.Build.0 = Release|Any CPU
		{98CCF245-78EB-48B3-8F07-4A5FA33EB100}.Release|x64.ActiveCfg = Release|Any CPU
		{98CCF245-78EB-48B3-8F07-4A5FA33EB100}.Release|x64.Build.0 = Release|Any CPU
		{98CCF245-78EB-48B3-8F07-4A5FA33EB100}.Release|x86.ActiveCfg = Release|Any CPU
		{98CCF245-78EB-48B3-8F07-4A5FA33EB100}.Release|x86.Build.0 = Release|Any CPU
		{8DDED351-D2FF-426C-BD12-5B5B67D04F48}.Debug|Any CPU.ActiveCfg = Debug|Any CPU
		{8DDED351-D2FF-426C-BD12-5B5B67D04F48}.Debug|Any CPU.Build.0 = Debug|Any CPU
		{8DDED351-D2FF-426C-BD12-5B5B67D04F48}.Debug|x64.ActiveCfg = Debug|Any CPU
		{8DDED351-D2FF-426C-BD12-5B5B67D04F48}.Debug|x64.Build.0 = Debug|Any CPU
		{8DDED351-D2FF-426C-BD12-5B5B67D04F48}.Debug|x86.ActiveCfg = Debug|Any CPU
		{8DDED351-D2FF-426C-BD12-5B5B67D04F48}.Debug|x86.Build.0 = Debug|Any CPU
		{8DDED351-D2FF-426C-BD12-5B5B67D04F48}.Release|Any CPU.ActiveCfg = Release|Any CPU
		{8DDED351-D2FF-426C-BD12-5B5B67D04F48}.Release|Any CPU.Build.0 = Release|Any CPU
		{8DDED351-D2FF-426C-BD12-5B5B67D04F48}.Release|x64.ActiveCfg = Release|Any CPU
		{8DDED351-D2FF-426C-BD12-5B5B67D04F48}.Release|x64.Build.0 = Release|Any CPU
		{8DDED351-D2FF-426C-BD12-5B5B67D04F48}.Release|x86.ActiveCfg = Release|Any CPU
		{8DDED351-D2FF-426C-BD12-5B5B67D04F48}.Release|x86.Build.0 = Release|Any CPU
		{0E656576-9BF6-442B-8714-775276396B6B}.Debug|Any CPU.ActiveCfg = Debug|Any CPU
		{0E656576-9BF6-442B-8714-775276396B6B}.Debug|Any CPU.Build.0 = Debug|Any CPU
		{0E656576-9BF6-442B-8714-775276396B6B}.Debug|x64.ActiveCfg = Debug|Any CPU
		{0E656576-9BF6-442B-8714-775276396B6B}.Debug|x64.Build.0 = Debug|Any CPU
		{0E656576-9BF6-442B-8714-775276396B6B}.Debug|x86.ActiveCfg = Debug|Any CPU
		{0E656576-9BF6-442B-8714-775276396B6B}.Debug|x86.Build.0 = Debug|Any CPU
		{0E656576-9BF6-442B-8714-775276396B6B}.Release|Any CPU.ActiveCfg = Release|Any CPU
		{0E656576-9BF6-442B-8714-775276396B6B}.Release|Any CPU.Build.0 = Release|Any CPU
		{0E656576-9BF6-442B-8714-775276396B6B}.Release|x64.ActiveCfg = Release|Any CPU
		{0E656576-9BF6-442B-8714-775276396B6B}.Release|x64.Build.0 = Release|Any CPU
		{0E656576-9BF6-442B-8714-775276396B6B}.Release|x86.ActiveCfg = Release|Any CPU
		{0E656576-9BF6-442B-8714-775276396B6B}.Release|x86.Build.0 = Release|Any CPU
	EndGlobalSection
	GlobalSection(SolutionProperties) = preSolution
		HideSolutionNode = FALSE
	EndGlobalSection
	GlobalSection(NestedProjects) = preSolution
		{920E9823-69E4-4443-9DEB-C3D687F0FB94} = {B760209E-57D7-4AEF-A726-69F73BBE52C0}
		{60CCCC83-BA9F-4DF0-A759-5E46C3D4DAB0} = {13011738-A4B3-47B0-9E50-C0323EB19F76}
		{E8AC4B04-1064-4AFD-8CE6-2387AC7FE856} = {13011738-A4B3-47B0-9E50-C0323EB19F76}
		{1C7A9914-8CDC-4075-9422-37BD0E51C076} = {13011738-A4B3-47B0-9E50-C0323EB19F76}
		{8D62EAF9-9FA9-479E-84AF-9821C4394456} = {85FD5610-F03A-4BB7-806E-5EE790042331}
		{A6808458-E642-4391-9DEF-FABFD603A21A} = {B760209E-57D7-4AEF-A726-69F73BBE52C0}
		{92E24AFC-550C-47F5-ADA6-AC78BC5E15C2} = {469DD245-D8BF-4927-92C2-827FDDC3B138}
		{96A89C66-D5E2-4A09-8083-C0FE8A7A2AFE} = {B760209E-57D7-4AEF-A726-69F73BBE52C0}
		{96C99BC7-A588-4F75-972D-76C23C8AD6C2} = {B760209E-57D7-4AEF-A726-69F73BBE52C0}
		{7FEC151D-6B54-4B6B-921E-590B9E11D650} = {B760209E-57D7-4AEF-A726-69F73BBE52C0}
		{0F9076E3-72DE-4D1D-83DE-5A828B71DB58} = {469DD245-D8BF-4927-92C2-827FDDC3B138}
		{336EC89B-A12B-4519-B66A-0A0C2F6BBA41} = {B760209E-57D7-4AEF-A726-69F73BBE52C0}
		{AD27EAF9-54C0-44A4-9128-EFDC63E547FB} = {13011738-A4B3-47B0-9E50-C0323EB19F76}
		{85617AC0-D0A5-40B8-8C81-4B13877E7837} = {13011738-A4B3-47B0-9E50-C0323EB19F76}
		{DE66FE2B-1CD5-4050-9A15-3AE1E88A621F} = {13011738-A4B3-47B0-9E50-C0323EB19F76}
		{24B04C26-27FB-423A-813D-662B5176F836} = {13011738-A4B3-47B0-9E50-C0323EB19F76}
		{98CCF245-78EB-48B3-8F07-4A5FA33EB100} = {13011738-A4B3-47B0-9E50-C0323EB19F76}
		{0E656576-9BF6-442B-8714-775276396B6B} = {B760209E-57D7-4AEF-A726-69F73BBE52C0}
	EndGlobalSection
	GlobalSection(ExtensibilityGlobals) = postSolution
		SolutionGuid = {BD6D794B-1553-4534-83EA-14041C0F7F34}
	EndGlobalSection
EndGlobal
