{
  "name": "dotvvm-jscomponent-react",
  "version": "4.1.0-experimental-0006",
  "lockfileVersion": 3,
  "requires": true,
  "packages": {
    "": {
      "name": "dotvvm-jscomponent-react",
      "version": "4.1.0-experimental-0006",
      "license": "Apache-2.0",
      "dependencies": {
        "dotvvm-types": "^5.0.0-preview03-final"
      },
      "devDependencies": {
        "@types/knockout": "^3.4.71",
        "@types/react": "^17.0.25",
        "@types/react-dom": "^17.0.9",
        "typescript": "^4.9.3"
      },
      "peerDependencies": {
        "react": ">=16",
        "react-dom": ">=16"
      }
    },
    "node_modules/@types/knockout": {
      "version": "3.4.79",
      "license": "MIT"
    },
    "node_modules/@types/prop-types": {
      "version": "15.7.15",
      "dev": true,
      "license": "MIT"
    },
    "node_modules/@types/react": {
      "version": "17.0.93",
      "dev": true,
      "license": "MIT",
      "dependencies": {
        "@types/prop-types": "*",
        "@types/scheduler": "^0.16",
        "csstype": "^3.2.2"
      }
    },
    "node_modules/@types/react-dom": {
      "version": "17.0.26",
      "dev": true,
      "license": "MIT",
      "peerDependencies": {
        "@types/react": "^17.0.0"
      }
    },
    "node_modules/@types/scheduler": {
      "version": "0.16.8",
      "dev": true,
      "license": "MIT"
    },
    "node_modules/csstype": {
      "version": "3.2.3",
      "dev": true,
      "license": "MIT"
    },
    "node_modules/dotvvm-types": {
      "version": "5.0.0-preview10-final",
      "license": "Apache-2.0",
      "dependencies": {
        "@types/knockout": "^3.4.69"
      }
    },
    "node_modules/react": {
      "version": "19.2.8",
      "license": "MIT",
      "peer": true,
      "engines": {
        "node": ">=0.10.0"
      }
    },
    "node_modules/react-dom": {
      "version": "19.2.8",
      "license": "MIT",
      "peer": true,
      "dependencies": {
        "scheduler": "^0.27.0"
      },
      "peerDependencies": {
        "react": "^19.2.8"
      }
    },
    "node_modules/scheduler": {
      "version": "0.27.0",
      "license": "MIT",
      "peer": true
    },
    "node_modules/typescript": {
      "version": "4.9.5",
      "dev": true,
      "license": "Apache-2.0",
      "bin": {
        "tsc": "bin/tsc",
        "tsserver": "bin/tsserver"
      },
      "engines": {
        "node": ">=4.2.0"
      }
    }
  }
}
